
Microsoft Visual Studio Solution File, Format Version 11.00
# Visual Studio 10
Project("{FAE04EC0-301F-11D3-BF4B-00C04F79EFBC}") = "ConstraintLibrary", "ConstraintLibrary\ConstraintLibrary.csproj", "{5FE4EBB2-8F78-415C-9ED4-E748DB4A9726}"
EndProject
Global
	GlobalSection(SolutionConfigurationPlatforms) = preSolution
		Debug|Any CPU = Debug|Any CPU
		Release|Any CPU = Release|Any CPU
	EndGlobalSection
	GlobalSection(ProjectConfigurationPlatforms) = postSolution
		{5FE4EBB2-8F78-415C-9ED4-E748DB4A9726}.Debug|Any CPU.ActiveCfg = Debug|Any CPU
		{5FE4EBB2-8F78-415C-9ED4-E748DB4A9726}.Debug|Any CPU.Build.0 = Debug|Any CPU
		{5FE4EBB2-8F78-415C-9ED4-E748DB4A9726}.Release|Any CPU.ActiveCfg = Release|Any CPU
		{5FE4EBB2-8F78-415C-9ED4-E748DB4A9726}.Release|Any CPU.Build.0 = Release|Any CPU
	EndGlobalSection
	GlobalSection(SolutionProperties) = preSolution
		HideSolutionNode = FALSE
	EndGlobalSection
EndGlobal
