Microsoft Visual Studio Solution File, Format Version 9.00
Project("{FAE04EC0-301F-11D3-BF4B-00C04F79EFBC}") = "ReaderWriterSynchronizationCS", "ReaderWriterSynchronization\ReaderWriterSynchronizationCS.csproj", "{68CC60F9-5F6C-4819-BD32-BCA206070FA6}"
EndProject
Project("{2150E333-8FDC-42A3-9474-1A3956D46DE8}") = "Solution Items", "Solution Items", "{1C908911-759E-4593-989C-E819E527922D}"
	ProjectSection(SolutionItems) = postProject
		..\Readme.htm = ..\Readme.htm
	EndProjectSection
EndProject
Global
	GlobalSection(SolutionConfigurationPlatforms) = preSolution
		Debug|.NET = Debug|.NET
		Release|.NET = Release|.NET
	EndGlobalSection
	GlobalSection(ProjectConfigurationPlatforms) = postSolution
		{68CC60F9-5F6C-4819-BD32-BCA206070FA6}.Debug|.NET.ActiveCfg = Debug|.NET
		{68CC60F9-5F6C-4819-BD32-BCA206070FA6}.Debug|.NET.Build.0 = Debug|.NET
		{68CC60F9-5F6C-4819-BD32-BCA206070FA6}.Release|.NET.ActiveCfg = Release|.NET
		{68CC60F9-5F6C-4819-BD32-BCA206070FA6}.Release|.NET.Build.0 = Release|.NET
	EndGlobalSection
	GlobalSection(SolutionProperties) = preSolution
		HideSolutionNode = FALSE
	EndGlobalSection
EndGlobal
