
Microsoft Visual Studio Solution File, Format Version 9.00
# Visual Studio 2005
Project("{E6FDF86B-F3D1-11D4-8576-0002A516ECE8}") = "TestV1Part1", "TestV1Part1\TestV1Part1.vjsproj", "{DB60D999-9AA8-4E65-9E0E-11A77972F21D}"
EndProject
Project("{E6FDF86B-F3D1-11D4-8576-0002A516ECE8}") = "Person", "Person\Person.vjsproj", "{6AD39F52-46C3-4664-93BF-2838A2A151F6}"
EndProject
Project("{E6FDF86B-F3D1-11D4-8576-0002A516ECE8}") = "TestV1Part2", "TestV1Part2\TestV1Part2.vjsproj", "{41825006-CAA5-4052-9C07-8F7BD1D91F80}"
EndProject
Global
	GlobalSection(SolutionConfigurationPlatforms) = preSolution
		Debug|Any CPU = Debug|Any CPU
		Release|Any CPU = Release|Any CPU
	EndGlobalSection
	GlobalSection(ProjectConfigurationPlatforms) = postSolution
		{DB60D999-9AA8-4E65-9E0E-11A77972F21D}.Debug|Any CPU.ActiveCfg = Debug|Any CPU
		{DB60D999-9AA8-4E65-9E0E-11A77972F21D}.Debug|Any CPU.Build.0 = Debug|Any CPU
		{DB60D999-9AA8-4E65-9E0E-11A77972F21D}.Release|Any CPU.ActiveCfg = Release|Any CPU
		{DB60D999-9AA8-4E65-9E0E-11A77972F21D}.Release|Any CPU.Build.0 = Release|Any CPU
		{6AD39F52-46C3-4664-93BF-2838A2A151F6}.Debug|Any CPU.ActiveCfg = Debug|Any CPU
		{6AD39F52-46C3-4664-93BF-2838A2A151F6}.Debug|Any CPU.Build.0 = Debug|Any CPU
		{6AD39F52-46C3-4664-93BF-2838A2A151F6}.Release|Any CPU.ActiveCfg = Release|Any CPU
		{6AD39F52-46C3-4664-93BF-2838A2A151F6}.Release|Any CPU.Build.0 = Release|Any CPU
		{41825006-CAA5-4052-9C07-8F7BD1D91F80}.Debug|Any CPU.ActiveCfg = Debug|Any CPU
		{41825006-CAA5-4052-9C07-8F7BD1D91F80}.Debug|Any CPU.Build.0 = Debug|Any CPU
		{41825006-CAA5-4052-9C07-8F7BD1D91F80}.Release|Any CPU.ActiveCfg = Release|Any CPU
		{41825006-CAA5-4052-9C07-8F7BD1D91F80}.Release|Any CPU.Build.0 = Release|Any CPU
	EndGlobalSection
	GlobalSection(SolutionProperties) = preSolution
		HideSolutionNode = FALSE
	EndGlobalSection
EndGlobal
