
Microsoft Visual Studio Solution File, Format Version 10.00
# Visual Studio 2008
Project("{FAE04EC0-301F-11D3-BF4B-00C04F79EFBC}") = "service", "service\service.csproj", "{D067DEE6-D9F3-4169-981E-02732E8ABA72}"
EndProject
Project("{FAE04EC0-301F-11D3-BF4B-00C04F79EFBC}") = "JsonContentTypeMapper", "JsonContentTypeMapper\JsonContentTypeMapper.csproj", "{9E4A10D0-9C83-40B1-8190-5E0B21B7C82A}"
EndProject
Global
	GlobalSection(SolutionConfigurationPlatforms) = preSolution
		Debug|Any CPU = Debug|Any CPU
		Release|Any CPU = Release|Any CPU
	EndGlobalSection
	GlobalSection(ProjectConfigurationPlatforms) = postSolution
		{D067DEE6-D9F3-4169-981E-02732E8ABA72}.Debug|Any CPU.ActiveCfg = Debug|Any CPU
		{D067DEE6-D9F3-4169-981E-02732E8ABA72}.Debug|Any CPU.Build.0 = Debug|Any CPU
		{D067DEE6-D9F3-4169-981E-02732E8ABA72}.Release|Any CPU.ActiveCfg = Release|Any CPU
		{D067DEE6-D9F3-4169-981E-02732E8ABA72}.Release|Any CPU.Build.0 = Release|Any CPU
		{9E4A10D0-9C83-40B1-8190-5E0B21B7C82A}.Debug|Any CPU.ActiveCfg = Debug|Any CPU
		{9E4A10D0-9C83-40B1-8190-5E0B21B7C82A}.Debug|Any CPU.Build.0 = Debug|Any CPU
		{9E4A10D0-9C83-40B1-8190-5E0B21B7C82A}.Release|Any CPU.ActiveCfg = Release|Any CPU
		{9E4A10D0-9C83-40B1-8190-5E0B21B7C82A}.Release|Any CPU.Build.0 = Release|Any CPU
	EndGlobalSection
	GlobalSection(SolutionProperties) = preSolution
		HideSolutionNode = FALSE
	EndGlobalSection
EndGlobal
