
Microsoft Visual Studio Solution File, Format Version 9.00
# Visual Studio 2005
Project("{F184B08F-C81C-45F6-A57F-5ABD9991F28F}") = "CustomActivity", "CustomActivity\CustomActivity.vbproj", "{88951B01-6345-4658-A262-5BBD688069FC}"
EndProject
Project("{F184B08F-C81C-45F6-A57F-5ABD9991F28F}") = "BasicActivityDesigner", "BasicActivityDesigner\BasicActivityDesigner.vbproj", "{420D5C94-0D06-42A3-9758-C8269A78F763}"
EndProject
Global
	GlobalSection(SolutionConfigurationPlatforms) = preSolution
		Debug|Any CPU = Debug|Any CPU
		Release|Any CPU = Release|Any CPU
	EndGlobalSection
	GlobalSection(ProjectConfigurationPlatforms) = postSolution
		{88951B01-6345-4658-A262-5BBD688069FC}.Debug|Any CPU.ActiveCfg = Debug|Any CPU
		{88951B01-6345-4658-A262-5BBD688069FC}.Debug|Any CPU.Build.0 = Debug|Any CPU
		{88951B01-6345-4658-A262-5BBD688069FC}.Release|Any CPU.ActiveCfg = Release|Any CPU
		{88951B01-6345-4658-A262-5BBD688069FC}.Release|Any CPU.Build.0 = Release|Any CPU
		{420D5C94-0D06-42A3-9758-C8269A78F763}.Debug|Any CPU.ActiveCfg = Debug|Any CPU
		{420D5C94-0D06-42A3-9758-C8269A78F763}.Debug|Any CPU.Build.0 = Debug|Any CPU
		{420D5C94-0D06-42A3-9758-C8269A78F763}.Release|Any CPU.ActiveCfg = Release|Any CPU
		{420D5C94-0D06-42A3-9758-C8269A78F763}.Release|Any CPU.Build.0 = Release|Any CPU
	EndGlobalSection
	GlobalSection(SolutionProperties) = preSolution
		HideSolutionNode = FALSE
	EndGlobalSection
EndGlobal
