
Microsoft Visual Studio Solution File, Format Version 11.00
# Visual Studio 10
Project("{FAE04EC0-301F-11D3-BF4B-00C04F79EFBC}") = "RangeEnumeration", "RangeEnumeration\RangeEnumeration.csproj", "{AD900F11-3703-4A63-AEDC-F901827B3E40}"
EndProject
Global
	GlobalSection(SolutionConfigurationPlatforms) = preSolution
		Debug|Any CPU = Debug|Any CPU
		Release|Any CPU = Release|Any CPU
	EndGlobalSection
	GlobalSection(ProjectConfigurationPlatforms) = postSolution
		{AD900F11-3703-4A63-AEDC-F901827B3E40}.Debug|Any CPU.ActiveCfg = Debug|Any CPU
		{AD900F11-3703-4A63-AEDC-F901827B3E40}.Debug|Any CPU.Build.0 = Debug|Any CPU
		{AD900F11-3703-4A63-AEDC-F901827B3E40}.Release|Any CPU.ActiveCfg = Release|Any CPU
		{AD900F11-3703-4A63-AEDC-F901827B3E40}.Release|Any CPU.Build.0 = Release|Any CPU
	EndGlobalSection
	GlobalSection(SolutionProperties) = preSolution
		HideSolutionNode = FALSE
	EndGlobalSection
EndGlobal
