
Microsoft Visual Studio Solution File, Format Version 11.00
# Visual Studio 2010
Project("{FAE04EC0-301F-11D3-BF4B-00C04F79EFBC}") = "TransactedQueues", "TransactedQueues\TransactedQueues.csproj", "{9CB5580B-467D-4038-B8F7-78F092079064}"
EndProject
Global
	GlobalSection(SolutionConfigurationPlatforms) = preSolution
		Debug|Any CPU = Debug|Any CPU
		Release|Any CPU = Release|Any CPU
	EndGlobalSection
	GlobalSection(ProjectConfigurationPlatforms) = postSolution
		{9CB5580B-467D-4038-B8F7-78F092079064}.Debug|Any CPU.ActiveCfg = Debug|Any CPU
		{9CB5580B-467D-4038-B8F7-78F092079064}.Debug|Any CPU.Build.0 = Debug|Any CPU
		{9CB5580B-467D-4038-B8F7-78F092079064}.Release|Any CPU.ActiveCfg = Release|Any CPU
		{9CB5580B-467D-4038-B8F7-78F092079064}.Release|Any CPU.Build.0 = Release|Any CPU
	EndGlobalSection
	GlobalSection(SolutionProperties) = preSolution
		HideSolutionNode = FALSE
	EndGlobalSection
EndGlobal
