Microsoft Visual Studio Solution File, Format Version 9.00
Project("{F184B08F-C81C-45F6-A57F-5ABD9991F28F}") = "Printf", "Printf\Printf.vbproj", "{5720E64C-75F4-4844-AB06-3CDC59241D76}"
EndProject
Global
	GlobalSection(SolutionConfigurationPlatforms) = preSolution
		Debug|.NET = Debug|.NET
		Release|.NET = Release|.NET
	EndGlobalSection
	GlobalSection(ProjectConfigurationPlatforms) = postSolution
		{5720E64C-75F4-4844-AB06-3CDC59241D76}.Debug|.NET.ActiveCfg = Debug|.NET
		{5720E64C-75F4-4844-AB06-3CDC59241D76}.Debug|.NET.Build.0 = Debug|.NET
		{5720E64C-75F4-4844-AB06-3CDC59241D76}.Release|.NET.ActiveCfg = Release|.NET
		{5720E64C-75F4-4844-AB06-3CDC59241D76}.Release|.NET.Build.0 = Release|.NET
	EndGlobalSection
	GlobalSection(SolutionProperties) = preSolution
		HideSolutionNode = FALSE
	EndGlobalSection
EndGlobal
