
Microsoft Visual Studio Solution File, Format Version 12.00
# Visual Studio 12
Project("{FAE04EC0-301F-11D3-BF4B-00C04F79EFBC}") = "Debugging", "Debugging.csproj", "{139b06f8-6f2a-4d0d-9195-fb59e9b254bb}"
EndProject
Global
	GlobalSection(TextTemplating) = postSolution
		TextTemplating = 1
	EndGlobalSection
	GlobalSection(SolutionConfigurationPlatforms) = preSolution
		Debug|Any CPU = Debug|Any CPU
		Release|Any CPU = Release|Any CPU
	EndGlobalSection
	GlobalSection(ProjectConfigurationPlatforms) = postSolution
		{139b06f8-6f2a-4d0d-9195-fb59e9b254bb}.Debug|Any CPU.ActiveCfg = Debug|Any CPU
		{139b06f8-6f2a-4d0d-9195-fb59e9b254bb}.Debug|Any CPU.Build.0 = Debug|Any CPU
		{139b06f8-6f2a-4d0d-9195-fb59e9b254bb}.Release|Any CPU.ActiveCfg = Release|Any CPU
		{139b06f8-6f2a-4d0d-9195-fb59e9b254bb}.Release|Any CPU.Build.0 = Release|Any CPU
	EndGlobalSection
	GlobalSection(SolutionProperties) = preSolution
		HideSolutionNode = FALSE
	EndGlobalSection
EndGlobal
