
Microsoft Visual Studio Solution File, Format Version 9.00
# Visual Studio 2005
Project("{FAE04EC0-301F-11D3-BF4B-00C04F79EFBC}") = "OnDemand", "OnDemand\OnDemand.csproj", "{05F81713-0A2E-4A53-8FCE-B66EA2F3DDD5}"
EndProject
Project("{FAE04EC0-301F-11D3-BF4B-00C04F79EFBC}") = "CustomerLibrary", "CustomerLibrary\CustomerLibrary.csproj", "{4D4A4B82-F34E-4FAE-85AB-A5BFB7C85B43}"
EndProject
Project("{FAE04EC0-301F-11D3-BF4B-00C04F79EFBC}") = "OrderLibrary", "OrderLibrary\OrderLibrary.csproj", "{28249371-6EF8-4FD2-A764-EFBBF72BB81E}"
EndProject
Project("{FAE04EC0-301F-11D3-BF4B-00C04F79EFBC}") = "OrderListControl", "OrderListControl\OrderListControl.csproj", "{5EF79C7A-25CA-495F-BDE1-F8C46A47DBEB}"
EndProject
Global
	GlobalSection(SolutionConfigurationPlatforms) = preSolution
		Debug|Any CPU = Debug|Any CPU
		Release|Any CPU = Release|Any CPU
	EndGlobalSection
	GlobalSection(ProjectConfigurationPlatforms) = postSolution
		{05F81713-0A2E-4A53-8FCE-B66EA2F3DDD5}.Debug|Any CPU.ActiveCfg = Debug|Any CPU
		{05F81713-0A2E-4A53-8FCE-B66EA2F3DDD5}.Debug|Any CPU.Build.0 = Debug|Any CPU
		{05F81713-0A2E-4A53-8FCE-B66EA2F3DDD5}.Release|Any CPU.ActiveCfg = Release|Any CPU
		{05F81713-0A2E-4A53-8FCE-B66EA2F3DDD5}.Release|Any CPU.Build.0 = Release|Any CPU
		{4D4A4B82-F34E-4FAE-85AB-A5BFB7C85B43}.Debug|Any CPU.ActiveCfg = Debug|Any CPU
		{4D4A4B82-F34E-4FAE-85AB-A5BFB7C85B43}.Debug|Any CPU.Build.0 = Debug|Any CPU
		{4D4A4B82-F34E-4FAE-85AB-A5BFB7C85B43}.Release|Any CPU.ActiveCfg = Release|Any CPU
		{4D4A4B82-F34E-4FAE-85AB-A5BFB7C85B43}.Release|Any CPU.Build.0 = Release|Any CPU
		{28249371-6EF8-4FD2-A764-EFBBF72BB81E}.Debug|Any CPU.ActiveCfg = Debug|Any CPU
		{28249371-6EF8-4FD2-A764-EFBBF72BB81E}.Debug|Any CPU.Build.0 = Debug|Any CPU
		{28249371-6EF8-4FD2-A764-EFBBF72BB81E}.Release|Any CPU.ActiveCfg = Release|Any CPU
		{28249371-6EF8-4FD2-A764-EFBBF72BB81E}.Release|Any CPU.Build.0 = Release|Any CPU
		{5EF79C7A-25CA-495F-BDE1-F8C46A47DBEB}.Debug|Any CPU.ActiveCfg = Debug|Any CPU
		{5EF79C7A-25CA-495F-BDE1-F8C46A47DBEB}.Debug|Any CPU.Build.0 = Debug|Any CPU
		{5EF79C7A-25CA-495F-BDE1-F8C46A47DBEB}.Release|Any CPU.ActiveCfg = Release|Any CPU
		{5EF79C7A-25CA-495F-BDE1-F8C46A47DBEB}.Release|Any CPU.Build.0 = Release|Any CPU
	EndGlobalSection
	GlobalSection(SolutionProperties) = preSolution
		HideSolutionNode = FALSE
	EndGlobalSection
EndGlobal
