
Microsoft Visual Studio Solution File, Format Version 9.00
# Visual Studio 2005
Project("{FAE04EC0-301F-11D3-BF4B-00C04F79EFBC}") = "client", "client\client.csproj", "{5ABCC265-71EA-4BC7-9C6F-DB44CEF44B3E}"
EndProject
Project("{FAE04EC0-301F-11D3-BF4B-00C04F79EFBC}") = "service", "service\service.csproj", "{F18F5B8A-0E87-455B-AD0E-58B2414FFFFE}"
EndProject
Global
	GlobalSection(SolutionConfigurationPlatforms) = preSolution
		Debug|Any CPU = Debug|Any CPU
		Release|Any CPU = Release|Any CPU
	EndGlobalSection
	GlobalSection(ProjectConfigurationPlatforms) = postSolution
		{5ABCC265-71EA-4BC7-9C6F-DB44CEF44B3E}.Debug|Any CPU.ActiveCfg = Debug|Any CPU
		{5ABCC265-71EA-4BC7-9C6F-DB44CEF44B3E}.Debug|Any CPU.Build.0 = Debug|Any CPU
		{5ABCC265-71EA-4BC7-9C6F-DB44CEF44B3E}.Release|Any CPU.ActiveCfg = Release|Any CPU
		{5ABCC265-71EA-4BC7-9C6F-DB44CEF44B3E}.Release|Any CPU.Build.0 = Release|Any CPU
		{F18F5B8A-0E87-455B-AD0E-58B2414FFFFE}.Debug|Any CPU.ActiveCfg = Debug|Any CPU
		{F18F5B8A-0E87-455B-AD0E-58B2414FFFFE}.Debug|Any CPU.Build.0 = Debug|Any CPU
		{F18F5B8A-0E87-455B-AD0E-58B2414FFFFE}.Release|Any CPU.ActiveCfg = Release|Any CPU
		{F18F5B8A-0E87-455B-AD0E-58B2414FFFFE}.Release|Any CPU.Build.0 = Release|Any CPU
	EndGlobalSection
	GlobalSection(SolutionProperties) = preSolution
		HideSolutionNode = FALSE
	EndGlobalSection
EndGlobal
