
Microsoft Visual Studio Solution File, Format Version 10.00
# Visual Studio 2008
Project("{FAE04EC0-301F-11D3-BF4B-00C04F79EFBC}") = "ArchiveServer", "ArchiveServer\ArchiveServer.csproj", "{214F0CB9-76E0-4A3F-9290-A5E339668B14}"
EndProject
Project("{FAE04EC0-301F-11D3-BF4B-00C04F79EFBC}") = "Client", "Client\Client.csproj", "{1EC3865D-D3C3-4770-B481-D74665792DED}"
EndProject
Project("{FAE04EC0-301F-11D3-BF4B-00C04F79EFBC}") = "Simulator", "Simulator\Simulator.csproj", "{800D5617-00A7-40A6-9257-F4149FF19DA9}"
EndProject
Project("{FAE04EC0-301F-11D3-BF4B-00C04F79EFBC}") = "RetailServer", "RetailServer\RetailServer.csproj", "{9776D269-F0B7-462B-9A76-83207034D17E}"
EndProject
Project("{FAE04EC0-301F-11D3-BF4B-00C04F79EFBC}") = "SharedLibrary", "SharedLibrary\SharedLibrary.csproj", "{9ED3C6F2-9211-4C03-8482-5B09AECD0DB9}"
EndProject
Global
	GlobalSection(SolutionConfigurationPlatforms) = preSolution
		Debug|Any CPU = Debug|Any CPU
		Release|Any CPU = Release|Any CPU
	EndGlobalSection
	GlobalSection(ProjectConfigurationPlatforms) = postSolution
		{214F0CB9-76E0-4A3F-9290-A5E339668B14}.Debug|Any CPU.ActiveCfg = Debug|Any CPU
		{214F0CB9-76E0-4A3F-9290-A5E339668B14}.Debug|Any CPU.Build.0 = Debug|Any CPU
		{214F0CB9-76E0-4A3F-9290-A5E339668B14}.Release|Any CPU.ActiveCfg = Release|Any CPU
		{214F0CB9-76E0-4A3F-9290-A5E339668B14}.Release|Any CPU.Build.0 = Release|Any CPU
		{1EC3865D-D3C3-4770-B481-D74665792DED}.Debug|Any CPU.ActiveCfg = Debug|Any CPU
		{1EC3865D-D3C3-4770-B481-D74665792DED}.Debug|Any CPU.Build.0 = Debug|Any CPU
		{1EC3865D-D3C3-4770-B481-D74665792DED}.Release|Any CPU.ActiveCfg = Release|Any CPU
		{1EC3865D-D3C3-4770-B481-D74665792DED}.Release|Any CPU.Build.0 = Release|Any CPU
		{800D5617-00A7-40A6-9257-F4149FF19DA9}.Debug|Any CPU.ActiveCfg = Debug|Any CPU
		{800D5617-00A7-40A6-9257-F4149FF19DA9}.Debug|Any CPU.Build.0 = Debug|Any CPU
		{800D5617-00A7-40A6-9257-F4149FF19DA9}.Release|Any CPU.ActiveCfg = Release|Any CPU
		{800D5617-00A7-40A6-9257-F4149FF19DA9}.Release|Any CPU.Build.0 = Release|Any CPU
		{9776D269-F0B7-462B-9A76-83207034D17E}.Debug|Any CPU.ActiveCfg = Debug|Any CPU
		{9776D269-F0B7-462B-9A76-83207034D17E}.Debug|Any CPU.Build.0 = Debug|Any CPU
		{9776D269-F0B7-462B-9A76-83207034D17E}.Release|Any CPU.ActiveCfg = Release|Any CPU
		{9776D269-F0B7-462B-9A76-83207034D17E}.Release|Any CPU.Build.0 = Release|Any CPU
		{9ED3C6F2-9211-4C03-8482-5B09AECD0DB9}.Debug|Any CPU.ActiveCfg = Debug|Any CPU
		{9ED3C6F2-9211-4C03-8482-5B09AECD0DB9}.Debug|Any CPU.Build.0 = Debug|Any CPU
		{9ED3C6F2-9211-4C03-8482-5B09AECD0DB9}.Release|Any CPU.ActiveCfg = Release|Any CPU
		{9ED3C6F2-9211-4C03-8482-5B09AECD0DB9}.Release|Any CPU.Build.0 = Release|Any CPU
	EndGlobalSection
	GlobalSection(SolutionProperties) = preSolution
		HideSolutionNode = FALSE
	EndGlobalSection
EndGlobal
