
Microsoft Visual Studio Solution File, Format Version 10.00
# Visual Studio 2008
Project("{F184B08F-C81C-45F6-A57F-5ABD9991F28F}") = "ClientHost", "ClientHost\ClientHost.vbproj", "{DD278883-2E9D-4966-8D2E-639C51A5C264}"
EndProject
Project("{F184B08F-C81C-45F6-A57F-5ABD9991F28F}") = "ServiceHost", "ServiceHost\ServiceHost.vbproj", "{39E72154-D529-462B-9582-5FBE3C53FD46}"
EndProject
Project("{F184B08F-C81C-45F6-A57F-5ABD9991F28F}") = "ClientWorkflow", "ClientWorkflow\ClientWorkflow.vbproj", "{C7DBBBEC-C8A9-4C09-AE42-025A7B9C60F1}"
EndProject
Project("{F184B08F-C81C-45F6-A57F-5ABD9991F28F}") = "ServiceWorkflow", "ServiceWorkflow\ServiceWorkflow.vbproj", "{BF34F7B1-3799-41EB-B97F-FEEC7A0B2E42}"
EndProject
Project("{F184B08F-C81C-45F6-A57F-5ABD9991F28F}") = "WorkflowServiceUtility", "..\..\WorkflowServiceUtility\VB\WorkflowServiceUtility.vbproj", "{44C4A893-8BAA-4468-8A49-A62013C0C827}"
EndProject
Global
	GlobalSection(SolutionConfigurationPlatforms) = preSolution
		Debug|Any CPU = Debug|Any CPU
		Release|Any CPU = Release|Any CPU
	EndGlobalSection
	GlobalSection(ProjectConfigurationPlatforms) = postSolution
		{DD278883-2E9D-4966-8D2E-639C51A5C264}.Debug|Any CPU.ActiveCfg = Debug|Any CPU
		{DD278883-2E9D-4966-8D2E-639C51A5C264}.Debug|Any CPU.Build.0 = Debug|Any CPU
		{DD278883-2E9D-4966-8D2E-639C51A5C264}.Release|Any CPU.ActiveCfg = Release|Any CPU
		{DD278883-2E9D-4966-8D2E-639C51A5C264}.Release|Any CPU.Build.0 = Release|Any CPU
		{39E72154-D529-462B-9582-5FBE3C53FD46}.Debug|Any CPU.ActiveCfg = Debug|Any CPU
		{39E72154-D529-462B-9582-5FBE3C53FD46}.Debug|Any CPU.Build.0 = Debug|Any CPU
		{39E72154-D529-462B-9582-5FBE3C53FD46}.Release|Any CPU.ActiveCfg = Release|Any CPU
		{39E72154-D529-462B-9582-5FBE3C53FD46}.Release|Any CPU.Build.0 = Release|Any CPU
		{C7DBBBEC-C8A9-4C09-AE42-025A7B9C60F1}.Debug|Any CPU.ActiveCfg = Debug|Any CPU
		{C7DBBBEC-C8A9-4C09-AE42-025A7B9C60F1}.Debug|Any CPU.Build.0 = Debug|Any CPU
		{C7DBBBEC-C8A9-4C09-AE42-025A7B9C60F1}.Release|Any CPU.ActiveCfg = Release|Any CPU
		{C7DBBBEC-C8A9-4C09-AE42-025A7B9C60F1}.Release|Any CPU.Build.0 = Release|Any CPU
		{BF34F7B1-3799-41EB-B97F-FEEC7A0B2E42}.Debug|Any CPU.ActiveCfg = Debug|Any CPU
		{BF34F7B1-3799-41EB-B97F-FEEC7A0B2E42}.Debug|Any CPU.Build.0 = Debug|Any CPU
		{BF34F7B1-3799-41EB-B97F-FEEC7A0B2E42}.Release|Any CPU.ActiveCfg = Release|Any CPU
		{BF34F7B1-3799-41EB-B97F-FEEC7A0B2E42}.Release|Any CPU.Build.0 = Release|Any CPU
		{44C4A893-8BAA-4468-8A49-A62013C0C827}.Debug|Any CPU.ActiveCfg = Debug|Any CPU
		{44C4A893-8BAA-4468-8A49-A62013C0C827}.Debug|Any CPU.Build.0 = Debug|Any CPU
		{44C4A893-8BAA-4468-8A49-A62013C0C827}.Release|Any CPU.ActiveCfg = Release|Any CPU
		{44C4A893-8BAA-4468-8A49-A62013C0C827}.Release|Any CPU.Build.0 = Release|Any CPU
	EndGlobalSection
	GlobalSection(SolutionProperties) = preSolution
		HideSolutionNode = FALSE
	EndGlobalSection
EndGlobal
