
Microsoft Visual Studio Solution File, Format Version 10.00
# Visual Studio 2008
Project("{FAE04EC0-301F-11D3-BF4B-00C04F79EFBC}") = "WorkflowAndActivityDataTrackingExtract", "WorkflowAndActivityDataTrackingExtract\WorkflowAndActivityDataTrackingExtract.csproj", "{FF9FAA5B-2ABC-44B8-9494-351A3275C384}"
	ProjectSection(ProjectDependencies) = postProject
		{2F41E006-C849-409C-B012-750761FB2BD9} = {2F41E006-C849-409C-B012-750761FB2BD9}
	EndProjectSection
EndProject
Project("{FAE04EC0-301F-11D3-BF4B-00C04F79EFBC}") = "ServiceChargeActivityLibrary", "ServiceChargeActivityLibrary\ServiceChargeActivityLibrary.csproj", "{2F41E006-C849-409C-B012-750761FB2BD9}"
EndProject
Global
	GlobalSection(SolutionConfigurationPlatforms) = preSolution
		Debug|Any CPU = Debug|Any CPU
		Release|Any CPU = Release|Any CPU
	EndGlobalSection
	GlobalSection(ProjectConfigurationPlatforms) = postSolution
		{FF9FAA5B-2ABC-44B8-9494-351A3275C384}.Debug|Any CPU.ActiveCfg = Debug|Any CPU
		{FF9FAA5B-2ABC-44B8-9494-351A3275C384}.Debug|Any CPU.Build.0 = Debug|Any CPU
		{FF9FAA5B-2ABC-44B8-9494-351A3275C384}.Release|Any CPU.ActiveCfg = Release|Any CPU
		{FF9FAA5B-2ABC-44B8-9494-351A3275C384}.Release|Any CPU.Build.0 = Release|Any CPU
		{2F41E006-C849-409C-B012-750761FB2BD9}.Debug|Any CPU.ActiveCfg = Debug|Any CPU
		{2F41E006-C849-409C-B012-750761FB2BD9}.Debug|Any CPU.Build.0 = Debug|Any CPU
		{2F41E006-C849-409C-B012-750761FB2BD9}.Release|Any CPU.ActiveCfg = Release|Any CPU
		{2F41E006-C849-409C-B012-750761FB2BD9}.Release|Any CPU.Build.0 = Release|Any CPU
	EndGlobalSection
	GlobalSection(SolutionProperties) = preSolution
		HideSolutionNode = FALSE
	EndGlobalSection
EndGlobal
