
Microsoft Visual Studio Solution File, Format Version 9.00
# Visual Studio 2005
Project("{FAE04EC0-301F-11D3-BF4B-00C04F79EFBC}") = "AspxHostCS", "ASPXHostCS\AspxHostCS.csproj", "{14FDD8FE-B255-46DB-9369-F6E1695F6731}"
EndProject
Global
	GlobalSection(SolutionConfigurationPlatforms) = preSolution
		Debug|Any CPU = Debug|Any CPU
		Release|Any CPU = Release|Any CPU
	EndGlobalSection
	GlobalSection(ProjectConfigurationPlatforms) = postSolution
		{14FDD8FE-B255-46DB-9369-F6E1695F6731}.Debug|Any CPU.ActiveCfg = Debug|Any CPU
		{14FDD8FE-B255-46DB-9369-F6E1695F6731}.Debug|Any CPU.Build.0 = Debug|Any CPU
		{14FDD8FE-B255-46DB-9369-F6E1695F6731}.Release|Any CPU.ActiveCfg = Release|Any CPU
		{14FDD8FE-B255-46DB-9369-F6E1695F6731}.Release|Any CPU.Build.0 = Release|Any CPU
	EndGlobalSection
	GlobalSection(SolutionProperties) = preSolution
		HideSolutionNode = FALSE
	EndGlobalSection
EndGlobal
