Microsoft Visual Studio Solution File, Format Version 7.00
Project("{FAE04EC0-301F-11D3-BF4B-00C04F79EFBC}") = "WebServiceSecurityClient", "WebServiceSecurityClient.csproj", "{F278B098-B14C-46B1-AD13-0E7E669ABF24}"
EndProject
Global
	GlobalSection(SolutionConfiguration) = preSolution
		ConfigName.0 = Debug
		ConfigName.1 = Release
	EndGlobalSection
	GlobalSection(ProjectDependencies) = postSolution
	EndGlobalSection
	GlobalSection(ProjectConfiguration) = postSolution
		{F278B098-B14C-46B1-AD13-0E7E669ABF24}.Debug.ActiveCfg = Debug|.NET
		{F278B098-B14C-46B1-AD13-0E7E669ABF24}.Debug.Build.0 = Debug|.NET
		{F278B098-B14C-46B1-AD13-0E7E669ABF24}.Release.ActiveCfg = Release|.NET
		{F278B098-B14C-46B1-AD13-0E7E669ABF24}.Release.Build.0 = Release|.NET
	EndGlobalSection
	GlobalSection(ExtensibilityGlobals) = postSolution
	EndGlobalSection
	GlobalSection(ExtensibilityAddIns) = postSolution
	EndGlobalSection
EndGlobal
