
Microsoft Visual Studio Solution File, Format Version 9.00
# Visual Studio 2005
Project("{FAE04EC0-301F-11D3-BF4B-00C04F79EFBC}") = "Throw", "Throw\Throw.csproj", "{8271CD01-ABB8-4E2D-BA15-0F2E3A8381CC}"
EndProject
Global
	GlobalSection(SolutionConfigurationPlatforms) = preSolution
		Debug|Any CPU = Debug|Any CPU
		Release|Any CPU = Release|Any CPU
	EndGlobalSection
	GlobalSection(ProjectConfigurationPlatforms) = postSolution
		{8271CD01-ABB8-4E2D-BA15-0F2E3A8381CC}.Debug|Any CPU.ActiveCfg = Debug|Any CPU
		{8271CD01-ABB8-4E2D-BA15-0F2E3A8381CC}.Debug|Any CPU.Build.0 = Debug|Any CPU
		{8271CD01-ABB8-4E2D-BA15-0F2E3A8381CC}.Release|Any CPU.ActiveCfg = Release|Any CPU
		{8271CD01-ABB8-4E2D-BA15-0F2E3A8381CC}.Release|Any CPU.Build.0 = Release|Any CPU
	EndGlobalSection
	GlobalSection(SolutionProperties) = preSolution
		HideSolutionNode = FALSE
	EndGlobalSection
EndGlobal
