
Microsoft Visual Studio Solution File, Format Version 12.00
# Visual Studio 14
VisualStudioVersion = 14.0.25123.0
MinimumVisualStudioVersion = 10.0.40219.1
Project("{FAE04EC0-301F-11D3-BF4B-00C04F79EFBC}") = "FileBrowser", "FileBrowser.csproj", "{FC8064DF-B0BC-4D03-B1AE-077F3387412C}"
EndProject
Global
	GlobalSection(SolutionConfigurationPlatforms) = preSolution
		Debug|Any CPU = Debug|Any CPU
		Release|Any CPU = Release|Any CPU
	EndGlobalSection
	GlobalSection(ProjectConfigurationPlatforms) = postSolution
		{FC8064DF-B0BC-4D03-B1AE-077F3387412C}.Debug|Any CPU.ActiveCfg = Debug|Any CPU
		{FC8064DF-B0BC-4D03-B1AE-077F3387412C}.Debug|Any CPU.Build.0 = Debug|Any CPU
		{FC8064DF-B0BC-4D03-B1AE-077F3387412C}.Release|Any CPU.ActiveCfg = Release|Any CPU
		{FC8064DF-B0BC-4D03-B1AE-077F3387412C}.Release|Any CPU.Build.0 = Release|Any CPU
	EndGlobalSection
	GlobalSection(SolutionProperties) = preSolution
		HideSolutionNode = FALSE
	EndGlobalSection
EndGlobal
