
Microsoft Visual Studio Solution File, Format Version 9.00
# Visual Studio 2005
Project("{FAE04EC0-301F-11D3-BF4B-00C04F79EFBC}") = "FileWatcherTestHost", "FileWatcherTestHost\FileWatcherTestHost.csproj", "{6EE681C0-5B08-42AF-AC0A-A7CA6E4535D6}"
EndProject
Project("{FAE04EC0-301F-11D3-BF4B-00C04F79EFBC}") = "FileWatcherService", "FileWatcherService\FileWatcherService.csproj", "{5824304F-F9E0-4F27-B7AB-82865BFC8E25}"
EndProject
Project("{FAE04EC0-301F-11D3-BF4B-00C04F79EFBC}") = "FileWatcherActivites", "FileWatcherActivities\FileWatcherActivites.csproj", "{0DA252B5-7CCB-45E4-A24A-19263E779A5A}"
EndProject
Global
	GlobalSection(SolutionConfigurationPlatforms) = preSolution
		Debug|Any CPU = Debug|Any CPU
		Release|Any CPU = Release|Any CPU
	EndGlobalSection
	GlobalSection(ProjectConfigurationPlatforms) = postSolution
		{5824304F-F9E0-4F27-B7AB-82865BFC8E25}.Debug|Any CPU.ActiveCfg = Debug|Any CPU
		{5824304F-F9E0-4F27-B7AB-82865BFC8E25}.Debug|Any CPU.Build.0 = Debug|Any CPU
		{5824304F-F9E0-4F27-B7AB-82865BFC8E25}.Release|Any CPU.ActiveCfg = Release|Any CPU
		{5824304F-F9E0-4F27-B7AB-82865BFC8E25}.Release|Any CPU.Build.0 = Release|Any CPU
		{0DA252B5-7CCB-45E4-A24A-19263E779A5A}.Debug|Any CPU.ActiveCfg = Debug|Any CPU
		{0DA252B5-7CCB-45E4-A24A-19263E779A5A}.Debug|Any CPU.Build.0 = Debug|Any CPU
		{0DA252B5-7CCB-45E4-A24A-19263E779A5A}.Release|Any CPU.ActiveCfg = Release|Any CPU
		{0DA252B5-7CCB-45E4-A24A-19263E779A5A}.Release|Any CPU.Build.0 = Release|Any CPU
		{6EE681C0-5B08-42AF-AC0A-A7CA6E4535D6}.Debug|Any CPU.ActiveCfg = Debug|Any CPU
		{6EE681C0-5B08-42AF-AC0A-A7CA6E4535D6}.Debug|Any CPU.Build.0 = Debug|Any CPU
		{6EE681C0-5B08-42AF-AC0A-A7CA6E4535D6}.Release|Any CPU.ActiveCfg = Release|Any CPU
		{6EE681C0-5B08-42AF-AC0A-A7CA6E4535D6}.Release|Any CPU.Build.0 = Release|Any CPU
	EndGlobalSection
	GlobalSection(SolutionProperties) = preSolution
		HideSolutionNode = FALSE
	EndGlobalSection
EndGlobal
