
Microsoft Visual Studio Solution File, Format Version 9.00
# Visual Studio 2005
Project("{F184B08F-C81C-45F6-A57F-5ABD9991F28F}") = "client", "client\client.vbproj", "{ECC81BEF-1C78-4B73-8C54-9E96F7404F04}"
EndProject
Project("{F184B08F-C81C-45F6-A57F-5ABD9991F28F}") = "WseHttpBinding", "WseHttpBinding\WseHttpBinding.vbproj", "{77039C12-9513-426D-963E-6290F44FAD33}"
EndProject
Project("{F184B08F-C81C-45F6-A57F-5ABD9991F28F}") = "service", "service\service.vbproj", "{E74E07BA-41A5-4B39-98ED-4FF0BF7A7570}"
EndProject
Global
	GlobalSection(SolutionConfigurationPlatforms) = preSolution
		Debug|Any CPU = Debug|Any CPU
		Release|Any CPU = Release|Any CPU
	EndGlobalSection
	GlobalSection(ProjectConfigurationPlatforms) = postSolution
		{ECC81BEF-1C78-4B73-8C54-9E96F7404F04}.Debug|Any CPU.ActiveCfg = Debug|Any CPU
		{ECC81BEF-1C78-4B73-8C54-9E96F7404F04}.Debug|Any CPU.Build.0 = Debug|Any CPU
		{ECC81BEF-1C78-4B73-8C54-9E96F7404F04}.Release|Any CPU.ActiveCfg = Release|Any CPU
		{ECC81BEF-1C78-4B73-8C54-9E96F7404F04}.Release|Any CPU.Build.0 = Release|Any CPU
		{77039C12-9513-426D-963E-6290F44FAD33}.Debug|Any CPU.ActiveCfg = Debug|Any CPU
		{77039C12-9513-426D-963E-6290F44FAD33}.Debug|Any CPU.Build.0 = Debug|Any CPU
		{77039C12-9513-426D-963E-6290F44FAD33}.Release|Any CPU.ActiveCfg = Release|Any CPU
		{77039C12-9513-426D-963E-6290F44FAD33}.Release|Any CPU.Build.0 = Release|Any CPU
		{E74E07BA-41A5-4B39-98ED-4FF0BF7A7570}.Debug|Any CPU.ActiveCfg = Debug|Any CPU
		{E74E07BA-41A5-4B39-98ED-4FF0BF7A7570}.Debug|Any CPU.Build.0 = Debug|Any CPU
		{E74E07BA-41A5-4B39-98ED-4FF0BF7A7570}.Release|Any CPU.ActiveCfg = Release|Any CPU
		{E74E07BA-41A5-4B39-98ED-4FF0BF7A7570}.Release|Any CPU.Build.0 = Release|Any CPU
	EndGlobalSection
	GlobalSection(SolutionProperties) = preSolution
		HideSolutionNode = FALSE
	EndGlobalSection
EndGlobal
