
Microsoft Visual Studio Solution File, Format Version 9.00
# Visual Studio 2005
Project("{FAE04EC0-301F-11D3-BF4B-00C04F79EFBC}") = "DocumentApprovalWorkflow", "DocumentApprovalWorkflow\DocumentApprovalWorkflow.csproj", "{98F23AAE-F243-4DFA-B3AA-E51D6D5B56CA}"
EndProject
Project("{FAE04EC0-301F-11D3-BF4B-00C04F79EFBC}") = "DocumentApprovalInterface", "DocumentApprovalInterface\DocumentApprovalInterface.csproj", "{35528E15-3CEB-4D91-847C-A36A7FDBD3A3}"
EndProject
Global
	GlobalSection(SolutionConfigurationPlatforms) = preSolution
		Debug|Any CPU = Debug|Any CPU
		Release|Any CPU = Release|Any CPU
	EndGlobalSection
	GlobalSection(ProjectConfigurationPlatforms) = postSolution
		{98F23AAE-F243-4DFA-B3AA-E51D6D5B56CA}.Debug|Any CPU.ActiveCfg = Debug|Any CPU
		{98F23AAE-F243-4DFA-B3AA-E51D6D5B56CA}.Debug|Any CPU.Build.0 = Debug|Any CPU
		{98F23AAE-F243-4DFA-B3AA-E51D6D5B56CA}.Release|Any CPU.ActiveCfg = Release|Any CPU
		{98F23AAE-F243-4DFA-B3AA-E51D6D5B56CA}.Release|Any CPU.Build.0 = Release|Any CPU
		{35528E15-3CEB-4D91-847C-A36A7FDBD3A3}.Debug|Any CPU.ActiveCfg = Debug|Any CPU
		{35528E15-3CEB-4D91-847C-A36A7FDBD3A3}.Debug|Any CPU.Build.0 = Debug|Any CPU
		{35528E15-3CEB-4D91-847C-A36A7FDBD3A3}.Release|Any CPU.ActiveCfg = Release|Any CPU
		{35528E15-3CEB-4D91-847C-A36A7FDBD3A3}.Release|Any CPU.Build.0 = Release|Any CPU
	EndGlobalSection
	GlobalSection(SolutionProperties) = preSolution
		HideSolutionNode = FALSE
	EndGlobalSection
EndGlobal
