
Microsoft Visual Studio Solution File, Format Version 9.00
# Visual Studio 2005
Project("{FAE04EC0-301F-11D3-BF4B-00C04F79EFBC}") = "client", "client\client.csproj", "{76989F91-1C18-481F-94D8-108F494FEF72}"
EndProject
Project("{FAE04EC0-301F-11D3-BF4B-00C04F79EFBC}") = "service", "service\service.csproj", "{73D6E51B-9EAB-4EBE-BAA3-794D636BD176}"
EndProject
Global
	GlobalSection(SolutionConfigurationPlatforms) = preSolution
		Debug|.NET = Debug|.NET
		Debug|Any CPU = Debug|Any CPU
		Debug|Mixed Platforms = Debug|Mixed Platforms
		Release|.NET = Release|.NET
		Release|Any CPU = Release|Any CPU
		Release|Mixed Platforms = Release|Mixed Platforms
	EndGlobalSection
	GlobalSection(ProjectConfigurationPlatforms) = postSolution
		{76989F91-1C18-481F-94D8-108F494FEF72}.Debug|.NET.ActiveCfg = Debug|Any CPU
		{76989F91-1C18-481F-94D8-108F494FEF72}.Debug|Any CPU.ActiveCfg = Debug|Any CPU
		{76989F91-1C18-481F-94D8-108F494FEF72}.Debug|Any CPU.Build.0 = Debug|Any CPU
		{76989F91-1C18-481F-94D8-108F494FEF72}.Debug|Mixed Platforms.ActiveCfg = Debug|Any CPU
		{76989F91-1C18-481F-94D8-108F494FEF72}.Debug|Mixed Platforms.Build.0 = Debug|Any CPU
		{76989F91-1C18-481F-94D8-108F494FEF72}.Release|.NET.ActiveCfg = Release|Any CPU
		{76989F91-1C18-481F-94D8-108F494FEF72}.Release|Any CPU.ActiveCfg = Release|Any CPU
		{76989F91-1C18-481F-94D8-108F494FEF72}.Release|Any CPU.Build.0 = Release|Any CPU
		{76989F91-1C18-481F-94D8-108F494FEF72}.Release|Mixed Platforms.ActiveCfg = Release|Any CPU
		{76989F91-1C18-481F-94D8-108F494FEF72}.Release|Mixed Platforms.Build.0 = Release|Any CPU
		{73D6E51B-9EAB-4EBE-BAA3-794D636BD176}.Debug|.NET.ActiveCfg = Debug|Any CPU
		{73D6E51B-9EAB-4EBE-BAA3-794D636BD176}.Debug|Any CPU.ActiveCfg = Debug|Any CPU
		{73D6E51B-9EAB-4EBE-BAA3-794D636BD176}.Debug|Any CPU.Build.0 = Debug|Any CPU
		{73D6E51B-9EAB-4EBE-BAA3-794D636BD176}.Debug|Mixed Platforms.ActiveCfg = Debug|Any CPU
		{73D6E51B-9EAB-4EBE-BAA3-794D636BD176}.Debug|Mixed Platforms.Build.0 = Debug|Any CPU
		{73D6E51B-9EAB-4EBE-BAA3-794D636BD176}.Release|.NET.ActiveCfg = Release|Any CPU
		{73D6E51B-9EAB-4EBE-BAA3-794D636BD176}.Release|Any CPU.ActiveCfg = Release|Any CPU
		{73D6E51B-9EAB-4EBE-BAA3-794D636BD176}.Release|Any CPU.Build.0 = Release|Any CPU
		{73D6E51B-9EAB-4EBE-BAA3-794D636BD176}.Release|Mixed Platforms.ActiveCfg = Release|Any CPU
		{73D6E51B-9EAB-4EBE-BAA3-794D636BD176}.Release|Mixed Platforms.Build.0 = Release|Any CPU
	EndGlobalSection
	GlobalSection(SolutionProperties) = preSolution
		HideSolutionNode = FALSE
	EndGlobalSection
EndGlobal
