
Microsoft Visual Studio Solution File, Format Version 11.00
# Visual Studio 10
Project("{FAE04EC0-301F-11D3-BF4B-00C04F79EFBC}") = "StopWatchService", "StopWatchService\StopWatchService.csproj", "{DBD7DA66-7E21-48B4-AC7A-CE67ABE63454}"
EndProject
Project("{FAE04EC0-301F-11D3-BF4B-00C04F79EFBC}") = "StopWatchClient", "StopWatchClient\StopWatchClient.csproj", "{4F5FBD28-D304-4B97-AA7B-787E177455A7}"
EndProject
Global
	GlobalSection(SolutionConfigurationPlatforms) = preSolution
		Debug|Any CPU = Debug|Any CPU
		Release|Any CPU = Release|Any CPU
	EndGlobalSection
	GlobalSection(ProjectConfigurationPlatforms) = postSolution
		{DBD7DA66-7E21-48B4-AC7A-CE67ABE63454}.Debug|Any CPU.ActiveCfg = Debug|Any CPU
		{DBD7DA66-7E21-48B4-AC7A-CE67ABE63454}.Debug|Any CPU.Build.0 = Debug|Any CPU
		{DBD7DA66-7E21-48B4-AC7A-CE67ABE63454}.Release|Any CPU.ActiveCfg = Release|Any CPU
		{DBD7DA66-7E21-48B4-AC7A-CE67ABE63454}.Release|Any CPU.Build.0 = Release|Any CPU
		{4F5FBD28-D304-4B97-AA7B-787E177455A7}.Debug|Any CPU.ActiveCfg = Debug|Any CPU
		{4F5FBD28-D304-4B97-AA7B-787E177455A7}.Debug|Any CPU.Build.0 = Debug|Any CPU
		{4F5FBD28-D304-4B97-AA7B-787E177455A7}.Release|Any CPU.ActiveCfg = Release|Any CPU
		{4F5FBD28-D304-4B97-AA7B-787E177455A7}.Release|Any CPU.Build.0 = Release|Any CPU
	EndGlobalSection
	GlobalSection(SolutionProperties) = preSolution
		HideSolutionNode = FALSE
	EndGlobalSection
EndGlobal
