
Microsoft Visual Studio Solution File, Format Version 10.00
# Visual Studio 2008
Project("{FAE04EC0-301F-11D3-BF4B-00C04F79EFBC}") = "CustomControlApp", "CustomControlApp\CustomControlApp.csproj", "{22849379-DEF7-410A-AC23-41596B2B3981}"
EndProject
Project("{FAE04EC0-301F-11D3-BF4B-00C04F79EFBC}") = "CustomControlLibrary", "CustomControlLibrary\CustomControlLibrary.csproj", "{5FD73C9D-35C2-4E7A-8CB6-B9BAFFF6DA0F}"
EndProject
Global
	GlobalSection(SolutionConfigurationPlatforms) = preSolution
		Debug|Any CPU = Debug|Any CPU
		Release|Any CPU = Release|Any CPU
	EndGlobalSection
	GlobalSection(ProjectConfigurationPlatforms) = postSolution
		{22849379-DEF7-410A-AC23-41596B2B3981}.Debug|Any CPU.ActiveCfg = Debug|Any CPU
		{22849379-DEF7-410A-AC23-41596B2B3981}.Debug|Any CPU.Build.0 = Debug|Any CPU
		{22849379-DEF7-410A-AC23-41596B2B3981}.Release|Any CPU.ActiveCfg = Release|Any CPU
		{22849379-DEF7-410A-AC23-41596B2B3981}.Release|Any CPU.Build.0 = Release|Any CPU
		{5FD73C9D-35C2-4E7A-8CB6-B9BAFFF6DA0F}.Debug|Any CPU.ActiveCfg = Debug|Any CPU
		{5FD73C9D-35C2-4E7A-8CB6-B9BAFFF6DA0F}.Debug|Any CPU.Build.0 = Debug|Any CPU
		{5FD73C9D-35C2-4E7A-8CB6-B9BAFFF6DA0F}.Release|Any CPU.ActiveCfg = Release|Any CPU
		{5FD73C9D-35C2-4E7A-8CB6-B9BAFFF6DA0F}.Release|Any CPU.Build.0 = Release|Any CPU
	EndGlobalSection
	GlobalSection(SolutionProperties) = preSolution
		HideSolutionNode = FALSE
	EndGlobalSection
EndGlobal
