
Microsoft Visual Studio Solution File, Format Version 9.00
# Visual Studio 2005
Project("{8BC9CEB8-8B4A-11D0-8D11-00A0C91BC942}") = "Server", "Server\Server.vcproj", "{4831BAFC-0A41-4AD4-BA55-916E018A372F}"
EndProject
Project("{8BC9CEB8-8B4A-11D0-8D11-00A0C91BC942}") = "Client", "Client\Client.vcproj", "{C88C9F38-17D0-4D15-8A8A-6B6815DC1799}"
EndProject
Project("{8BC9CEB8-8B4A-11D0-8D11-00A0C91BC942}") = "SharedImplementation", "SharedImplementation\SharedImplementation.vcproj", "{D03F10E9-6859-4D68-A83F-62EEB60E96D8}"
EndProject
Global
	GlobalSection(SolutionConfigurationPlatforms) = preSolution
		Debug|Win32 = Debug|Win32
		Debug|x64 = Debug|x64
		Debug|Itanium = Debug|Itanium
		Release|Win32 = Release|Win32
		Release|x64 = Release|x64
		Release|Itanium = Release|Itanium
	EndGlobalSection
	GlobalSection(ProjectConfigurationPlatforms) = postSolution
		{4831BAFC-0A41-4AD4-BA55-916E018A372F}.Debug|Win32.ActiveCfg = Debug|Win32
		{4831BAFC-0A41-4AD4-BA55-916E018A372F}.Debug|Win32.Build.0 = Debug|Win32
		{4831BAFC-0A41-4AD4-BA55-916E018A372F}.Debug|x64.ActiveCfg = Debug|x64
		{4831BAFC-0A41-4AD4-BA55-916E018A372F}.Debug|x64.Build.0 = Debug|x64
		{4831BAFC-0A41-4AD4-BA55-916E018A372F}.Debug|Itanium.ActiveCfg = Debug|Itanium
		{4831BAFC-0A41-4AD4-BA55-916E018A372F}.Debug|Itanium.Build.0 = Debug|Itanium
		{4831BAFC-0A41-4AD4-BA55-916E018A372F}.Release|Win32.ActiveCfg = Release|Win32
		{4831BAFC-0A41-4AD4-BA55-916E018A372F}.Release|Win32.Build.0 = Release|Win32
		{4831BAFC-0A41-4AD4-BA55-916E018A372F}.Release|x64.ActiveCfg = Release|x64
		{4831BAFC-0A41-4AD4-BA55-916E018A372F}.Release|x64.Build.0 = Release|x64
		{4831BAFC-0A41-4AD4-BA55-916E018A372F}.Release|Itanium.ActiveCfg = Release|Itanium
		{4831BAFC-0A41-4AD4-BA55-916E018A372F}.Release|Itanium.Build.0 = Release|Itanium
		{C88C9F38-17D0-4D15-8A8A-6B6815DC1799}.Debug|Win32.ActiveCfg = Debug|Win32
		{C88C9F38-17D0-4D15-8A8A-6B6815DC1799}.Debug|Win32.Build.0 = Debug|Win32
		{C88C9F38-17D0-4D15-8A8A-6B6815DC1799}.Debug|x64.ActiveCfg = Debug|x64
		{C88C9F38-17D0-4D15-8A8A-6B6815DC1799}.Debug|x64.Build.0 = Debug|x64
		{C88C9F38-17D0-4D15-8A8A-6B6815DC1799}.Debug|Itanium.ActiveCfg = Debug|Itanium
		{C88C9F38-17D0-4D15-8A8A-6B6815DC1799}.Debug|Itanium.Build.0 = Debug|Itanium
		{C88C9F38-17D0-4D15-8A8A-6B6815DC1799}.Release|Win32.ActiveCfg = Release|Win32
		{C88C9F38-17D0-4D15-8A8A-6B6815DC1799}.Release|Win32.Build.0 = Release|Win32
		{C88C9F38-17D0-4D15-8A8A-6B6815DC1799}.Release|x64.ActiveCfg = Release|x64
		{C88C9F38-17D0-4D15-8A8A-6B6815DC1799}.Release|x64.Build.0 = Release|x64
		{C88C9F38-17D0-4D15-8A8A-6B6815DC1799}.Release|Itanium.ActiveCfg = Release|Itanium
		{C88C9F38-17D0-4D15-8A8A-6B6815DC1799}.Release|Itanium.Build.0 = Release|Itanium
		{D03F10E9-6859-4D68-A83F-62EEB60E96D8}.Debug|Win32.ActiveCfg = Debug|Win32
		{D03F10E9-6859-4D68-A83F-62EEB60E96D8}.Debug|Win32.Build.0 = Debug|Win32
		{D03F10E9-6859-4D68-A83F-62EEB60E96D8}.Debug|x64.ActiveCfg = Debug|x64
		{D03F10E9-6859-4D68-A83F-62EEB60E96D8}.Debug|x64.Build.0 = Debug|x64
		{D03F10E9-6859-4D68-A83F-62EEB60E96D8}.Debug|Itanium.ActiveCfg = Debug|Itanium
		{D03F10E9-6859-4D68-A83F-62EEB60E96D8}.Debug|Itanium.Build.0 = Debug|Itanium
		{D03F10E9-6859-4D68-A83F-62EEB60E96D8}.Release|Win32.ActiveCfg = Release|Win32
		{D03F10E9-6859-4D68-A83F-62EEB60E96D8}.Release|Win32.Build.0 = Release|Win32
		{D03F10E9-6859-4D68-A83F-62EEB60E96D8}.Release|x64.ActiveCfg = Release|x64
		{D03F10E9-6859-4D68-A83F-62EEB60E96D8}.Release|x64.Build.0 = Release|x64
		{D03F10E9-6859-4D68-A83F-62EEB60E96D8}.Release|Itanium.ActiveCfg = Release|Itanium
		{D03F10E9-6859-4D68-A83F-62EEB60E96D8}.Release|Itanium.Build.0 = Release|Itanium
	EndGlobalSection
	GlobalSection(SolutionProperties) = preSolution
		HideSolutionNode = FALSE
	EndGlobalSection
EndGlobal
