
Microsoft Visual Studio Solution File, Format Version 10.00
# Visual Studio 2008
Project("{FAE04EC0-301F-11D3-BF4B-00C04F79EFBC}") = "PropertyChangeNotification", "PropertyChangeNotification.csproj", "{539BCAA3-1E74-4807-ADA5-5995E39DF4B0}"
EndProject
Global
	GlobalSection(SolutionConfigurationPlatforms) = preSolution
		Debug|Any CPU = Debug|Any CPU
	EndGlobalSection
	GlobalSection(ProjectConfigurationPlatforms) = postSolution
		{539BCAA3-1E74-4807-ADA5-5995E39DF4B0}.Debug|Any CPU.ActiveCfg = Debug|Any CPU
		{539BCAA3-1E74-4807-ADA5-5995E39DF4B0}.Debug|Any CPU.Build.0 = Debug|Any CPU
	EndGlobalSection
	GlobalSection(SolutionProperties) = preSolution
		HideSolutionNode = FALSE
	EndGlobalSection
EndGlobal
