
Microsoft Visual Studio Solution File, Format Version 9.00
# Visual Studio 2005
Project("{E6FDF86B-F3D1-11D4-8576-0002A516ECE8}") = "Mailer", "Mailer\Mailer.vjsproj", "{1D668E28-6379-4300-8425-6DF0FDD09BB7}"
EndProject
Global
	GlobalSection(SolutionConfigurationPlatforms) = preSolution
		Debug|Any CPU = Debug|Any CPU
		Release|Any CPU = Release|Any CPU
	EndGlobalSection
	GlobalSection(ProjectConfigurationPlatforms) = postSolution
		{1D668E28-6379-4300-8425-6DF0FDD09BB7}.Debug|Any CPU.ActiveCfg = Debug|Any CPU
		{1D668E28-6379-4300-8425-6DF0FDD09BB7}.Debug|Any CPU.Build.0 = Debug|Any CPU
		{1D668E28-6379-4300-8425-6DF0FDD09BB7}.Release|Any CPU.ActiveCfg = Release|Any CPU
		{1D668E28-6379-4300-8425-6DF0FDD09BB7}.Release|Any CPU.Build.0 = Release|Any CPU
	EndGlobalSection
	GlobalSection(SolutionProperties) = preSolution
		HideSolutionNode = FALSE
	EndGlobalSection
EndGlobal
