
Microsoft Visual Studio Solution File, Format Version 9.00
# Visual Studio 2005
Project("{8BC9CEB8-8B4A-11D0-8D11-00A0C91BC942}") = "Client", "Client\Client.vcproj", "{AE0A1613-1F7C-4C94-88BF-B050F2978F70}"
EndProject
Project("{8BC9CEB8-8B4A-11D0-8D11-00A0C91BC942}") = "Router", "Router\Router.vcproj", "{A421ED79-F1DE-43B8-9DFA-D7E5EC6FA2CA}"
EndProject
Project("{8BC9CEB8-8B4A-11D0-8D11-00A0C91BC942}") = "CalculatorService", "service-calculator\CalculatorService.vcproj", "{5E2A6B63-504D-4D9D-B01F-F79A7E9A2E3D}"
EndProject
Project("{8BC9CEB8-8B4A-11D0-8D11-00A0C91BC942}") = "EchoService", "service-echo\EchoService.vcproj", "{902C81F4-CD10-498F-86DA-CDEB84E85E58}"
EndProject
Global
	GlobalSection(SolutionConfigurationPlatforms) = preSolution
		Debug|Win32 = Debug|Win32
		Release|Win32 = Release|Win32
	EndGlobalSection
	GlobalSection(ProjectConfigurationPlatforms) = postSolution
		{AE0A1613-1F7C-4C94-88BF-B050F2978F70}.Debug|Win32.ActiveCfg = Debug|Win32
		{AE0A1613-1F7C-4C94-88BF-B050F2978F70}.Debug|Win32.Build.0 = Debug|Win32
		{AE0A1613-1F7C-4C94-88BF-B050F2978F70}.Release|Win32.ActiveCfg = Release|Win32
		{AE0A1613-1F7C-4C94-88BF-B050F2978F70}.Release|Win32.Build.0 = Release|Win32
		{A421ED79-F1DE-43B8-9DFA-D7E5EC6FA2CA}.Debug|Win32.ActiveCfg = Debug|Win32
		{A421ED79-F1DE-43B8-9DFA-D7E5EC6FA2CA}.Debug|Win32.Build.0 = Debug|Win32
		{A421ED79-F1DE-43B8-9DFA-D7E5EC6FA2CA}.Release|Win32.ActiveCfg = Release|Win32
		{A421ED79-F1DE-43B8-9DFA-D7E5EC6FA2CA}.Release|Win32.Build.0 = Release|Win32
		{5E2A6B63-504D-4D9D-B01F-F79A7E9A2E3D}.Debug|Win32.ActiveCfg = Debug|Win32
		{5E2A6B63-504D-4D9D-B01F-F79A7E9A2E3D}.Debug|Win32.Build.0 = Debug|Win32
		{5E2A6B63-504D-4D9D-B01F-F79A7E9A2E3D}.Release|Win32.ActiveCfg = Release|Win32
		{5E2A6B63-504D-4D9D-B01F-F79A7E9A2E3D}.Release|Win32.Build.0 = Release|Win32
		{902C81F4-CD10-498F-86DA-CDEB84E85E58}.Debug|Win32.ActiveCfg = Debug|Win32
		{902C81F4-CD10-498F-86DA-CDEB84E85E58}.Debug|Win32.Build.0 = Debug|Win32
		{902C81F4-CD10-498F-86DA-CDEB84E85E58}.Release|Win32.ActiveCfg = Release|Win32
		{902C81F4-CD10-498F-86DA-CDEB84E85E58}.Release|Win32.Build.0 = Release|Win32
	EndGlobalSection
	GlobalSection(SolutionProperties) = preSolution
		HideSolutionNode = FALSE
	EndGlobalSection
EndGlobal
