
Microsoft Visual Studio Solution File, Format Version 9.00
# Visual Studio 2005
Project("{F184B08F-C81C-45F6-A57F-5ABD9991F28F}") = "TestV1Part1", "TestV1Part1\TestV1Part1.vbproj", "{8EFEF33B-038D-4EA5-B55F-7126E25C6C6E}"
EndProject
Project("{F184B08F-C81C-45F6-A57F-5ABD9991F28F}") = "TestV1Part2", "TestV1Part2\TestV1Part2.vbproj", "{198CDF76-3C7B-4002-9154-8E5785EFB46B}"
EndProject
Project("{F184B08F-C81C-45F6-A57F-5ABD9991F28F}") = "Person", "Person\Person.vbproj", "{546BAD1E-0427-480B-9A7B-C4F9A3370F16}"
EndProject
Global
	GlobalSection(SolutionConfigurationPlatforms) = preSolution
		Debug|Any CPU = Debug|Any CPU
		Release|Any CPU = Release|Any CPU
	EndGlobalSection
	GlobalSection(ProjectConfigurationPlatforms) = postSolution
		{8EFEF33B-038D-4EA5-B55F-7126E25C6C6E}.Debug|Any CPU.ActiveCfg = Debug|Any CPU
		{8EFEF33B-038D-4EA5-B55F-7126E25C6C6E}.Debug|Any CPU.Build.0 = Debug|Any CPU
		{8EFEF33B-038D-4EA5-B55F-7126E25C6C6E}.Release|Any CPU.ActiveCfg = Release|Any CPU
		{8EFEF33B-038D-4EA5-B55F-7126E25C6C6E}.Release|Any CPU.Build.0 = Release|Any CPU
		{198CDF76-3C7B-4002-9154-8E5785EFB46B}.Debug|Any CPU.ActiveCfg = Debug|Any CPU
		{198CDF76-3C7B-4002-9154-8E5785EFB46B}.Debug|Any CPU.Build.0 = Debug|Any CPU
		{198CDF76-3C7B-4002-9154-8E5785EFB46B}.Release|Any CPU.ActiveCfg = Release|Any CPU
		{198CDF76-3C7B-4002-9154-8E5785EFB46B}.Release|Any CPU.Build.0 = Release|Any CPU
		{546BAD1E-0427-480B-9A7B-C4F9A3370F16}.Debug|Any CPU.ActiveCfg = Debug|Any CPU
		{546BAD1E-0427-480B-9A7B-C4F9A3370F16}.Debug|Any CPU.Build.0 = Debug|Any CPU
		{546BAD1E-0427-480B-9A7B-C4F9A3370F16}.Release|Any CPU.ActiveCfg = Release|Any CPU
		{546BAD1E-0427-480B-9A7B-C4F9A3370F16}.Release|Any CPU.Build.0 = Release|Any CPU
	EndGlobalSection
	GlobalSection(SolutionProperties) = preSolution
		HideSolutionNode = FALSE
	EndGlobalSection
EndGlobal
