
Microsoft Visual Studio Solution File, Format Version 9.00
# Visual Studio 2005
Project("{FAE04EC0-301F-11D3-BF4B-00C04F79EFBC}") = "HostApplication", "HostApplication\HostApplication.csproj", "{1FEFB655-35D0-43E4-AC04-FCD0A5FB7DD6}"
EndProject
Project("{FAE04EC0-301F-11D3-BF4B-00C04F79EFBC}") = "ConsoleActivity", "ConsoleActivity\ConsoleActivity.csproj", "{FFFE7457-E4B5-4C4F-A7F7-1B93FA66A528}"
EndProject
Global
	GlobalSection(SolutionConfigurationPlatforms) = preSolution
		Debug|Any CPU = Debug|Any CPU
		Release|Any CPU = Release|Any CPU
	EndGlobalSection
	GlobalSection(ProjectConfigurationPlatforms) = postSolution
		{FFFE7457-E4B5-4C4F-A7F7-1B93FA66A528}.Debug|Any CPU.ActiveCfg = Debug|Any CPU
		{FFFE7457-E4B5-4C4F-A7F7-1B93FA66A528}.Debug|Any CPU.Build.0 = Debug|Any CPU
		{FFFE7457-E4B5-4C4F-A7F7-1B93FA66A528}.Release|Any CPU.ActiveCfg = Release|Any CPU
		{FFFE7457-E4B5-4C4F-A7F7-1B93FA66A528}.Release|Any CPU.Build.0 = Release|Any CPU
		{1FEFB655-35D0-43E4-AC04-FCD0A5FB7DD6}.Debug|Any CPU.ActiveCfg = Debug|Any CPU
		{1FEFB655-35D0-43E4-AC04-FCD0A5FB7DD6}.Debug|Any CPU.Build.0 = Debug|Any CPU
		{1FEFB655-35D0-43E4-AC04-FCD0A5FB7DD6}.Release|Any CPU.ActiveCfg = Release|Any CPU
		{1FEFB655-35D0-43E4-AC04-FCD0A5FB7DD6}.Release|Any CPU.Build.0 = Release|Any CPU
	EndGlobalSection
	GlobalSection(SolutionProperties) = preSolution
		HideSolutionNode = FALSE
	EndGlobalSection
EndGlobal
