
Microsoft Visual Studio Solution File, Format Version 9.00
# Visual Studio 2005
Project("{F184B08F-C81C-45F6-A57F-5ABD9991F28F}") = "client", "client\client.vbproj", "{76ADA98F-5AB9-4F9E-86E1-7EC268B45F76}"
EndProject
Project("{F184B08F-C81C-45F6-A57F-5ABD9991F28F}") = "service", "service\service.vbproj", "{2312F7E3-28DD-4920-B344-0540561E63E9}"
EndProject
Global
	GlobalSection(SolutionConfigurationPlatforms) = preSolution
		Debug|Any CPU = Debug|Any CPU
		Release|Any CPU = Release|Any CPU
	EndGlobalSection
	GlobalSection(ProjectConfigurationPlatforms) = postSolution
		{76ADA98F-5AB9-4F9E-86E1-7EC268B45F76}.Debug|Any CPU.ActiveCfg = Debug|Any CPU
		{76ADA98F-5AB9-4F9E-86E1-7EC268B45F76}.Debug|Any CPU.Build.0 = Debug|Any CPU
		{76ADA98F-5AB9-4F9E-86E1-7EC268B45F76}.Release|Any CPU.ActiveCfg = Release|Any CPU
		{76ADA98F-5AB9-4F9E-86E1-7EC268B45F76}.Release|Any CPU.Build.0 = Release|Any CPU
		{2312F7E3-28DD-4920-B344-0540561E63E9}.Debug|Any CPU.ActiveCfg = Debug|Any CPU
		{2312F7E3-28DD-4920-B344-0540561E63E9}.Debug|Any CPU.Build.0 = Debug|Any CPU
		{2312F7E3-28DD-4920-B344-0540561E63E9}.Release|Any CPU.ActiveCfg = Release|Any CPU
		{2312F7E3-28DD-4920-B344-0540561E63E9}.Release|Any CPU.Build.0 = Release|Any CPU
	EndGlobalSection
	GlobalSection(SolutionProperties) = preSolution
		HideSolutionNode = FALSE
	EndGlobalSection
EndGlobal
