Microsoft Visual Studio Solution File, Format Version 7.00
Project("{FAE04EC0-301F-11D3-BF4B-00C04F79EFBC}") = "SystemTrayExample", "SystemTrayExample.csproj", "{FBB339A0-B736-483A-9BC1-44188260B58A}"
EndProject
Global
	GlobalSection(SolutionConfiguration) = preSolution
		ConfigName.0 = Debug
		ConfigName.1 = Release
	EndGlobalSection
	GlobalSection(ProjectDependencies) = postSolution
	EndGlobalSection
	GlobalSection(ProjectConfiguration) = postSolution
		{FBB339A0-B736-483A-9BC1-44188260B58A}.Debug.ActiveCfg = Debug|.NET
		{FBB339A0-B736-483A-9BC1-44188260B58A}.Debug.Build.0 = Debug|.NET
		{FBB339A0-B736-483A-9BC1-44188260B58A}.Release.ActiveCfg = Release|.NET
		{FBB339A0-B736-483A-9BC1-44188260B58A}.Release.Build.0 = Release|.NET
	EndGlobalSection
	GlobalSection(ExtensibilityGlobals) = postSolution
	EndGlobalSection
	GlobalSection(ExtensibilityAddIns) = postSolution
	EndGlobalSection
EndGlobal
