
Microsoft Visual Studio Solution File, Format Version 11.00
# Visual Studio 10
Project("{FAE04EC0-301F-11D3-BF4B-00C04F79EFBC}") = "SwitchRange", "SwitchRange/SwitchRange.csproj", "{CA726829-FE8E-4C8B-AC1A-1144D59E3474}"
EndProject
Global
	GlobalSection(SolutionConfigurationPlatforms) = preSolution
		Debug|Any CPU = Debug|Any CPU
		Release|Any CPU = Release|Any CPU
	EndGlobalSection
	GlobalSection(ProjectConfigurationPlatforms) = postSolution
		{CA726829-FE8E-4C8B-AC1A-1144D59E3474}.Debug|Any CPU.ActiveCfg = Debug|Any CPU
		{CA726829-FE8E-4C8B-AC1A-1144D59E3474}.Debug|Any CPU.Build.0 = Debug|Any CPU
		{CA726829-FE8E-4C8B-AC1A-1144D59E3474}.Release|Any CPU.ActiveCfg = Release|Any CPU
		{CA726829-FE8E-4C8B-AC1A-1144D59E3474}.Release|Any CPU.Build.0 = Release|Any CPU
	EndGlobalSection
	GlobalSection(SolutionProperties) = preSolution
		HideSolutionNode = FALSE
	EndGlobalSection
EndGlobal
