
Microsoft Visual Studio Solution File, Format Version 9.00
# Visual Studio 2005
Project("{F184B08F-C81C-45F6-A57F-5ABD9991F28F}") = "client", "client\client.vbproj", "{0220E2CD-A1E3-4847-8972-DF59252D8645}"
EndProject
Project("{F184B08F-C81C-45F6-A57F-5ABD9991F28F}") = "service", "service\service.vbproj", "{91191649-A62F-4041-B680-5527D30C6051}"
EndProject
Global
	GlobalSection(SolutionConfigurationPlatforms) = preSolution
		Debug|Any CPU = Debug|Any CPU
		Release|Any CPU = Release|Any CPU
	EndGlobalSection
	GlobalSection(ProjectConfigurationPlatforms) = postSolution
		{0220E2CD-A1E3-4847-8972-DF59252D8645}.Debug|Any CPU.ActiveCfg = Debug|Any CPU
		{0220E2CD-A1E3-4847-8972-DF59252D8645}.Debug|Any CPU.Build.0 = Debug|Any CPU
		{0220E2CD-A1E3-4847-8972-DF59252D8645}.Release|Any CPU.ActiveCfg = Release|Any CPU
		{0220E2CD-A1E3-4847-8972-DF59252D8645}.Release|Any CPU.Build.0 = Release|Any CPU
		{91191649-A62F-4041-B680-5527D30C6051}.Debug|Any CPU.ActiveCfg = Debug|Any CPU
		{91191649-A62F-4041-B680-5527D30C6051}.Debug|Any CPU.Build.0 = Debug|Any CPU
		{91191649-A62F-4041-B680-5527D30C6051}.Release|Any CPU.ActiveCfg = Release|Any CPU
		{91191649-A62F-4041-B680-5527D30C6051}.Release|Any CPU.Build.0 = Release|Any CPU
	EndGlobalSection
	GlobalSection(SolutionProperties) = preSolution
		HideSolutionNode = FALSE
	EndGlobalSection
EndGlobal
