
Microsoft Visual Studio Solution File, Format Version 9.00
# Visual Studio 2005
Project("{FAE04EC0-301F-11D3-BF4B-00C04F79EFBC}") = "client", "client\client.csproj", "{50E701ED-3CFA-4194-A05D-96C489A875A8}"
EndProject
Project("{FAE04EC0-301F-11D3-BF4B-00C04F79EFBC}") = "WseHttpBinding", "WSEHttpBinding\WseHttpBinding.csproj", "{3E0D2DA9-BC6F-42AB-BA7E-AA8BE40648D0}"
EndProject
Project("{FAE04EC0-301F-11D3-BF4B-00C04F79EFBC}") = "service", "service\service.csproj", "{49825A12-D281-4C55-897B-92C9B63E853F}"
EndProject
Global
	GlobalSection(SolutionConfigurationPlatforms) = preSolution
		Debug|Any CPU = Debug|Any CPU
		Release|Any CPU = Release|Any CPU
	EndGlobalSection
	GlobalSection(ProjectConfigurationPlatforms) = postSolution
		{50E701ED-3CFA-4194-A05D-96C489A875A8}.Debug|Any CPU.ActiveCfg = Debug|Any CPU
		{50E701ED-3CFA-4194-A05D-96C489A875A8}.Debug|Any CPU.Build.0 = Debug|Any CPU
		{50E701ED-3CFA-4194-A05D-96C489A875A8}.Release|Any CPU.ActiveCfg = Release|Any CPU
		{50E701ED-3CFA-4194-A05D-96C489A875A8}.Release|Any CPU.Build.0 = Release|Any CPU
		{3E0D2DA9-BC6F-42AB-BA7E-AA8BE40648D0}.Debug|Any CPU.ActiveCfg = Debug|Any CPU
		{3E0D2DA9-BC6F-42AB-BA7E-AA8BE40648D0}.Debug|Any CPU.Build.0 = Debug|Any CPU
		{3E0D2DA9-BC6F-42AB-BA7E-AA8BE40648D0}.Release|Any CPU.ActiveCfg = Release|Any CPU
		{3E0D2DA9-BC6F-42AB-BA7E-AA8BE40648D0}.Release|Any CPU.Build.0 = Release|Any CPU
		{49825A12-D281-4C55-897B-92C9B63E853F}.Debug|Any CPU.ActiveCfg = Debug|Any CPU
		{49825A12-D281-4C55-897B-92C9B63E853F}.Debug|Any CPU.Build.0 = Debug|Any CPU
		{49825A12-D281-4C55-897B-92C9B63E853F}.Release|Any CPU.ActiveCfg = Release|Any CPU
		{49825A12-D281-4C55-897B-92C9B63E853F}.Release|Any CPU.Build.0 = Release|Any CPU
	EndGlobalSection
	GlobalSection(SolutionProperties) = preSolution
		HideSolutionNode = FALSE
	EndGlobalSection
EndGlobal
