<?xml version="1.0" encoding="utf-8"?>
<Project ToolsVersion="4.0" xmlns="http://schemas.microsoft.com/developer/msbuild/2003">
  <ItemGroup>
    <Filter Include="Source Files">
      <UniqueIdentifier>{dba4b39c-8e46-4c57-993e-4d12f6a85311}</UniqueIdentifier>
      <Extensions>cpp;c;cxx;def;odl;idl;hpj;bat;asm</Extensions>
    </Filter>
    <Filter Include="Header Files">
      <UniqueIdentifier>{0a4fc3ce-1701-4b81-b49f-4df906b9492b}</UniqueIdentifier>
      <Extensions>h;hpp;hxx;hm;inl;inc</Extensions>
    </Filter>
    <Filter Include="Resource Files">
      <UniqueIdentifier>{56a8e1cb-0e59-477a-b960-e6fc336545c4}</UniqueIdentifier>
      <Extensions>rc;ico;cur;bmp;dlg;rc2;rct;bin;rgs;gif;jpg;jpeg;jpe;r</Extensions>
    </Filter>
  </ItemGroup>
  <ItemGroup>
    <ClCompile Include="bar.cpp">
      <Filter>Source Files</Filter>
    </ClCompile>
    <ClCompile Include="compitem.cpp">
      <Filter>Source Files</Filter>
    </ClCompile>
    <ClCompile Include="complist.cpp">
      <Filter>Source Files</Filter>
    </ClCompile>
    <ClCompile Include="ErrorOut.cpp">
      <Filter>Source Files</Filter>
    </ClCompile>
    <ClCompile Include="file.cpp">
      <Filter>Source Files</Filter>
    </ClCompile>
    <ClCompile Include="findgoto.cpp">
      <Filter>Source Files</Filter>
    </ClCompile>
    <ClCompile Include="gfile.cpp">
      <Filter>Source Files</Filter>
    </ClCompile>
    <ClCompile Include="gutils.cpp">
      <Filter>Source Files</Filter>
    </ClCompile>
    <ClCompile Include="line.cpp">
      <Filter>Source Files</Filter>
    </ClCompile>
    <ClCompile Include="list.cpp">
      <Filter>Source Files</Filter>
    </ClCompile>
    <ClCompile Include="profile.cpp">
      <Filter>Source Files</Filter>
    </ClCompile>
    <ClCompile Include="scandir.cpp">
      <Filter>Source Files</Filter>
    </ClCompile>
    <ClCompile Include="sdkdiff.cpp">
      <Filter>Source Files</Filter>
    </ClCompile>
    <ClCompile Include="section.cpp">
      <Filter>Source Files</Filter>
    </ClCompile>
    <ClCompile Include="status.cpp">
      <Filter>Source Files</Filter>
    </ClCompile>
    <ClCompile Include="table.cpp">
      <Filter>Source Files</Filter>
    </ClCompile>
    <ClCompile Include="tpaint.cpp">
      <Filter>Source Files</Filter>
    </ClCompile>
    <ClCompile Include="tprint.cpp">
      <Filter>Source Files</Filter>
    </ClCompile>
    <ClCompile Include="tree.cpp">
      <Filter>Source Files</Filter>
    </ClCompile>
    <ClCompile Include="tscroll.cpp">
      <Filter>Source Files</Filter>
    </ClCompile>
    <ClCompile Include="utils.cpp">
      <Filter>Source Files</Filter>
    </ClCompile>
    <ClCompile Include="view.cpp">
      <Filter>Source Files</Filter>
    </ClCompile>
  </ItemGroup>
  <ItemGroup>
    <ClInclude Include="compitem.h">
      <Filter>Header Files</Filter>
    </ClInclude>
    <ClInclude Include="complist.h">
      <Filter>Header Files</Filter>
    </ClInclude>
    <ClInclude Include="ErrorOut.h">
      <Filter>Header Files</Filter>
    </ClInclude>
    <ClInclude Include="file.h">
      <Filter>Header Files</Filter>
    </ClInclude>
    <ClInclude Include="findgoto.h">
      <Filter>Header Files</Filter>
    </ClInclude>
    <ClInclude Include="gutils.h">
      <Filter>Header Files</Filter>
    </ClInclude>
    <ClInclude Include="gutilsrc.h">
      <Filter>Header Files</Filter>
    </ClInclude>
    <ClInclude Include="line.h">
      <Filter>Header Files</Filter>
    </ClInclude>
    <ClInclude Include="list.h">
      <Filter>Header Files</Filter>
    </ClInclude>
    <ClInclude Include="precomp.h">
      <Filter>Header Files</Filter>
    </ClInclude>
    <ClInclude Include="profile.h">
      <Filter>Header Files</Filter>
    </ClInclude>
    <ClInclude Include="scandir.h">
      <Filter>Header Files</Filter>
    </ClInclude>
    <ClInclude Include="sdapi.h">
      <Filter>Header Files</Filter>
    </ClInclude>
    <ClInclude Include="sdkdiff.h">
      <Filter>Header Files</Filter>
    </ClInclude>
    <ClInclude Include="section.h">
      <Filter>Header Files</Filter>
    </ClInclude>
    <ClInclude Include="state.h">
      <Filter>Header Files</Filter>
    </ClInclude>
    <ClInclude Include="table.h">
      <Filter>Header Files</Filter>
    </ClInclude>
    <ClInclude Include="tpriv.h">
      <Filter>Header Files</Filter>
    </ClInclude>
    <ClInclude Include="tree.h">
      <Filter>Header Files</Filter>
    </ClInclude>
    <ClInclude Include="view.h">
      <Filter>Header Files</Filter>
    </ClInclude>
    <ClInclude Include="wdiffrc.h">
      <Filter>Header Files</Filter>
    </ClInclude>
  </ItemGroup>
  <ItemGroup>
    <None Include="horzline.cur">
      <Filter>Resource Files</Filter>
    </None>
    <None Include="vertline.cur">
      <Filter>Resource Files</Filter>
    </None>
  </ItemGroup>
</Project>