Microsoft Visual Studio Solution File, Format Version 9.00
# Visual Studio 2005
Project("{FAE04EC0-301F-11D3-BF4B-00C04F79EFBC}") = "ProxyWiredToHttpChannel", "ProxyWiredToHttpChannel\ProxyWiredToHttpChannel.csproj", "{E1142B28-EAED-4FF5-A4A2-904FAE8D4099}"
	ProjectSection(ProjectDependencies) = postProject
		{E7BD6AF1-1476-44E0-841A-40BBAC9E02CE} = {E7BD6AF1-1476-44E0-841A-40BBAC9E02CE}
	EndProjectSection
EndProject
Project("{FAE04EC0-301F-11D3-BF4B-00C04F79EFBC}") = "ProxyWithCustomCasting", "ProxyWithCustomCasting\ProxyWithCustomCasting.csproj", "{FFD7BC5E-6E3C-468D-A350-1C0EF0B3BCC0}"
EndProject
Project("{FAE04EC0-301F-11D3-BF4B-00C04F79EFBC}") = "ProxyWithReturnMessage", "ProxyWithReturnMessage\ProxyWithReturnMessage.csproj", "{801E61F4-9991-451E-BF1E-51BC0A90C137}"
EndProject
Project("{FAE04EC0-301F-11D3-BF4B-00C04F79EFBC}") = "Hello", "ProxyWiredToHttpChannel\Hello.csproj", "{E7BD6AF1-1476-44E0-841A-40BBAC9E02CE}"
EndProject
Global
	GlobalSection(SolutionConfigurationPlatforms) = preSolution
		Debug|Any CPU = Debug|Any CPU
		Release|Any CPU = Release|Any CPU
	EndGlobalSection
	GlobalSection(ProjectConfigurationPlatforms) = postSolution
		{E1142B28-EAED-4FF5-A4A2-904FAE8D4099}.Debug|Any CPU.ActiveCfg = Debug|Any CPU
		{E1142B28-EAED-4FF5-A4A2-904FAE8D4099}.Debug|Any CPU.Build.0 = Debug|Any CPU
		{E1142B28-EAED-4FF5-A4A2-904FAE8D4099}.Release|Any CPU.ActiveCfg = Release|Any CPU
		{E1142B28-EAED-4FF5-A4A2-904FAE8D4099}.Release|Any CPU.Build.0 = Release|Any CPU
		{FFD7BC5E-6E3C-468D-A350-1C0EF0B3BCC0}.Debug|Any CPU.ActiveCfg = Debug|Any CPU
		{FFD7BC5E-6E3C-468D-A350-1C0EF0B3BCC0}.Debug|Any CPU.Build.0 = Debug|Any CPU
		{FFD7BC5E-6E3C-468D-A350-1C0EF0B3BCC0}.Release|Any CPU.ActiveCfg = Release|Any CPU
		{FFD7BC5E-6E3C-468D-A350-1C0EF0B3BCC0}.Release|Any CPU.Build.0 = Release|Any CPU
		{801E61F4-9991-451E-BF1E-51BC0A90C137}.Debug|Any CPU.ActiveCfg = Debug|Any CPU
		{801E61F4-9991-451E-BF1E-51BC0A90C137}.Debug|Any CPU.Build.0 = Debug|Any CPU
		{801E61F4-9991-451E-BF1E-51BC0A90C137}.Release|Any CPU.ActiveCfg = Release|Any CPU
		{801E61F4-9991-451E-BF1E-51BC0A90C137}.Release|Any CPU.Build.0 = Release|Any CPU
		{E7BD6AF1-1476-44E0-841A-40BBAC9E02CE}.Debug|Any CPU.ActiveCfg = Debug|Any CPU
		{E7BD6AF1-1476-44E0-841A-40BBAC9E02CE}.Debug|Any CPU.Build.0 = Debug|Any CPU
		{E7BD6AF1-1476-44E0-841A-40BBAC9E02CE}.Release|Any CPU.ActiveCfg = Release|Any CPU
		{E7BD6AF1-1476-44E0-841A-40BBAC9E02CE}.Release|Any CPU.Build.0 = Release|Any CPU
	EndGlobalSection
	GlobalSection(SolutionProperties) = preSolution
		HideSolutionNode = FALSE
	EndGlobalSection
EndGlobal
