
Microsoft Visual Studio Solution File, Format Version 9.00
# Visual Studio 2005
Project("{F184B08F-C81C-45F6-A57F-5ABD9991F28F}") = "client", "client\client.vbproj", "{79DB7D63-E421-40EC-9B80-DD4A6B4C53FC}"
EndProject
Project("{F184B08F-C81C-45F6-A57F-5ABD9991F28F}") = "service", "service\service.vbproj", "{23C011A2-A9F2-4CC9-8718-E7851F0F16BB}"
EndProject
Global
	GlobalSection(SolutionConfigurationPlatforms) = preSolution
		Debug|Any CPU = Debug|Any CPU
		Release|Any CPU = Release|Any CPU
	EndGlobalSection
	GlobalSection(ProjectConfigurationPlatforms) = postSolution
		{79DB7D63-E421-40EC-9B80-DD4A6B4C53FC}.Debug|Any CPU.ActiveCfg = Debug|Any CPU
		{79DB7D63-E421-40EC-9B80-DD4A6B4C53FC}.Debug|Any CPU.Build.0 = Debug|Any CPU
		{79DB7D63-E421-40EC-9B80-DD4A6B4C53FC}.Release|Any CPU.ActiveCfg = Release|Any CPU
		{79DB7D63-E421-40EC-9B80-DD4A6B4C53FC}.Release|Any CPU.Build.0 = Release|Any CPU
		{23C011A2-A9F2-4CC9-8718-E7851F0F16BB}.Debug|Any CPU.ActiveCfg = Debug|Any CPU
		{23C011A2-A9F2-4CC9-8718-E7851F0F16BB}.Debug|Any CPU.Build.0 = Debug|Any CPU
		{23C011A2-A9F2-4CC9-8718-E7851F0F16BB}.Release|Any CPU.ActiveCfg = Release|Any CPU
		{23C011A2-A9F2-4CC9-8718-E7851F0F16BB}.Release|Any CPU.Build.0 = Release|Any CPU
	EndGlobalSection
	GlobalSection(SolutionProperties) = preSolution
		HideSolutionNode = FALSE
	EndGlobalSection
EndGlobal
