
Microsoft Visual Studio Solution File, Format Version 9.00
# Visual Studio 2005
Project("{FAE04EC0-301F-11D3-BF4B-00C04F79EFBC}") = "Application", "Application\Application.csproj", "{C218132A-CA37-4941-A40A-4F89624BE70F}"
EndProject
Project("{FAE04EC0-301F-11D3-BF4B-00C04F79EFBC}") = "ImplementationLibrary", "ImplementationLibrary\ImplementationLibrary.csproj", "{6F5CFDE3-C1BB-430B-83F6-30170C7B2E55}"
EndProject
Project("{FAE04EC0-301F-11D3-BF4B-00C04F79EFBC}") = "SharedInterface", "SharedInterface\SharedInterface.csproj", "{66E433D7-AFA1-4D0C-A765-6582243E7773}"
EndProject
Global
	GlobalSection(SolutionConfigurationPlatforms) = preSolution
		Debug|Any CPU = Debug|Any CPU
		Release|Any CPU = Release|Any CPU
	EndGlobalSection
	GlobalSection(ProjectConfigurationPlatforms) = postSolution
		{C218132A-CA37-4941-A40A-4F89624BE70F}.Debug|Any CPU.ActiveCfg = Debug|Any CPU
		{C218132A-CA37-4941-A40A-4F89624BE70F}.Debug|Any CPU.Build.0 = Debug|Any CPU
		{C218132A-CA37-4941-A40A-4F89624BE70F}.Release|Any CPU.ActiveCfg = Release|Any CPU
		{C218132A-CA37-4941-A40A-4F89624BE70F}.Release|Any CPU.Build.0 = Release|Any CPU
		{6F5CFDE3-C1BB-430B-83F6-30170C7B2E55}.Debug|Any CPU.ActiveCfg = Debug|Any CPU
		{6F5CFDE3-C1BB-430B-83F6-30170C7B2E55}.Debug|Any CPU.Build.0 = Debug|Any CPU
		{6F5CFDE3-C1BB-430B-83F6-30170C7B2E55}.Release|Any CPU.ActiveCfg = Release|Any CPU
		{6F5CFDE3-C1BB-430B-83F6-30170C7B2E55}.Release|Any CPU.Build.0 = Release|Any CPU
		{66E433D7-AFA1-4D0C-A765-6582243E7773}.Debug|Any CPU.ActiveCfg = Debug|Any CPU
		{66E433D7-AFA1-4D0C-A765-6582243E7773}.Debug|Any CPU.Build.0 = Debug|Any CPU
		{66E433D7-AFA1-4D0C-A765-6582243E7773}.Release|Any CPU.ActiveCfg = Release|Any CPU
		{66E433D7-AFA1-4D0C-A765-6582243E7773}.Release|Any CPU.Build.0 = Release|Any CPU
	EndGlobalSection
	GlobalSection(SolutionProperties) = preSolution
		HideSolutionNode = FALSE
	EndGlobalSection
EndGlobal
