
Microsoft Visual Studio Solution File, Format Version 9.00
# Visual Studio 2005
Project("{F184B08F-C81C-45F6-A57F-5ABD9991F28F}") = "SharedInterface", "SharedInterface\SharedInterface.vbproj", "{9969FD04-3541-4C69-8ECF-C13F77D86723}"
EndProject
Project("{F184B08F-C81C-45F6-A57F-5ABD9991F28F}") = "Client", "Client\Client.vbproj", "{94EE6184-9A5A-4D3C-A140-2A3396E2FFFA}"
EndProject
Project("{F184B08F-C81C-45F6-A57F-5ABD9991F28F}") = "Server", "Server\Server.vbproj", "{FFCA080E-87D6-4040-8917-58B034707A5D}"
EndProject
Global
	GlobalSection(SolutionConfigurationPlatforms) = preSolution
		Debug|Any CPU = Debug|Any CPU
		Release|Any CPU = Release|Any CPU
	EndGlobalSection
	GlobalSection(ProjectConfigurationPlatforms) = postSolution
		{9969FD04-3541-4C69-8ECF-C13F77D86723}.Debug|Any CPU.ActiveCfg = Debug|Any CPU
		{9969FD04-3541-4C69-8ECF-C13F77D86723}.Debug|Any CPU.Build.0 = Debug|Any CPU
		{9969FD04-3541-4C69-8ECF-C13F77D86723}.Release|Any CPU.ActiveCfg = Release|Any CPU
		{9969FD04-3541-4C69-8ECF-C13F77D86723}.Release|Any CPU.Build.0 = Release|Any CPU
		{94EE6184-9A5A-4D3C-A140-2A3396E2FFFA}.Debug|Any CPU.ActiveCfg = Debug|Any CPU
		{94EE6184-9A5A-4D3C-A140-2A3396E2FFFA}.Debug|Any CPU.Build.0 = Debug|Any CPU
		{94EE6184-9A5A-4D3C-A140-2A3396E2FFFA}.Release|Any CPU.ActiveCfg = Release|Any CPU
		{94EE6184-9A5A-4D3C-A140-2A3396E2FFFA}.Release|Any CPU.Build.0 = Release|Any CPU
		{FFCA080E-87D6-4040-8917-58B034707A5D}.Debug|Any CPU.ActiveCfg = Debug|Any CPU
		{FFCA080E-87D6-4040-8917-58B034707A5D}.Debug|Any CPU.Build.0 = Debug|Any CPU
		{FFCA080E-87D6-4040-8917-58B034707A5D}.Release|Any CPU.ActiveCfg = Release|Any CPU
		{FFCA080E-87D6-4040-8917-58B034707A5D}.Release|Any CPU.Build.0 = Release|Any CPU
	EndGlobalSection
	GlobalSection(SolutionProperties) = preSolution
		HideSolutionNode = FALSE
	EndGlobalSection
EndGlobal
