
Microsoft Visual Studio Solution File, Format Version 10.00
# Visual Studio 2008
Project("{FAE04EC0-301F-11D3-BF4B-00C04F79EFBC}") = "DurableCalculator", "Service\DurableCalculator.csproj", "{C1D2F2C1-B104-4175-B2DB-D9C8A6FF099E}"
EndProject
Global
	GlobalSection(SolutionConfigurationPlatforms) = preSolution
		Debug|Any CPU = Debug|Any CPU
		Release|Any CPU = Release|Any CPU
	EndGlobalSection
	GlobalSection(ProjectConfigurationPlatforms) = postSolution
		{C1D2F2C1-B104-4175-B2DB-D9C8A6FF099E}.Debug|Any CPU.ActiveCfg = Debug|Any CPU
		{C1D2F2C1-B104-4175-B2DB-D9C8A6FF099E}.Debug|Any CPU.Build.0 = Debug|Any CPU
		{C1D2F2C1-B104-4175-B2DB-D9C8A6FF099E}.Release|Any CPU.ActiveCfg = Release|Any CPU
		{C1D2F2C1-B104-4175-B2DB-D9C8A6FF099E}.Release|Any CPU.Build.0 = Release|Any CPU
	EndGlobalSection
	GlobalSection(SolutionProperties) = preSolution
		HideSolutionNode = FALSE
	EndGlobalSection
EndGlobal
