
Microsoft Visual Studio Solution File, Format Version 9.00
# Visual Studio 2005
Project("{E6FDF86B-F3D1-11D4-8576-0002A516ECE8}") = "HttpListener", "HttpListener\HttpListener.vjsproj", "{87D0071F-28AC-4C48-8A5F-B5C2397865AE}"
EndProject
Global
	GlobalSection(SolutionConfigurationPlatforms) = preSolution
		Debug|Any CPU = Debug|Any CPU
		Release|Any CPU = Release|Any CPU
	EndGlobalSection
	GlobalSection(ProjectConfigurationPlatforms) = postSolution
		{87D0071F-28AC-4C48-8A5F-B5C2397865AE}.Debug|Any CPU.ActiveCfg = Debug|Any CPU
		{87D0071F-28AC-4C48-8A5F-B5C2397865AE}.Debug|Any CPU.Build.0 = Debug|Any CPU
		{87D0071F-28AC-4C48-8A5F-B5C2397865AE}.Release|Any CPU.ActiveCfg = Release|Any CPU
		{87D0071F-28AC-4C48-8A5F-B5C2397865AE}.Release|Any CPU.Build.0 = Release|Any CPU
	EndGlobalSection
	GlobalSection(SolutionProperties) = preSolution
		HideSolutionNode = FALSE
	EndGlobalSection
EndGlobal
