
Microsoft Visual Studio Solution File, Format Version 9.00
# Visual Studio 2005
Project("{F184B08F-C81C-45F6-A57F-5ABD9991F28F}") = "WorkflowMonitor", "WorkflowMonitor\WorkflowMonitor.vbproj", "{1504FF3D-9BCA-4512-89EE-6A3F791D8DFA}"
EndProject
Global
	GlobalSection(SolutionConfigurationPlatforms) = preSolution
		Debug|Any CPU = Debug|Any CPU
		Release|Any CPU = Release|Any CPU
	EndGlobalSection
	GlobalSection(ProjectConfigurationPlatforms) = postSolution
		{1504FF3D-9BCA-4512-89EE-6A3F791D8DFA}.Debug|Any CPU.ActiveCfg = Debug|Any CPU
		{1504FF3D-9BCA-4512-89EE-6A3F791D8DFA}.Debug|Any CPU.Build.0 = Debug|Any CPU
		{1504FF3D-9BCA-4512-89EE-6A3F791D8DFA}.Release|Any CPU.ActiveCfg = Release|Any CPU
		{1504FF3D-9BCA-4512-89EE-6A3F791D8DFA}.Release|Any CPU.Build.0 = Release|Any CPU
	EndGlobalSection
	GlobalSection(SolutionProperties) = preSolution
		HideSolutionNode = FALSE
	EndGlobalSection
EndGlobal
