
Microsoft Visual Studio Solution File, Format Version 10.00
# Visual Studio 2008
Project("{FAE04EC0-301F-11D3-BF4B-00C04F79EFBC}") = "SilverlightApplication", "SilverlightApplication\SilverlightApplication.csproj", "{B10B6968-AC8D-4B95-A6B8-C587E3A9C2B4}"
	ProjectSection(ProjectDependencies) = postProject
		{14202E98-2C6B-44DA-92C3-E81DC5AACA31} = {14202E98-2C6B-44DA-92C3-E81DC5AACA31}
	EndProjectSection
EndProject
Project("{FAE04EC0-301F-11D3-BF4B-00C04F79EFBC}") = "WPFBrowserApplication", "WPFBrowserApplication\WPFBrowserApplication.csproj", "{14202E98-2C6B-44DA-92C3-E81DC5AACA31}"
EndProject
Global
	GlobalSection(SolutionConfigurationPlatforms) = preSolution
		Debug|.NET = Debug|.NET
		Debug|Any CPU = Debug|Any CPU
		Debug|Mixed Platforms = Debug|Mixed Platforms
		Release|.NET = Release|.NET
		Release|Any CPU = Release|Any CPU
		Release|Mixed Platforms = Release|Mixed Platforms
	EndGlobalSection
	GlobalSection(ProjectConfigurationPlatforms) = postSolution
		{B10B6968-AC8D-4B95-A6B8-C587E3A9C2B4}.Debug|.NET.ActiveCfg = Debug|Any CPU
		{B10B6968-AC8D-4B95-A6B8-C587E3A9C2B4}.Debug|Any CPU.ActiveCfg = Debug|Any CPU
		{B10B6968-AC8D-4B95-A6B8-C587E3A9C2B4}.Debug|Any CPU.Build.0 = Debug|Any CPU
		{B10B6968-AC8D-4B95-A6B8-C587E3A9C2B4}.Debug|Mixed Platforms.ActiveCfg = Debug|Any CPU
		{B10B6968-AC8D-4B95-A6B8-C587E3A9C2B4}.Debug|Mixed Platforms.Build.0 = Debug|Any CPU
		{B10B6968-AC8D-4B95-A6B8-C587E3A9C2B4}.Release|.NET.ActiveCfg = Release|Any CPU
		{B10B6968-AC8D-4B95-A6B8-C587E3A9C2B4}.Release|Any CPU.ActiveCfg = Release|Any CPU
		{B10B6968-AC8D-4B95-A6B8-C587E3A9C2B4}.Release|Any CPU.Build.0 = Release|Any CPU
		{B10B6968-AC8D-4B95-A6B8-C587E3A9C2B4}.Release|Mixed Platforms.ActiveCfg = Release|Any CPU
		{B10B6968-AC8D-4B95-A6B8-C587E3A9C2B4}.Release|Mixed Platforms.Build.0 = Release|Any CPU
		{14202E98-2C6B-44DA-92C3-E81DC5AACA31}.Debug|.NET.ActiveCfg = Debug|Any CPU
		{14202E98-2C6B-44DA-92C3-E81DC5AACA31}.Debug|Any CPU.ActiveCfg = Debug|Any CPU
		{14202E98-2C6B-44DA-92C3-E81DC5AACA31}.Debug|Any CPU.Build.0 = Debug|Any CPU
		{14202E98-2C6B-44DA-92C3-E81DC5AACA31}.Debug|Mixed Platforms.ActiveCfg = Debug|Any CPU
		{14202E98-2C6B-44DA-92C3-E81DC5AACA31}.Debug|Mixed Platforms.Build.0 = Debug|Any CPU
		{14202E98-2C6B-44DA-92C3-E81DC5AACA31}.Release|.NET.ActiveCfg = Release|Any CPU
		{14202E98-2C6B-44DA-92C3-E81DC5AACA31}.Release|Any CPU.ActiveCfg = Release|Any CPU
		{14202E98-2C6B-44DA-92C3-E81DC5AACA31}.Release|Any CPU.Build.0 = Release|Any CPU
		{14202E98-2C6B-44DA-92C3-E81DC5AACA31}.Release|Mixed Platforms.ActiveCfg = Release|Any CPU
		{14202E98-2C6B-44DA-92C3-E81DC5AACA31}.Release|Mixed Platforms.Build.0 = Release|Any CPU
	EndGlobalSection
	GlobalSection(SolutionProperties) = preSolution
		HideSolutionNode = FALSE
	EndGlobalSection
EndGlobal
