Microsoft Visual Studio Solution File, Format Version 9.00
Project("{F184B08F-C81C-45F6-A57F-5ABD9991F28F}") = "PublicKeyVB", "PublicKeyCryptography\PublicKeyVB.vbproj", "{292BF707-F061-4681-90C5-3A8DB7D73EC6}"
EndProject
Project("{2150E333-8FDC-42A3-9474-1A3956D46DE8}") = "Solution Items", "Solution Items", "{3D739D18-3812-4152-878A-352F442685AD}"
	ProjectSection(SolutionItems) = postProject
		..\Readme.htm = ..\Readme.htm
	EndProjectSection
EndProject
Global
	GlobalSection(SolutionConfigurationPlatforms) = preSolution
		Debug|.NET = Debug|.NET
		Release|.NET = Release|.NET
	EndGlobalSection
	GlobalSection(ProjectConfigurationPlatforms) = postSolution
		{292BF707-F061-4681-90C5-3A8DB7D73EC6}.Debug|.NET.ActiveCfg = Debug|.NET
		{292BF707-F061-4681-90C5-3A8DB7D73EC6}.Debug|.NET.Build.0 = Debug|.NET
		{292BF707-F061-4681-90C5-3A8DB7D73EC6}.Release|.NET.ActiveCfg = Release|.NET
		{292BF707-F061-4681-90C5-3A8DB7D73EC6}.Release|.NET.Build.0 = Release|.NET
	EndGlobalSection
	GlobalSection(SolutionProperties) = preSolution
		HideSolutionNode = FALSE
	EndGlobalSection
EndGlobal
