
Microsoft Visual Studio Solution File, Format Version 10.00
# Visual Studio 2008
Project("{F184B08F-C81C-45F6-A57F-5ABD9991F28F}") = "client", "client\client.vbproj", "{92AA9FAA-841B-4567-9F97-0F2A84DAE3A9}"
EndProject
Project("{F184B08F-C81C-45F6-A57F-5ABD9991F28F}") = "service", "service\service.vbproj", "{8089BDA5-C0AA-489C-9F60-F39B73D320E8}"
EndProject
Global
	GlobalSection(SolutionConfigurationPlatforms) = preSolution
		Debug|Any CPU = Debug|Any CPU
		Release|Any CPU = Release|Any CPU
	EndGlobalSection
	GlobalSection(ProjectConfigurationPlatforms) = postSolution
		{92AA9FAA-841B-4567-9F97-0F2A84DAE3A9}.Debug|Any CPU.ActiveCfg = Debug|Any CPU
		{92AA9FAA-841B-4567-9F97-0F2A84DAE3A9}.Debug|Any CPU.Build.0 = Debug|Any CPU
		{92AA9FAA-841B-4567-9F97-0F2A84DAE3A9}.Release|Any CPU.ActiveCfg = Release|Any CPU
		{92AA9FAA-841B-4567-9F97-0F2A84DAE3A9}.Release|Any CPU.Build.0 = Release|Any CPU
		{8089BDA5-C0AA-489C-9F60-F39B73D320E8}.Debug|Any CPU.ActiveCfg = Debug|Any CPU
		{8089BDA5-C0AA-489C-9F60-F39B73D320E8}.Debug|Any CPU.Build.0 = Debug|Any CPU
		{8089BDA5-C0AA-489C-9F60-F39B73D320E8}.Release|Any CPU.ActiveCfg = Release|Any CPU
		{8089BDA5-C0AA-489C-9F60-F39B73D320E8}.Release|Any CPU.Build.0 = Release|Any CPU
	EndGlobalSection
	GlobalSection(SolutionProperties) = preSolution
		HideSolutionNode = FALSE
	EndGlobalSection
EndGlobal
