
Microsoft Visual Studio Solution File, Format Version 11.00
# Visual Studio 10
Project("{FAE04EC0-301F-11D3-BF4B-00C04F79EFBC}") = "Service", "Service\Service.csproj", "{0DB2A00C-019A-40A6-B061-F9D17BD6B5EC}"
EndProject
Project("{FAE04EC0-301F-11D3-BF4B-00C04F79EFBC}") = "Client", "Client\Client.csproj", "{FCEB4505-AA58-44F6-B9C2-81791D186F6B}"
EndProject
Global
	GlobalSection(SolutionConfigurationPlatforms) = preSolution
		Debug|Any CPU = Debug|Any CPU
		Release|Any CPU = Release|Any CPU
	EndGlobalSection
	GlobalSection(ProjectConfigurationPlatforms) = postSolution
		{0DB2A00C-019A-40A6-B061-F9D17BD6B5EC}.Debug|Any CPU.ActiveCfg = Debug|Any CPU
		{0DB2A00C-019A-40A6-B061-F9D17BD6B5EC}.Debug|Any CPU.Build.0 = Debug|Any CPU
		{0DB2A00C-019A-40A6-B061-F9D17BD6B5EC}.Release|Any CPU.ActiveCfg = Release|Any CPU
		{0DB2A00C-019A-40A6-B061-F9D17BD6B5EC}.Release|Any CPU.Build.0 = Release|Any CPU
		{FCEB4505-AA58-44F6-B9C2-81791D186F6B}.Debug|Any CPU.ActiveCfg = Debug|Any CPU
		{FCEB4505-AA58-44F6-B9C2-81791D186F6B}.Debug|Any CPU.Build.0 = Debug|Any CPU
		{FCEB4505-AA58-44F6-B9C2-81791D186F6B}.Release|Any CPU.ActiveCfg = Release|Any CPU
		{FCEB4505-AA58-44F6-B9C2-81791D186F6B}.Release|Any CPU.Build.0 = Release|Any CPU
	EndGlobalSection
	GlobalSection(SolutionProperties) = preSolution
		HideSolutionNode = FALSE
	EndGlobalSection
EndGlobal
