Microsoft Visual Studio Solution File, Format Version 9.00
Project("{FAE04EC0-301F-11D3-BF4B-00C04F79EFBC}") = "Explorer", "Explorer\Explorer.csproj", "{580DE33F-7C70-417F-AB8D-71E708F72797}"
EndProject
Global
	GlobalSection(SolutionConfigurationPlatforms) = preSolution
		Debug|.NET = Debug|.NET
		Release|.NET = Release|.NET
	EndGlobalSection
	GlobalSection(ProjectConfigurationPlatforms) = postSolution
		{580DE33F-7C70-417F-AB8D-71E708F72797}.Debug|.NET.ActiveCfg = Debug|.NET
		{580DE33F-7C70-417F-AB8D-71E708F72797}.Debug|.NET.Build.0 = Debug|.NET
		{580DE33F-7C70-417F-AB8D-71E708F72797}.Release|.NET.ActiveCfg = Release|.NET
		{580DE33F-7C70-417F-AB8D-71E708F72797}.Release|.NET.Build.0 = Release|.NET
	EndGlobalSection
	GlobalSection(SolutionProperties) = preSolution
		HideSolutionNode = FALSE
	EndGlobalSection
EndGlobal
