
Microsoft Visual Studio Solution File, Format Version 12.00
# Visual Studio 2013
VisualStudioVersion = 12.0.31101.0
MinimumVisualStudioVersion = 10.0.40219.1
Project("{2150E333-8FDC-42A3-9474-1A3956D46DE8}") = "Solution Items", "Solution Items", "{85E82300-F135-47E4-B725-466640BBBCD6}"
	ProjectSection(SolutionItems) = preProject
		Language2.vsd = Language2.vsd
	EndProjectSection
EndProject
Project("{FAE04EC0-301F-11D3-BF4B-00C04F79EFBC}") = "Dsl", "Dsl\Dsl.csproj", "{834097D8-CE48-421A-ADDB-29398A0AEF41}"
EndProject
Project("{FAE04EC0-301F-11D3-BF4B-00C04F79EFBC}") = "Debugging", "Debugging\Debugging.csproj", "{35662E59-7C04-40B6-8AFA-9D6847DE630D}"
EndProject
Global
	GlobalSection(SolutionConfigurationPlatforms) = preSolution
		Debug|Any CPU = Debug|Any CPU
		Release|Any CPU = Release|Any CPU
	EndGlobalSection
	GlobalSection(ProjectConfigurationPlatforms) = postSolution
		{834097D8-CE48-421A-ADDB-29398A0AEF41}.Debug|Any CPU.ActiveCfg = Debug|Any CPU
		{834097D8-CE48-421A-ADDB-29398A0AEF41}.Debug|Any CPU.Build.0 = Debug|Any CPU
		{834097D8-CE48-421A-ADDB-29398A0AEF41}.Release|Any CPU.ActiveCfg = Release|Any CPU
		{834097D8-CE48-421A-ADDB-29398A0AEF41}.Release|Any CPU.Build.0 = Release|Any CPU
		{35662E59-7C04-40B6-8AFA-9D6847DE630D}.Debug|Any CPU.ActiveCfg = Debug|Any CPU
		{35662E59-7C04-40B6-8AFA-9D6847DE630D}.Debug|Any CPU.Build.0 = Debug|Any CPU
		{35662E59-7C04-40B6-8AFA-9D6847DE630D}.Release|Any CPU.ActiveCfg = Release|Any CPU
		{35662E59-7C04-40B6-8AFA-9D6847DE630D}.Release|Any CPU.Build.0 = Release|Any CPU
	EndGlobalSection
	GlobalSection(SolutionProperties) = preSolution
		HideSolutionNode = FALSE
	EndGlobalSection
EndGlobal
