
Microsoft Visual Studio Solution File, Format Version 9.00
# Visual Studio 2005
Project("{FAE04EC0-301F-11D3-BF4B-00C04F79EFBC}") = "Client", "Client\Client.csproj", "{08C15923-80EE-4DFF-ADDC-FA01E76851BA}"
EndProject
Project("{FAE04EC0-301F-11D3-BF4B-00C04F79EFBC}") = "Service", "Service\Service.csproj", "{39FBD146-9765-472D-BDD1-7A43591A8905}"
EndProject
Project("{FAE04EC0-301F-11D3-BF4B-00C04F79EFBC}") = "NetHttpBinding", "NetHttpBinding\NetHttpBinding.csproj", "{FF1C8364-9A93-4098-AC13-43C97E19EF96}"
EndProject
Global
	GlobalSection(SolutionConfigurationPlatforms) = preSolution
		Debug|Any CPU = Debug|Any CPU
		Release|Any CPU = Release|Any CPU
	EndGlobalSection
	GlobalSection(ProjectConfigurationPlatforms) = postSolution
		{FF1C8364-9A93-4098-AC13-43C97E19EF96}.Debug|Any CPU.ActiveCfg = Debug|Any CPU
		{FF1C8364-9A93-4098-AC13-43C97E19EF96}.Debug|Any CPU.Build.0 = Debug|Any CPU
		{FF1C8364-9A93-4098-AC13-43C97E19EF96}.Release|Any CPU.ActiveCfg = Release|Any CPU
		{FF1C8364-9A93-4098-AC13-43C97E19EF96}.Release|Any CPU.Build.0 = Release|Any CPU
		{08C15923-80EE-4DFF-ADDC-FA01E76851BA}.Debug|Any CPU.ActiveCfg = Debug|Any CPU
		{08C15923-80EE-4DFF-ADDC-FA01E76851BA}.Debug|Any CPU.Build.0 = Debug|Any CPU
		{08C15923-80EE-4DFF-ADDC-FA01E76851BA}.Release|Any CPU.ActiveCfg = Release|Any CPU
		{08C15923-80EE-4DFF-ADDC-FA01E76851BA}.Release|Any CPU.Build.0 = Release|Any CPU
		{39FBD146-9765-472D-BDD1-7A43591A8905}.Debug|Any CPU.ActiveCfg = Debug|Any CPU
		{39FBD146-9765-472D-BDD1-7A43591A8905}.Debug|Any CPU.Build.0 = Debug|Any CPU
		{39FBD146-9765-472D-BDD1-7A43591A8905}.Release|Any CPU.ActiveCfg = Release|Any CPU
		{39FBD146-9765-472D-BDD1-7A43591A8905}.Release|Any CPU.Build.0 = Release|Any CPU
	EndGlobalSection
	GlobalSection(SolutionProperties) = preSolution
		HideSolutionNode = FALSE
	EndGlobalSection
EndGlobal
