
Microsoft Visual Studio Solution File, Format Version 9.00
# Visual Studio 2005
Project("{FAE04EC0-301F-11D3-BF4B-00C04F79EFBC}") = "Client", "client\Client.csproj", "{8712C555-BA42-44A2-8583-1A12EB6373DB}"
EndProject
Project("{FAE04EC0-301F-11D3-BF4B-00C04F79EFBC}") = "service", "service\service.csproj", "{A5FDB586-15D9-4C29-B34F-DBF1BBA36DD4}"
EndProject
Global
	GlobalSection(SolutionConfigurationPlatforms) = preSolution
		Debug|Any CPU = Debug|Any CPU
		Release|Any CPU = Release|Any CPU
	EndGlobalSection
	GlobalSection(ProjectConfigurationPlatforms) = postSolution
		{A5FDB586-15D9-4C29-B34F-DBF1BBA36DD4}.Debug|Any CPU.ActiveCfg = Debug|Any CPU
		{A5FDB586-15D9-4C29-B34F-DBF1BBA36DD4}.Debug|Any CPU.Build.0 = Debug|Any CPU
		{A5FDB586-15D9-4C29-B34F-DBF1BBA36DD4}.Release|Any CPU.ActiveCfg = Release|Any CPU
		{A5FDB586-15D9-4C29-B34F-DBF1BBA36DD4}.Release|Any CPU.Build.0 = Release|Any CPU
		{8712C555-BA42-44A2-8583-1A12EB6373DB}.Debug|Any CPU.ActiveCfg = Debug|Any CPU
		{8712C555-BA42-44A2-8583-1A12EB6373DB}.Debug|Any CPU.Build.0 = Debug|Any CPU
		{8712C555-BA42-44A2-8583-1A12EB6373DB}.Release|Any CPU.ActiveCfg = Release|Any CPU
		{8712C555-BA42-44A2-8583-1A12EB6373DB}.Release|Any CPU.Build.0 = Release|Any CPU
	EndGlobalSection
	GlobalSection(SolutionProperties) = preSolution
		HideSolutionNode = FALSE
	EndGlobalSection
EndGlobal
