
Microsoft Visual Studio Solution File, Format Version 10.00
# Visual Studio 2008
Project("{FAE04EC0-301F-11D3-BF4B-00C04F79EFBC}") = "UptimeMonitorServer", "UptimeMonitorServer\UptimeMonitorServer.csproj", "{7D723957-0101-4534-AAF6-D4CF4190FE1F}"
EndProject
Project("{FAE04EC0-301F-11D3-BF4B-00C04F79EFBC}") = "UptimeMonitorClient", "UptimeMonitorClient\UptimeMonitorClient.csproj", "{5F834B9C-8A04-4A18-90CF-1C234C61FF16}"
EndProject
Global
	GlobalSection(SolutionConfigurationPlatforms) = preSolution
		Debug|Any CPU = Debug|Any CPU
		Debug|x86 = Debug|x86
		Release|Any CPU = Release|Any CPU
		Release|x86 = Release|x86
	EndGlobalSection
	GlobalSection(ProjectConfigurationPlatforms) = postSolution
		{7D723957-0101-4534-AAF6-D4CF4190FE1F}.Debug|Any CPU.ActiveCfg = Debug|Any CPU
		{7D723957-0101-4534-AAF6-D4CF4190FE1F}.Debug|Any CPU.Build.0 = Debug|Any CPU
		{7D723957-0101-4534-AAF6-D4CF4190FE1F}.Debug|x86.ActiveCfg = Debug|x86
		{7D723957-0101-4534-AAF6-D4CF4190FE1F}.Debug|x86.Build.0 = Debug|x86
		{7D723957-0101-4534-AAF6-D4CF4190FE1F}.Release|Any CPU.ActiveCfg = Release|Any CPU
		{7D723957-0101-4534-AAF6-D4CF4190FE1F}.Release|Any CPU.Build.0 = Release|Any CPU
		{7D723957-0101-4534-AAF6-D4CF4190FE1F}.Release|x86.ActiveCfg = Release|x86
		{7D723957-0101-4534-AAF6-D4CF4190FE1F}.Release|x86.Build.0 = Release|x86
		{5F834B9C-8A04-4A18-90CF-1C234C61FF16}.Debug|Any CPU.ActiveCfg = Debug|Any CPU
		{5F834B9C-8A04-4A18-90CF-1C234C61FF16}.Debug|Any CPU.Build.0 = Debug|Any CPU
		{5F834B9C-8A04-4A18-90CF-1C234C61FF16}.Debug|Any CPU.Deploy.0 = Debug|Any CPU
		{5F834B9C-8A04-4A18-90CF-1C234C61FF16}.Debug|x86.ActiveCfg = Debug|Any CPU
		{5F834B9C-8A04-4A18-90CF-1C234C61FF16}.Release|Any CPU.ActiveCfg = Release|Any CPU
		{5F834B9C-8A04-4A18-90CF-1C234C61FF16}.Release|Any CPU.Build.0 = Release|Any CPU
		{5F834B9C-8A04-4A18-90CF-1C234C61FF16}.Release|Any CPU.Deploy.0 = Release|Any CPU
		{5F834B9C-8A04-4A18-90CF-1C234C61FF16}.Release|x86.ActiveCfg = Release|Any CPU
	EndGlobalSection
	GlobalSection(SolutionProperties) = preSolution
		HideSolutionNode = FALSE
	EndGlobalSection
EndGlobal
