
Microsoft Visual Studio Solution File, Format Version 9.00
# Visual Studio 2005
Project("{F184B08F-C81C-45F6-A57F-5ABD9991F28F}") = "PurchaseOrderWorkflow", "PurchaseOrderWorkflow\PurchaseOrderWorkflow.vbproj", "{E9BB4204-E8C4-4589-ABE5-A1A957FB8D53}"
EndProject
Project("{F184B08F-C81C-45F6-A57F-5ABD9991F28F}") = "POInterface", "POInterface\POInterface.vbproj", "{8B5D9027-47B3-4BFC-899F-42F2F2459DCB}"
EndProject
Global
	GlobalSection(SolutionConfigurationPlatforms) = preSolution
		Debug|Any CPU = Debug|Any CPU
		Release|Any CPU = Release|Any CPU
	EndGlobalSection
	GlobalSection(ProjectConfigurationPlatforms) = postSolution
		{E9BB4204-E8C4-4589-ABE5-A1A957FB8D53}.Debug|Any CPU.ActiveCfg = Debug|Any CPU
		{E9BB4204-E8C4-4589-ABE5-A1A957FB8D53}.Debug|Any CPU.Build.0 = Debug|Any CPU
		{E9BB4204-E8C4-4589-ABE5-A1A957FB8D53}.Release|Any CPU.ActiveCfg = Release|Any CPU
		{E9BB4204-E8C4-4589-ABE5-A1A957FB8D53}.Release|Any CPU.Build.0 = Release|Any CPU
		{8B5D9027-47B3-4BFC-899F-42F2F2459DCB}.Debug|Any CPU.ActiveCfg = Debug|Any CPU
		{8B5D9027-47B3-4BFC-899F-42F2F2459DCB}.Debug|Any CPU.Build.0 = Debug|Any CPU
		{8B5D9027-47B3-4BFC-899F-42F2F2459DCB}.Release|Any CPU.ActiveCfg = Release|Any CPU
		{8B5D9027-47B3-4BFC-899F-42F2F2459DCB}.Release|Any CPU.Build.0 = Release|Any CPU
	EndGlobalSection
	GlobalSection(SolutionProperties) = preSolution
		HideSolutionNode = FALSE
	EndGlobalSection
EndGlobal
