
Microsoft Visual Studio Solution File, Format Version 10.00
# Visual Studio 2008
Project("{FAE04EC0-301F-11D3-BF4B-00C04F79EFBC}") = "Client", "Client\Client.csproj", "{DD66C79D-E92E-45BB-86A9-7519E3201737}"
EndProject
Project("{FAE04EC0-301F-11D3-BF4B-00C04F79EFBC}") = "Server", "Server\Server.csproj", "{C0CC2A94-6D2F-4F33-A799-8E2DB3D9B943}"
EndProject
Global
	GlobalSection(SolutionConfigurationPlatforms) = preSolution
		Debug|Any CPU = Debug|Any CPU
		Release|Any CPU = Release|Any CPU
	EndGlobalSection
	GlobalSection(ProjectConfigurationPlatforms) = postSolution
		{DD66C79D-E92E-45BB-86A9-7519E3201737}.Debug|Any CPU.ActiveCfg = Debug|Any CPU
		{DD66C79D-E92E-45BB-86A9-7519E3201737}.Debug|Any CPU.Build.0 = Debug|Any CPU
		{DD66C79D-E92E-45BB-86A9-7519E3201737}.Debug|Any CPU.Deploy.0 = Debug|Any CPU
		{DD66C79D-E92E-45BB-86A9-7519E3201737}.Release|Any CPU.ActiveCfg = Release|Any CPU
		{DD66C79D-E92E-45BB-86A9-7519E3201737}.Release|Any CPU.Build.0 = Release|Any CPU
		{DD66C79D-E92E-45BB-86A9-7519E3201737}.Release|Any CPU.Deploy.0 = Release|Any CPU
		{C0CC2A94-6D2F-4F33-A799-8E2DB3D9B943}.Debug|Any CPU.ActiveCfg = Debug|Any CPU
		{C0CC2A94-6D2F-4F33-A799-8E2DB3D9B943}.Debug|Any CPU.Build.0 = Debug|Any CPU
		{C0CC2A94-6D2F-4F33-A799-8E2DB3D9B943}.Release|Any CPU.ActiveCfg = Release|Any CPU
		{C0CC2A94-6D2F-4F33-A799-8E2DB3D9B943}.Release|Any CPU.Build.0 = Release|Any CPU
	EndGlobalSection
	GlobalSection(SolutionProperties) = preSolution
		HideSolutionNode = FALSE
	EndGlobalSection
EndGlobal
