
Microsoft Visual Studio Solution File, Format Version 10.00
# Visual Studio 2008
Project("{8BC9CEB8-8B4A-11D0-8D11-00A0C91BC942}") = "ATLCOMService", "ATLCOMService\ATLCOMService.vcproj", "{D682519B-6252-418B-977F-84A739A4F4B7}"
EndProject
Project("{8BC9CEB8-8B4A-11D0-8D11-00A0C91BC942}") = "ATLCOMServicePS", "ATLCOMService\ATLCOMServicePS.vcproj", "{8072D8EC-DB59-4069-AA25-9364C81B9583}"
EndProject
Global
	GlobalSection(SolutionConfigurationPlatforms) = preSolution
		Debug|Win32 = Debug|Win32
		Release|Win32 = Release|Win32
	EndGlobalSection
	GlobalSection(ProjectConfigurationPlatforms) = postSolution
		{D682519B-6252-418B-977F-84A739A4F4B7}.Debug|Win32.ActiveCfg = Debug|Win32
		{D682519B-6252-418B-977F-84A739A4F4B7}.Debug|Win32.Build.0 = Debug|Win32
		{D682519B-6252-418B-977F-84A739A4F4B7}.Release|Win32.ActiveCfg = Release|Win32
		{D682519B-6252-418B-977F-84A739A4F4B7}.Release|Win32.Build.0 = Release|Win32
		{8072D8EC-DB59-4069-AA25-9364C81B9583}.Debug|Win32.ActiveCfg = Debug|Win32
		{8072D8EC-DB59-4069-AA25-9364C81B9583}.Debug|Win32.Build.0 = Debug|Win32
		{8072D8EC-DB59-4069-AA25-9364C81B9583}.Release|Win32.ActiveCfg = Release|Win32
		{8072D8EC-DB59-4069-AA25-9364C81B9583}.Release|Win32.Build.0 = Release|Win32
	EndGlobalSection
	GlobalSection(SolutionProperties) = preSolution
		HideSolutionNode = FALSE
	EndGlobalSection
EndGlobal
