
Microsoft Visual Studio Solution File, Format Version 10.00
# Visual Studio 2008
Project("{8BC9CEB8-8B4A-11D0-8D11-00A0C91BC942}") = "CppLoadLibrary", "CppLoadLibrary\CppLoadLibrary.vcproj", "{434CE30D-2F56-4A9B-847E-5FAB39C30A00}"
	ProjectSection(ProjectDependencies) = postProject
		{52E95A78-6446-49D8-8F79-31846518D34B} = {52E95A78-6446-49D8-8F79-31846518D34B}
	EndProjectSection
EndProject
Project("{8BC9CEB8-8B4A-11D0-8D11-00A0C91BC942}") = "CppDynamicLinkLibrary", "CppDynamicLinkLibrary\CppDynamicLinkLibrary.vcproj", "{52E95A78-6446-49D8-8F79-31846518D34B}"
EndProject
Global
	GlobalSection(SolutionConfigurationPlatforms) = preSolution
		Debug|Win32 = Debug|Win32
		Release|Win32 = Release|Win32
	EndGlobalSection
	GlobalSection(ProjectConfigurationPlatforms) = postSolution
		{434CE30D-2F56-4A9B-847E-5FAB39C30A00}.Debug|Win32.ActiveCfg = Debug|Win32
		{434CE30D-2F56-4A9B-847E-5FAB39C30A00}.Debug|Win32.Build.0 = Debug|Win32
		{434CE30D-2F56-4A9B-847E-5FAB39C30A00}.Release|Win32.ActiveCfg = Release|Win32
		{434CE30D-2F56-4A9B-847E-5FAB39C30A00}.Release|Win32.Build.0 = Release|Win32
		{52E95A78-6446-49D8-8F79-31846518D34B}.Debug|Win32.ActiveCfg = Debug|Win32
		{52E95A78-6446-49D8-8F79-31846518D34B}.Debug|Win32.Build.0 = Debug|Win32
		{52E95A78-6446-49D8-8F79-31846518D34B}.Release|Win32.ActiveCfg = Release|Win32
		{52E95A78-6446-49D8-8F79-31846518D34B}.Release|Win32.Build.0 = Release|Win32
	EndGlobalSection
	GlobalSection(SolutionProperties) = preSolution
		HideSolutionNode = FALSE
	EndGlobalSection
EndGlobal
