
Microsoft Visual Studio Solution File, Format Version 10.00
# Visual Studio 2008
Project("{8BC9CEB8-8B4A-11D0-8D11-00A0C91BC942}") = "CppOfficeManagedCOMAddInShim", "CppOfficeManagedCOMAddInShim\CppOfficeManagedCOMAddInShim.vcproj", "{1004E863-B8E2-44E7-B10C-88FE48D52E0D}"
	ProjectSection(ProjectDependencies) = postProject
		{1317DFA1-3A60-4B6C-AEB8-12424847498C} = {1317DFA1-3A60-4B6C-AEB8-12424847498C}
	EndProjectSection
EndProject
Project("{FAE04EC0-301F-11D3-BF4B-00C04F79EFBC}") = "CSOfficeSharedAddIn", "CSOfficeSharedAddIn\CSOfficeSharedAddIn.csproj", "{1317DFA1-3A60-4B6C-AEB8-12424847498C}"
EndProject
Project("{FAE04EC0-301F-11D3-BF4B-00C04F79EFBC}") = "ManagedAggregator", "ManagedAggregator\ManagedAggregator.csproj", "{44FE26F8-AACD-478D-BE76-FA9B53AC6D55}"
	ProjectSection(ProjectDependencies) = postProject
		{1004E863-B8E2-44E7-B10C-88FE48D52E0D} = {1004E863-B8E2-44E7-B10C-88FE48D52E0D}
	EndProjectSection
EndProject
Project("{54435603-DBB4-11D2-8724-00A0C9A8B90C}") = "CSOfficeSharedAddInSetup", "CSOfficeSharedAddIn\CSOfficeSharedAddInSetup\CSOfficeSharedAddInSetup.vdproj", "{04703E9A-898B-4BC2-8C12-0DB17D457DE4}"
EndProject
Global
	GlobalSection(SolutionConfigurationPlatforms) = preSolution
		Debug|Any CPU = Debug|Any CPU
		Debug|Mixed Platforms = Debug|Mixed Platforms
		Debug|Win32 = Debug|Win32
		Release|Any CPU = Release|Any CPU
		Release|Mixed Platforms = Release|Mixed Platforms
		Release|Win32 = Release|Win32
	EndGlobalSection
	GlobalSection(ProjectConfigurationPlatforms) = postSolution
		{1004E863-B8E2-44E7-B10C-88FE48D52E0D}.Debug|Any CPU.ActiveCfg = Debug|Win32
		{1004E863-B8E2-44E7-B10C-88FE48D52E0D}.Debug|Mixed Platforms.ActiveCfg = Debug|Win32
		{1004E863-B8E2-44E7-B10C-88FE48D52E0D}.Debug|Mixed Platforms.Build.0 = Debug|Win32
		{1004E863-B8E2-44E7-B10C-88FE48D52E0D}.Debug|Win32.ActiveCfg = Debug|Win32
		{1004E863-B8E2-44E7-B10C-88FE48D52E0D}.Debug|Win32.Build.0 = Debug|Win32
		{1004E863-B8E2-44E7-B10C-88FE48D52E0D}.Release|Any CPU.ActiveCfg = Release|Win32
		{1004E863-B8E2-44E7-B10C-88FE48D52E0D}.Release|Mixed Platforms.ActiveCfg = Release|Win32
		{1004E863-B8E2-44E7-B10C-88FE48D52E0D}.Release|Mixed Platforms.Build.0 = Release|Win32
		{1004E863-B8E2-44E7-B10C-88FE48D52E0D}.Release|Win32.ActiveCfg = Release|Win32
		{1004E863-B8E2-44E7-B10C-88FE48D52E0D}.Release|Win32.Build.0 = Release|Win32
		{1317DFA1-3A60-4B6C-AEB8-12424847498C}.Debug|Any CPU.ActiveCfg = Debug|Any CPU
		{1317DFA1-3A60-4B6C-AEB8-12424847498C}.Debug|Any CPU.Build.0 = Debug|Any CPU
		{1317DFA1-3A60-4B6C-AEB8-12424847498C}.Debug|Mixed Platforms.ActiveCfg = Debug|Any CPU
		{1317DFA1-3A60-4B6C-AEB8-12424847498C}.Debug|Mixed Platforms.Build.0 = Debug|Any CPU
		{1317DFA1-3A60-4B6C-AEB8-12424847498C}.Debug|Win32.ActiveCfg = Debug|Any CPU
		{1317DFA1-3A60-4B6C-AEB8-12424847498C}.Release|Any CPU.ActiveCfg = Release|Any CPU
		{1317DFA1-3A60-4B6C-AEB8-12424847498C}.Release|Any CPU.Build.0 = Release|Any CPU
		{1317DFA1-3A60-4B6C-AEB8-12424847498C}.Release|Mixed Platforms.ActiveCfg = Release|Any CPU
		{1317DFA1-3A60-4B6C-AEB8-12424847498C}.Release|Mixed Platforms.Build.0 = Release|Any CPU
		{1317DFA1-3A60-4B6C-AEB8-12424847498C}.Release|Win32.ActiveCfg = Release|Any CPU
		{44FE26F8-AACD-478D-BE76-FA9B53AC6D55}.Debug|Any CPU.ActiveCfg = Debug|Any CPU
		{44FE26F8-AACD-478D-BE76-FA9B53AC6D55}.Debug|Any CPU.Build.0 = Debug|Any CPU
		{44FE26F8-AACD-478D-BE76-FA9B53AC6D55}.Debug|Mixed Platforms.ActiveCfg = Debug|Any CPU
		{44FE26F8-AACD-478D-BE76-FA9B53AC6D55}.Debug|Mixed Platforms.Build.0 = Debug|Any CPU
		{44FE26F8-AACD-478D-BE76-FA9B53AC6D55}.Debug|Win32.ActiveCfg = Debug|Any CPU
		{44FE26F8-AACD-478D-BE76-FA9B53AC6D55}.Release|Any CPU.ActiveCfg = Release|Any CPU
		{44FE26F8-AACD-478D-BE76-FA9B53AC6D55}.Release|Any CPU.Build.0 = Release|Any CPU
		{44FE26F8-AACD-478D-BE76-FA9B53AC6D55}.Release|Mixed Platforms.ActiveCfg = Release|Any CPU
		{44FE26F8-AACD-478D-BE76-FA9B53AC6D55}.Release|Mixed Platforms.Build.0 = Release|Any CPU
		{44FE26F8-AACD-478D-BE76-FA9B53AC6D55}.Release|Win32.ActiveCfg = Release|Any CPU
		{04703E9A-898B-4BC2-8C12-0DB17D457DE4}.Debug|Any CPU.ActiveCfg = Debug
		{04703E9A-898B-4BC2-8C12-0DB17D457DE4}.Debug|Any CPU.Build.0 = Debug
		{04703E9A-898B-4BC2-8C12-0DB17D457DE4}.Debug|Mixed Platforms.ActiveCfg = Debug
		{04703E9A-898B-4BC2-8C12-0DB17D457DE4}.Debug|Mixed Platforms.Build.0 = Debug
		{04703E9A-898B-4BC2-8C12-0DB17D457DE4}.Debug|Win32.ActiveCfg = Debug
		{04703E9A-898B-4BC2-8C12-0DB17D457DE4}.Debug|Win32.Build.0 = Debug
		{04703E9A-898B-4BC2-8C12-0DB17D457DE4}.Release|Any CPU.ActiveCfg = Release
		{04703E9A-898B-4BC2-8C12-0DB17D457DE4}.Release|Any CPU.Build.0 = Release
		{04703E9A-898B-4BC2-8C12-0DB17D457DE4}.Release|Mixed Platforms.ActiveCfg = Release
		{04703E9A-898B-4BC2-8C12-0DB17D457DE4}.Release|Mixed Platforms.Build.0 = Release
		{04703E9A-898B-4BC2-8C12-0DB17D457DE4}.Release|Win32.ActiveCfg = Release
		{04703E9A-898B-4BC2-8C12-0DB17D457DE4}.Release|Win32.Build.0 = Release
	EndGlobalSection
	GlobalSection(SolutionProperties) = preSolution
		HideSolutionNode = FALSE
	EndGlobalSection
EndGlobal
