
Microsoft Visual Studio Solution File, Format Version 10.00
# Visual Studio 2008
Project("{8BC9CEB8-8B4A-11D0-8D11-00A0C91BC942}") = "CppRunAsUser", "CppRunAsUser\CppRunAsUser.vcproj", "{2FFB0396-BD96-43A0-A398-01E2EA18698B}"
EndProject
Global
	GlobalSection(SolutionConfigurationPlatforms) = preSolution
		Debug|Win32 = Debug|Win32
		Release|Win32 = Release|Win32
	EndGlobalSection
	GlobalSection(ProjectConfigurationPlatforms) = postSolution
		{2FFB0396-BD96-43A0-A398-01E2EA18698B}.Debug|Win32.ActiveCfg = Debug|Win32
		{2FFB0396-BD96-43A0-A398-01E2EA18698B}.Debug|Win32.Build.0 = Debug|Win32
		{2FFB0396-BD96-43A0-A398-01E2EA18698B}.Release|Win32.ActiveCfg = Release|Win32
		{2FFB0396-BD96-43A0-A398-01E2EA18698B}.Release|Win32.Build.0 = Release|Win32
	EndGlobalSection
	GlobalSection(SolutionProperties) = preSolution
		HideSolutionNode = FALSE
	EndGlobalSection
EndGlobal
