
Microsoft Visual Studio Solution File, Format Version 10.00
# Visual Studio 2008
Project("{8BC9CEB8-8B4A-11D0-8D11-00A0C91BC942}") = "CppWin7TaskbarProgressBar", "CppWin7TaskbarProgressBar\CppWin7TaskbarProgressBar.vcproj", "{92DA9D7A-0F24-4A40-A67D-D65CB2FEFCD3}"
EndProject
Global
	GlobalSection(SolutionConfigurationPlatforms) = preSolution
		Debug|Win32 = Debug|Win32
		Release|Win32 = Release|Win32
	EndGlobalSection
	GlobalSection(ProjectConfigurationPlatforms) = postSolution
		{92DA9D7A-0F24-4A40-A67D-D65CB2FEFCD3}.Debug|Win32.ActiveCfg = Debug|Win32
		{92DA9D7A-0F24-4A40-A67D-D65CB2FEFCD3}.Debug|Win32.Build.0 = Debug|Win32
		{92DA9D7A-0F24-4A40-A67D-D65CB2FEFCD3}.Release|Win32.ActiveCfg = Release|Win32
		{92DA9D7A-0F24-4A40-A67D-D65CB2FEFCD3}.Release|Win32.Build.0 = Release|Win32
	EndGlobalSection
	GlobalSection(SolutionProperties) = preSolution
		HideSolutionNode = FALSE
	EndGlobalSection
EndGlobal
