
Microsoft Visual Studio Solution File, Format Version 10.00
# Visual Studio 2008
Project("{8BC9CEB8-8B4A-11D0-8D11-00A0C91BC942}") = "CppWin7TriggerStartService", "CppWin7TriggerStartService\CppWin7TriggerStartService.vcproj", "{C5127CC8-3C14-46AB-81BE-733F9E458089}"
EndProject
Global
	GlobalSection(SolutionConfigurationPlatforms) = preSolution
		Debug|Win32 = Debug|Win32
		Release|Win32 = Release|Win32
	EndGlobalSection
	GlobalSection(ProjectConfigurationPlatforms) = postSolution
		{C5127CC8-3C14-46AB-81BE-733F9E458089}.Debug|Win32.ActiveCfg = Debug|Win32
		{C5127CC8-3C14-46AB-81BE-733F9E458089}.Debug|Win32.Build.0 = Debug|Win32
		{C5127CC8-3C14-46AB-81BE-733F9E458089}.Release|Win32.ActiveCfg = Release|Win32
		{C5127CC8-3C14-46AB-81BE-733F9E458089}.Release|Win32.Build.0 = Release|Win32
	EndGlobalSection
	GlobalSection(SolutionProperties) = preSolution
		HideSolutionNode = FALSE
	EndGlobalSection
EndGlobal
