
Microsoft Visual Studio Solution File, Format Version 10.00
# Visual Studio 2008
Project("{FAE04EC0-301F-11D3-BF4B-00C04F79EFBC}") = "CSASPNETMVCPager", "CSASPNETMVCPager\CSASPNETMVCPager.csproj", "{FB745149-DE3D-4916-A939-40FE40311E70}"
EndProject
Global
	GlobalSection(SolutionConfigurationPlatforms) = preSolution
		Debug|Any CPU = Debug|Any CPU
		Release|Any CPU = Release|Any CPU
	EndGlobalSection
	GlobalSection(ProjectConfigurationPlatforms) = postSolution
		{FB745149-DE3D-4916-A939-40FE40311E70}.Debug|Any CPU.ActiveCfg = Debug|Any CPU
		{FB745149-DE3D-4916-A939-40FE40311E70}.Debug|Any CPU.Build.0 = Debug|Any CPU
		{FB745149-DE3D-4916-A939-40FE40311E70}.Release|Any CPU.ActiveCfg = Release|Any CPU
		{FB745149-DE3D-4916-A939-40FE40311E70}.Release|Any CPU.Build.0 = Release|Any CPU
	EndGlobalSection
	GlobalSection(SolutionProperties) = preSolution
		HideSolutionNode = FALSE
	EndGlobalSection
EndGlobal
