
Microsoft Visual Studio Solution File, Format Version 10.00
# Visual Studio 2008
Project("{FAE04EC0-301F-11D3-BF4B-00C04F79EFBC}") = "CSASPNETCascadingDropDownList", "CSASPNETCascadingDropDownList\CSASPNETCascadingDropDownList.csproj", "{51CCB8D1-05EB-473F-B138-7DB1FB8256BD}"
EndProject
Global
	GlobalSection(SolutionConfigurationPlatforms) = preSolution
		Debug|Any CPU = Debug|Any CPU
		Release|Any CPU = Release|Any CPU
	EndGlobalSection
	GlobalSection(ProjectConfigurationPlatforms) = postSolution
		{51CCB8D1-05EB-473F-B138-7DB1FB8256BD}.Debug|Any CPU.ActiveCfg = Debug|Any CPU
		{51CCB8D1-05EB-473F-B138-7DB1FB8256BD}.Debug|Any CPU.Build.0 = Debug|Any CPU
		{51CCB8D1-05EB-473F-B138-7DB1FB8256BD}.Release|Any CPU.ActiveCfg = Release|Any CPU
		{51CCB8D1-05EB-473F-B138-7DB1FB8256BD}.Release|Any CPU.Build.0 = Release|Any CPU
	EndGlobalSection
	GlobalSection(SolutionProperties) = preSolution
		HideSolutionNode = FALSE
	EndGlobalSection
EndGlobal
