
Microsoft Visual Studio Solution File, Format Version 10.00
# Visual Studio 2008
Project("{FAE04EC0-301F-11D3-BF4B-00C04F79EFBC}") = "CSBrowserHelperObject", "CSBrowserHelperObject\CSBrowserHelperObject.csproj", "{D8E2C715-4C4C-46EB-B8E1-21936C1F1135}"
EndProject
Project("{54435603-DBB4-11D2-8724-00A0C9A8B90C}") = "CSBrowserHelperObjectSetup(x64)", "CSBrowserHelperObject\CSBrowserHelperObjectSetup(x64)\CSBrowserHelperObjectSetup(x64).vdproj", "{DE3FBA35-8DA6-468A-8896-EE38A21087C7}"
EndProject
Project("{54435603-DBB4-11D2-8724-00A0C9A8B90C}") = "CSBrowserHelperObjectSetup(x86)", "CSBrowserHelperObject\CSBrowserHelperObjectSetup(x86)\CSBrowserHelperObjectSetup(x86).vdproj", "{595116C8-F9F7-40F8-8051-E2A05559B5DF}"
EndProject
Global
	GlobalSection(SolutionConfigurationPlatforms) = preSolution
		Debug|Any CPU = Debug|Any CPU
		Debug|x64 = Debug|x64
		Debug|x86 = Debug|x86
		Release|Any CPU = Release|Any CPU
		Release|x64 = Release|x64
		Release|x86 = Release|x86
	EndGlobalSection
	GlobalSection(ProjectConfigurationPlatforms) = postSolution
		{D8E2C715-4C4C-46EB-B8E1-21936C1F1135}.Debug|Any CPU.ActiveCfg = Debug|Any CPU
		{D8E2C715-4C4C-46EB-B8E1-21936C1F1135}.Debug|Any CPU.Build.0 = Debug|Any CPU
		{D8E2C715-4C4C-46EB-B8E1-21936C1F1135}.Debug|x64.ActiveCfg = Debug|x64
		{D8E2C715-4C4C-46EB-B8E1-21936C1F1135}.Debug|x64.Build.0 = Debug|x64
		{D8E2C715-4C4C-46EB-B8E1-21936C1F1135}.Debug|x86.ActiveCfg = Debug|x86
		{D8E2C715-4C4C-46EB-B8E1-21936C1F1135}.Debug|x86.Build.0 = Debug|x86
		{D8E2C715-4C4C-46EB-B8E1-21936C1F1135}.Release|Any CPU.ActiveCfg = Release|Any CPU
		{D8E2C715-4C4C-46EB-B8E1-21936C1F1135}.Release|Any CPU.Build.0 = Release|Any CPU
		{D8E2C715-4C4C-46EB-B8E1-21936C1F1135}.Release|x64.ActiveCfg = Release|x64
		{D8E2C715-4C4C-46EB-B8E1-21936C1F1135}.Release|x64.Build.0 = Release|x64
		{D8E2C715-4C4C-46EB-B8E1-21936C1F1135}.Release|x86.ActiveCfg = Release|x86
		{D8E2C715-4C4C-46EB-B8E1-21936C1F1135}.Release|x86.Build.0 = Release|x86
		{DE3FBA35-8DA6-468A-8896-EE38A21087C7}.Debug|Any CPU.ActiveCfg = Debug
		{DE3FBA35-8DA6-468A-8896-EE38A21087C7}.Debug|x64.ActiveCfg = Debug
		{DE3FBA35-8DA6-468A-8896-EE38A21087C7}.Debug|x64.Build.0 = Debug
		{DE3FBA35-8DA6-468A-8896-EE38A21087C7}.Debug|x86.ActiveCfg = Debug
		{DE3FBA35-8DA6-468A-8896-EE38A21087C7}.Release|Any CPU.ActiveCfg = Release
		{DE3FBA35-8DA6-468A-8896-EE38A21087C7}.Release|x64.ActiveCfg = Release
		{DE3FBA35-8DA6-468A-8896-EE38A21087C7}.Release|x86.ActiveCfg = Release
		{595116C8-F9F7-40F8-8051-E2A05559B5DF}.Debug|Any CPU.ActiveCfg = Debug
		{595116C8-F9F7-40F8-8051-E2A05559B5DF}.Debug|x64.ActiveCfg = Debug
		{595116C8-F9F7-40F8-8051-E2A05559B5DF}.Debug|x86.ActiveCfg = Debug
		{595116C8-F9F7-40F8-8051-E2A05559B5DF}.Debug|x86.Build.0 = Debug
		{595116C8-F9F7-40F8-8051-E2A05559B5DF}.Release|Any CPU.ActiveCfg = Release
		{595116C8-F9F7-40F8-8051-E2A05559B5DF}.Release|x64.ActiveCfg = Release
		{595116C8-F9F7-40F8-8051-E2A05559B5DF}.Release|x86.ActiveCfg = Release
	EndGlobalSection
	GlobalSection(SolutionProperties) = preSolution
		HideSolutionNode = FALSE
	EndGlobalSection
EndGlobal
