
Microsoft Visual Studio Solution File, Format Version 10.00
# Visual Studio 2008
Project("{FAE04EC0-301F-11D3-BF4B-00C04F79EFBC}") = "CSCOMService", "CSCOMService\CSCOMService.csproj", "{884611AA-9379-4783-AE87-8ECBE0239EEB}"
EndProject
Global
	GlobalSection(SolutionConfigurationPlatforms) = preSolution
		Debug|Any CPU = Debug|Any CPU
		Release|Any CPU = Release|Any CPU
	EndGlobalSection
	GlobalSection(ProjectConfigurationPlatforms) = postSolution
		{884611AA-9379-4783-AE87-8ECBE0239EEB}.Debug|Any CPU.ActiveCfg = Debug|Any CPU
		{884611AA-9379-4783-AE87-8ECBE0239EEB}.Debug|Any CPU.Build.0 = Debug|Any CPU
		{884611AA-9379-4783-AE87-8ECBE0239EEB}.Release|Any CPU.ActiveCfg = Release|Any CPU
		{884611AA-9379-4783-AE87-8ECBE0239EEB}.Release|Any CPU.Build.0 = Release|Any CPU
	EndGlobalSection
	GlobalSection(SolutionProperties) = preSolution
		HideSolutionNode = FALSE
	EndGlobalSection
EndGlobal
