
Microsoft Visual Studio Solution File, Format Version 10.00
# Visual Studio 2008
Project("{FAE04EC0-301F-11D3-BF4B-00C04F79EFBC}") = "CSExcelAutomationAddIn", "CSExcelAutomationAddIn\CSExcelAutomationAddIn.csproj", "{A7F570E9-5024-4975-B55A-97BDFAF8F800}"
EndProject
Global
	GlobalSection(SolutionConfigurationPlatforms) = preSolution
		Debug|Any CPU = Debug|Any CPU
		Release|Any CPU = Release|Any CPU
	EndGlobalSection
	GlobalSection(ProjectConfigurationPlatforms) = postSolution
		{A7F570E9-5024-4975-B55A-97BDFAF8F800}.Debug|Any CPU.ActiveCfg = Debug|Any CPU
		{A7F570E9-5024-4975-B55A-97BDFAF8F800}.Debug|Any CPU.Build.0 = Debug|Any CPU
		{A7F570E9-5024-4975-B55A-97BDFAF8F800}.Release|Any CPU.ActiveCfg = Release|Any CPU
		{A7F570E9-5024-4975-B55A-97BDFAF8F800}.Release|Any CPU.Build.0 = Release|Any CPU
	EndGlobalSection
	GlobalSection(SolutionProperties) = preSolution
		HideSolutionNode = FALSE
	EndGlobalSection
EndGlobal
