
Microsoft Visual Studio Solution File, Format Version 10.00
# Visual Studio 2008
Project("{FAE04EC0-301F-11D3-BF4B-00C04F79EFBC}") = "CSLinqExtension", "CSLinqExtension\CSLinqExtension.csproj", "{FA24CB9B-AF12-4AD2-8AEF-C7760139886D}"
EndProject
Global
	GlobalSection(SolutionConfigurationPlatforms) = preSolution
		Debug|Any CPU = Debug|Any CPU
		Release|Any CPU = Release|Any CPU
	EndGlobalSection
	GlobalSection(ProjectConfigurationPlatforms) = postSolution
		{FA24CB9B-AF12-4AD2-8AEF-C7760139886D}.Debug|Any CPU.ActiveCfg = Debug|Any CPU
		{FA24CB9B-AF12-4AD2-8AEF-C7760139886D}.Debug|Any CPU.Build.0 = Debug|Any CPU
		{FA24CB9B-AF12-4AD2-8AEF-C7760139886D}.Release|Any CPU.ActiveCfg = Release|Any CPU
		{FA24CB9B-AF12-4AD2-8AEF-C7760139886D}.Release|Any CPU.Build.0 = Release|Any CPU
	EndGlobalSection
	GlobalSection(SolutionProperties) = preSolution
		HideSolutionNode = FALSE
	EndGlobalSection
EndGlobal
