
Microsoft Visual Studio Solution File, Format Version 10.00
# Visual Studio 2008
Project("{FAE04EC0-301F-11D3-BF4B-00C04F79EFBC}") = "CSRedirectConsole", "CSRedirectConsole\CSRedirectConsole.csproj", "{3C2104CE-C04F-4431-9D2F-0E49F4162511}"
EndProject
Project("{FAE04EC0-301F-11D3-BF4B-00C04F79EFBC}") = "CSConsoleApplication", "CSConsoleApplication\CSConsoleApplication.csproj", "{04D2A5D6-6A92-4F30-9766-AAFAD4A3F138}"
EndProject
Project("{8BC9CEB8-8B4A-11D0-8D11-00A0C91BC942}") = "CppConsoleApplication", "CppConsoleApplication\CppConsoleApplication.vcproj", "{D53E6EDF-6DD9-4E09-82BF-DA49822DF371}"
EndProject
Global
	GlobalSection(SolutionConfigurationPlatforms) = preSolution
		Debug|Any CPU = Debug|Any CPU
		Debug|Mixed Platforms = Debug|Mixed Platforms
		Debug|Win32 = Debug|Win32
		Release|Any CPU = Release|Any CPU
		Release|Mixed Platforms = Release|Mixed Platforms
		Release|Win32 = Release|Win32
	EndGlobalSection
	GlobalSection(ProjectConfigurationPlatforms) = postSolution
		{3C2104CE-C04F-4431-9D2F-0E49F4162511}.Debug|Any CPU.ActiveCfg = Debug|Any CPU
		{3C2104CE-C04F-4431-9D2F-0E49F4162511}.Debug|Any CPU.Build.0 = Debug|Any CPU
		{3C2104CE-C04F-4431-9D2F-0E49F4162511}.Debug|Mixed Platforms.ActiveCfg = Debug|Any CPU
		{3C2104CE-C04F-4431-9D2F-0E49F4162511}.Debug|Mixed Platforms.Build.0 = Debug|Any CPU
		{3C2104CE-C04F-4431-9D2F-0E49F4162511}.Debug|Win32.ActiveCfg = Debug|Any CPU
		{3C2104CE-C04F-4431-9D2F-0E49F4162511}.Release|Any CPU.ActiveCfg = Release|Any CPU
		{3C2104CE-C04F-4431-9D2F-0E49F4162511}.Release|Any CPU.Build.0 = Release|Any CPU
		{3C2104CE-C04F-4431-9D2F-0E49F4162511}.Release|Mixed Platforms.ActiveCfg = Release|Any CPU
		{3C2104CE-C04F-4431-9D2F-0E49F4162511}.Release|Mixed Platforms.Build.0 = Release|Any CPU
		{3C2104CE-C04F-4431-9D2F-0E49F4162511}.Release|Win32.ActiveCfg = Release|Any CPU
		{04D2A5D6-6A92-4F30-9766-AAFAD4A3F138}.Debug|Any CPU.ActiveCfg = Debug|Any CPU
		{04D2A5D6-6A92-4F30-9766-AAFAD4A3F138}.Debug|Any CPU.Build.0 = Debug|Any CPU
		{04D2A5D6-6A92-4F30-9766-AAFAD4A3F138}.Debug|Mixed Platforms.ActiveCfg = Debug|Any CPU
		{04D2A5D6-6A92-4F30-9766-AAFAD4A3F138}.Debug|Mixed Platforms.Build.0 = Debug|Any CPU
		{04D2A5D6-6A92-4F30-9766-AAFAD4A3F138}.Debug|Win32.ActiveCfg = Debug|Any CPU
		{04D2A5D6-6A92-4F30-9766-AAFAD4A3F138}.Release|Any CPU.ActiveCfg = Release|Any CPU
		{04D2A5D6-6A92-4F30-9766-AAFAD4A3F138}.Release|Any CPU.Build.0 = Release|Any CPU
		{04D2A5D6-6A92-4F30-9766-AAFAD4A3F138}.Release|Mixed Platforms.ActiveCfg = Release|Any CPU
		{04D2A5D6-6A92-4F30-9766-AAFAD4A3F138}.Release|Mixed Platforms.Build.0 = Release|Any CPU
		{04D2A5D6-6A92-4F30-9766-AAFAD4A3F138}.Release|Win32.ActiveCfg = Release|Any CPU
		{D53E6EDF-6DD9-4E09-82BF-DA49822DF371}.Debug|Any CPU.ActiveCfg = Debug|Win32
		{D53E6EDF-6DD9-4E09-82BF-DA49822DF371}.Debug|Mixed Platforms.ActiveCfg = Debug|Win32
		{D53E6EDF-6DD9-4E09-82BF-DA49822DF371}.Debug|Mixed Platforms.Build.0 = Debug|Win32
		{D53E6EDF-6DD9-4E09-82BF-DA49822DF371}.Debug|Win32.ActiveCfg = Debug|Win32
		{D53E6EDF-6DD9-4E09-82BF-DA49822DF371}.Debug|Win32.Build.0 = Debug|Win32
		{D53E6EDF-6DD9-4E09-82BF-DA49822DF371}.Release|Any CPU.ActiveCfg = Release|Win32
		{D53E6EDF-6DD9-4E09-82BF-DA49822DF371}.Release|Mixed Platforms.ActiveCfg = Release|Win32
		{D53E6EDF-6DD9-4E09-82BF-DA49822DF371}.Release|Mixed Platforms.Build.0 = Release|Win32
		{D53E6EDF-6DD9-4E09-82BF-DA49822DF371}.Release|Win32.ActiveCfg = Release|Win32
		{D53E6EDF-6DD9-4E09-82BF-DA49822DF371}.Release|Win32.Build.0 = Release|Win32
	EndGlobalSection
	GlobalSection(SolutionProperties) = preSolution
		HideSolutionNode = FALSE
	EndGlobalSection
EndGlobal
