
Microsoft Visual Studio Solution File, Format Version 10.00
# Visual Studio 2008
Project("{FAE04EC0-301F-11D3-BF4B-00C04F79EFBC}") = "CSRemotingServer", "CSRemotingServer\CSRemotingServer.csproj", "{4EA7E870-BEB5-44E9-AB9F-C556623370F1}"
EndProject
Project("{FAE04EC0-301F-11D3-BF4B-00C04F79EFBC}") = "CSRemotingClient", "CSRemotingClient\CSRemotingClient.csproj", "{5BD4FDF1-C917-4745-8925-07D4118120DC}"
EndProject
Project("{FAE04EC0-301F-11D3-BF4B-00C04F79EFBC}") = "CSRemotingSharedLibrary", "CSRemotingSharedLibrary\CSRemotingSharedLibrary.csproj", "{11C6CA68-5BD6-455A-808F-D3C3517ACD0C}"
EndProject
Global
	GlobalSection(SolutionConfigurationPlatforms) = preSolution
		Debug|Any CPU = Debug|Any CPU
		Release|Any CPU = Release|Any CPU
	EndGlobalSection
	GlobalSection(ProjectConfigurationPlatforms) = postSolution
		{4EA7E870-BEB5-44E9-AB9F-C556623370F1}.Debug|Any CPU.ActiveCfg = Debug|Any CPU
		{4EA7E870-BEB5-44E9-AB9F-C556623370F1}.Debug|Any CPU.Build.0 = Debug|Any CPU
		{4EA7E870-BEB5-44E9-AB9F-C556623370F1}.Release|Any CPU.ActiveCfg = Release|Any CPU
		{4EA7E870-BEB5-44E9-AB9F-C556623370F1}.Release|Any CPU.Build.0 = Release|Any CPU
		{5BD4FDF1-C917-4745-8925-07D4118120DC}.Debug|Any CPU.ActiveCfg = Debug|Any CPU
		{5BD4FDF1-C917-4745-8925-07D4118120DC}.Debug|Any CPU.Build.0 = Debug|Any CPU
		{5BD4FDF1-C917-4745-8925-07D4118120DC}.Release|Any CPU.ActiveCfg = Release|Any CPU
		{5BD4FDF1-C917-4745-8925-07D4118120DC}.Release|Any CPU.Build.0 = Release|Any CPU
		{11C6CA68-5BD6-455A-808F-D3C3517ACD0C}.Debug|Any CPU.ActiveCfg = Debug|Any CPU
		{11C6CA68-5BD6-455A-808F-D3C3517ACD0C}.Debug|Any CPU.Build.0 = Debug|Any CPU
		{11C6CA68-5BD6-455A-808F-D3C3517ACD0C}.Release|Any CPU.ActiveCfg = Release|Any CPU
		{11C6CA68-5BD6-455A-808F-D3C3517ACD0C}.Release|Any CPU.Build.0 = Release|Any CPU
	EndGlobalSection
	GlobalSection(SolutionProperties) = preSolution
		HideSolutionNode = FALSE
	EndGlobalSection
EndGlobal
