
Microsoft Visual Studio Solution File, Format Version 10.00
# Visual Studio 2008
Project("{FAE04EC0-301F-11D3-BF4B-00C04F79EFBC}") = "CSServicedComponent", "CSServicedComponent\CSServicedComponent.csproj", "{75587EE9-3B23-4CFC-85A5-D22F06B3D20F}"
EndProject
Global
	GlobalSection(SolutionConfigurationPlatforms) = preSolution
		Debug|Any CPU = Debug|Any CPU
		Release|Any CPU = Release|Any CPU
	EndGlobalSection
	GlobalSection(ProjectConfigurationPlatforms) = postSolution
		{75587EE9-3B23-4CFC-85A5-D22F06B3D20F}.Debug|Any CPU.ActiveCfg = Debug|Any CPU
		{75587EE9-3B23-4CFC-85A5-D22F06B3D20F}.Debug|Any CPU.Build.0 = Debug|Any CPU
		{75587EE9-3B23-4CFC-85A5-D22F06B3D20F}.Release|Any CPU.ActiveCfg = Release|Any CPU
		{75587EE9-3B23-4CFC-85A5-D22F06B3D20F}.Release|Any CPU.Build.0 = Release|Any CPU
	EndGlobalSection
	GlobalSection(SolutionProperties) = preSolution
		HideSolutionNode = FALSE
	EndGlobalSection
EndGlobal
