
Microsoft Visual Studio Solution File, Format Version 10.00
# Visual Studio 2008
Project("{FAE04EC0-301F-11D3-BF4B-00C04F79EFBC}") = "CSSL3LocalMessage", "CSSL3LocalMessage\CSSL3LocalMessage.csproj", "{4C13D4C9-3D2B-44D5-9DB6-7D06617BFA88}"
EndProject
Global
	GlobalSection(SolutionConfigurationPlatforms) = preSolution
		Debug|Any CPU = Debug|Any CPU
		Release|Any CPU = Release|Any CPU
	EndGlobalSection
	GlobalSection(ProjectConfigurationPlatforms) = postSolution
		{4C13D4C9-3D2B-44D5-9DB6-7D06617BFA88}.Debug|Any CPU.ActiveCfg = Debug|Any CPU
		{4C13D4C9-3D2B-44D5-9DB6-7D06617BFA88}.Debug|Any CPU.Build.0 = Debug|Any CPU
		{4C13D4C9-3D2B-44D5-9DB6-7D06617BFA88}.Release|Any CPU.ActiveCfg = Release|Any CPU
		{4C13D4C9-3D2B-44D5-9DB6-7D06617BFA88}.Release|Any CPU.Build.0 = Release|Any CPU
	EndGlobalSection
	GlobalSection(SolutionProperties) = preSolution
		HideSolutionNode = FALSE
	EndGlobalSection
EndGlobal
