
Microsoft Visual Studio Solution File, Format Version 10.00
# Visual Studio 2008
Project("{2150E333-8FDC-42A3-9474-1A3956D46DE8}") = "Solution Items", "Solution Items", "{9270B033-E64D-4966-A5A1-1A8F5D70B0B5}"
	ProjectSection(SolutionItems) = preProject
		ReadMe.mht = ReadMe.mht
	EndProjectSection
EndProject
Project("{FAE04EC0-301F-11D3-BF4B-00C04F79EFBC}") = "CSSL3DeepZoom", "CSSL3DeepZoom\CSSL3DeepZoom\CSSL3DeepZoom.csproj", "{84D31A35-7384-4845-9719-3723AF28FA46}"
EndProject
Project("{E24C65DC-7377-472B-9ABA-BC803B73C61A}") = "CSSL3DeepZoom.Web", "CSSL3DeepZoom\CSSL3DeepZoom.Web", "{B46058D0-DF35-4144-BB8C-8E7209FB7D6D}"
	ProjectSection(WebsiteProperties) = preProject
		TargetFramework = "3.5"
		Debug.AspNetCompiler.VirtualPath = "/CSSL3DeepZoom.Web"
		Debug.AspNetCompiler.PhysicalPath = "CSSL3DeepZoom\CSSL3DeepZoom.Web\"
		Debug.AspNetCompiler.TargetPath = "PrecompiledWeb\CSSL3DeepZoom.Web\"
		Debug.AspNetCompiler.Updateable = "true"
		Debug.AspNetCompiler.ForceOverwrite = "true"
		Debug.AspNetCompiler.FixedNames = "false"
		Debug.AspNetCompiler.Debug = "True"
		Release.AspNetCompiler.VirtualPath = "/CSSL3DeepZoom.Web"
		Release.AspNetCompiler.PhysicalPath = "CSSL3DeepZoom\CSSL3DeepZoom.Web\"
		Release.AspNetCompiler.TargetPath = "PrecompiledWeb\CSSL3DeepZoom.Web\"
		Release.AspNetCompiler.Updateable = "true"
		Release.AspNetCompiler.ForceOverwrite = "true"
		Release.AspNetCompiler.FixedNames = "false"
		Release.AspNetCompiler.Debug = "False"
		VWDPort = "24409"
	EndProjectSection
EndProject
Global
	GlobalSection(SolutionConfigurationPlatforms) = preSolution
		Debug|Any CPU = Debug|Any CPU
		Release|Any CPU = Release|Any CPU
	EndGlobalSection
	GlobalSection(ProjectConfigurationPlatforms) = postSolution
		{84D31A35-7384-4845-9719-3723AF28FA46}.Debug|Any CPU.ActiveCfg = Debug|Any CPU
		{84D31A35-7384-4845-9719-3723AF28FA46}.Debug|Any CPU.Build.0 = Debug|Any CPU
		{84D31A35-7384-4845-9719-3723AF28FA46}.Release|Any CPU.ActiveCfg = Release|Any CPU
		{84D31A35-7384-4845-9719-3723AF28FA46}.Release|Any CPU.Build.0 = Release|Any CPU
		{B46058D0-DF35-4144-BB8C-8E7209FB7D6D}.Debug|Any CPU.ActiveCfg = Debug|Any CPU
		{B46058D0-DF35-4144-BB8C-8E7209FB7D6D}.Debug|Any CPU.Build.0 = Debug|Any CPU
		{B46058D0-DF35-4144-BB8C-8E7209FB7D6D}.Release|Any CPU.ActiveCfg = Debug|Any CPU
		{B46058D0-DF35-4144-BB8C-8E7209FB7D6D}.Release|Any CPU.Build.0 = Debug|Any CPU
	EndGlobalSection
	GlobalSection(SolutionProperties) = preSolution
		HideSolutionNode = FALSE
	EndGlobalSection
EndGlobal
