
Microsoft Visual Studio Solution File, Format Version 10.00
# Visual Studio 2008
Project("{FAE04EC0-301F-11D3-BF4B-00C04F79EFBC}") = "CSSocketServer", "CSSocketServer\CSSocketServer.csproj", "{FD243BB9-377E-4639-8655-DEF6ECBAED9E}"
EndProject
Project("{FAE04EC0-301F-11D3-BF4B-00C04F79EFBC}") = "CSSocketClient", "CSSocketClient\CSSocketClient.csproj", "{3A41CEFF-2019-4879-BC2F-FE3D1AA90B69}"
	ProjectSection(ProjectDependencies) = postProject
		{FD243BB9-377E-4639-8655-DEF6ECBAED9E} = {FD243BB9-377E-4639-8655-DEF6ECBAED9E}
	EndProjectSection
EndProject
Global
	GlobalSection(SolutionConfigurationPlatforms) = preSolution
		Debug|Any CPU = Debug|Any CPU
		Release|Any CPU = Release|Any CPU
	EndGlobalSection
	GlobalSection(ProjectConfigurationPlatforms) = postSolution
		{FD243BB9-377E-4639-8655-DEF6ECBAED9E}.Debug|Any CPU.ActiveCfg = Debug|Any CPU
		{FD243BB9-377E-4639-8655-DEF6ECBAED9E}.Debug|Any CPU.Build.0 = Debug|Any CPU
		{FD243BB9-377E-4639-8655-DEF6ECBAED9E}.Release|Any CPU.ActiveCfg = Release|Any CPU
		{FD243BB9-377E-4639-8655-DEF6ECBAED9E}.Release|Any CPU.Build.0 = Release|Any CPU
		{3A41CEFF-2019-4879-BC2F-FE3D1AA90B69}.Debug|Any CPU.ActiveCfg = Debug|Any CPU
		{3A41CEFF-2019-4879-BC2F-FE3D1AA90B69}.Debug|Any CPU.Build.0 = Debug|Any CPU
		{3A41CEFF-2019-4879-BC2F-FE3D1AA90B69}.Release|Any CPU.ActiveCfg = Release|Any CPU
		{3A41CEFF-2019-4879-BC2F-FE3D1AA90B69}.Release|Any CPU.Build.0 = Release|Any CPU
	EndGlobalSection
	GlobalSection(SolutionProperties) = preSolution
		HideSolutionNode = FALSE
	EndGlobalSection
EndGlobal
