
Microsoft Visual Studio Solution File, Format Version 10.00
# Visual Studio 2008
Project("{FAE04EC0-301F-11D3-BF4B-00C04F79EFBC}") = "CSUseADONET", "CSUseADONET\CSUseADONET.csproj", "{8E8C3298-951A-410B-BDDB-7A1591772D07}"
EndProject
Project("{A9ACE9BB-CECE-4E62-9AA4-C7E7C5BD2124}") = "SQLServer2005DB", "SQLServer2005DB\SQLServer2005DB.dbproj", "{1DC343D1-92B9-4FB3-8E97-38CE97F84BEA}"
EndProject
Global
	GlobalSection(SolutionConfigurationPlatforms) = preSolution
		Debug|Any CPU = Debug|Any CPU
		Default|Any CPU = Default|Any CPU
		Release|Any CPU = Release|Any CPU
	EndGlobalSection
	GlobalSection(ProjectConfigurationPlatforms) = postSolution
		{8E8C3298-951A-410B-BDDB-7A1591772D07}.Debug|Any CPU.ActiveCfg = Debug|Any CPU
		{8E8C3298-951A-410B-BDDB-7A1591772D07}.Debug|Any CPU.Build.0 = Debug|Any CPU
		{8E8C3298-951A-410B-BDDB-7A1591772D07}.Default|Any CPU.ActiveCfg = Debug|Any CPU
		{8E8C3298-951A-410B-BDDB-7A1591772D07}.Default|Any CPU.Build.0 = Debug|Any CPU
		{8E8C3298-951A-410B-BDDB-7A1591772D07}.Release|Any CPU.ActiveCfg = Release|Any CPU
		{8E8C3298-951A-410B-BDDB-7A1591772D07}.Release|Any CPU.Build.0 = Release|Any CPU
		{1DC343D1-92B9-4FB3-8E97-38CE97F84BEA}.Debug|Any CPU.ActiveCfg = Default|Any CPU
		{1DC343D1-92B9-4FB3-8E97-38CE97F84BEA}.Debug|Any CPU.Build.0 = Default|Any CPU
		{1DC343D1-92B9-4FB3-8E97-38CE97F84BEA}.Debug|Any CPU.Deploy.0 = Default|Any CPU
		{1DC343D1-92B9-4FB3-8E97-38CE97F84BEA}.Default|Any CPU.ActiveCfg = Default|Any CPU
		{1DC343D1-92B9-4FB3-8E97-38CE97F84BEA}.Default|Any CPU.Build.0 = Default|Any CPU
		{1DC343D1-92B9-4FB3-8E97-38CE97F84BEA}.Default|Any CPU.Deploy.0 = Default|Any CPU
		{1DC343D1-92B9-4FB3-8E97-38CE97F84BEA}.Release|Any CPU.ActiveCfg = Default|Any CPU
		{1DC343D1-92B9-4FB3-8E97-38CE97F84BEA}.Release|Any CPU.Build.0 = Default|Any CPU
		{1DC343D1-92B9-4FB3-8E97-38CE97F84BEA}.Release|Any CPU.Deploy.0 = Default|Any CPU
	EndGlobalSection
	GlobalSection(SolutionProperties) = preSolution
		HideSolutionNode = FALSE
	EndGlobalSection
EndGlobal
