
Microsoft Visual Studio Solution File, Format Version 10.00
# Visual Studio 2008
Project("{FAE04EC0-301F-11D3-BF4B-00C04F79EFBC}") = "CSWin7TaskbarAppID", "CSWin7TaskbarAppID\CSWin7TaskbarAppID.csproj", "{B3132408-3A92-4259-9CC9-B2F5D328AA0D}"
EndProject
Global
	GlobalSection(SolutionConfigurationPlatforms) = preSolution
		Debug|Any CPU = Debug|Any CPU
		Release|Any CPU = Release|Any CPU
	EndGlobalSection
	GlobalSection(ProjectConfigurationPlatforms) = postSolution
		{B3132408-3A92-4259-9CC9-B2F5D328AA0D}.Debug|Any CPU.ActiveCfg = Debug|Any CPU
		{B3132408-3A92-4259-9CC9-B2F5D328AA0D}.Debug|Any CPU.Build.0 = Debug|Any CPU
		{B3132408-3A92-4259-9CC9-B2F5D328AA0D}.Release|Any CPU.ActiveCfg = Release|Any CPU
		{B3132408-3A92-4259-9CC9-B2F5D328AA0D}.Release|Any CPU.Build.0 = Release|Any CPU
	EndGlobalSection
	GlobalSection(SolutionProperties) = preSolution
		HideSolutionNode = FALSE
	EndGlobalSection
EndGlobal
