
Microsoft Visual Studio Solution File, Format Version 10.00
# Visual Studio 2008
Project("{FAE04EC0-301F-11D3-BF4B-00C04F79EFBC}") = "CSWinFormBindingNestedProperties", "CSWinFormBindingNestedProperties\CSWinFormBindingNestedProperties.csproj", "{7EB4CFD1-1B58-4580-8543-E837D0B3E76A}"
EndProject
Global
	GlobalSection(SolutionConfigurationPlatforms) = preSolution
		Debug|Any CPU = Debug|Any CPU
		Release|Any CPU = Release|Any CPU
	EndGlobalSection
	GlobalSection(ProjectConfigurationPlatforms) = postSolution
		{7EB4CFD1-1B58-4580-8543-E837D0B3E76A}.Debug|Any CPU.ActiveCfg = Debug|Any CPU
		{7EB4CFD1-1B58-4580-8543-E837D0B3E76A}.Debug|Any CPU.Build.0 = Debug|Any CPU
		{7EB4CFD1-1B58-4580-8543-E837D0B3E76A}.Release|Any CPU.ActiveCfg = Release|Any CPU
		{7EB4CFD1-1B58-4580-8543-E837D0B3E76A}.Release|Any CPU.Build.0 = Release|Any CPU
	EndGlobalSection
	GlobalSection(SolutionProperties) = preSolution
		HideSolutionNode = FALSE
	EndGlobalSection
EndGlobal
