
Microsoft Visual Studio Solution File, Format Version 10.00
# Visual Studio 2008
Project("{FAE04EC0-301F-11D3-BF4B-00C04F79EFBC}") = "CSWin7ShellLibrary", "CSWin7ShellLibrary\CSWin7ShellLibrary.csproj", "{AE9B0AC0-3236-4663-9A0A-E36235544EF6}"
EndProject
Global
	GlobalSection(SolutionConfigurationPlatforms) = preSolution
		Debug|Any CPU = Debug|Any CPU
		Release|Any CPU = Release|Any CPU
	EndGlobalSection
	GlobalSection(ProjectConfigurationPlatforms) = postSolution
		{AE9B0AC0-3236-4663-9A0A-E36235544EF6}.Debug|Any CPU.ActiveCfg = Debug|Any CPU
		{AE9B0AC0-3236-4663-9A0A-E36235544EF6}.Debug|Any CPU.Build.0 = Debug|Any CPU
		{AE9B0AC0-3236-4663-9A0A-E36235544EF6}.Release|Any CPU.ActiveCfg = Release|Any CPU
		{AE9B0AC0-3236-4663-9A0A-E36235544EF6}.Release|Any CPU.Build.0 = Release|Any CPU
	EndGlobalSection
	GlobalSection(SolutionProperties) = preSolution
		HideSolutionNode = FALSE
	EndGlobalSection
EndGlobal
