
Microsoft Visual Studio Solution File, Format Version 10.00
# Visual Studio 2008
Project("{A9ACE9BB-CECE-4E62-9AA4-C7E7C5BD2124}") = "SQLServer2005DB", "SQLServer2005DB\SQLServer2005DB.dbproj", "{1DC343D1-92B9-4FB3-8E97-38CE97F84BEA}"
EndProject
Global
	GlobalSection(SolutionConfigurationPlatforms) = preSolution
		Default|Any CPU = Default|Any CPU
	EndGlobalSection
	GlobalSection(ProjectConfigurationPlatforms) = postSolution
		{1DC343D1-92B9-4FB3-8E97-38CE97F84BEA}.Default|Any CPU.ActiveCfg = Default|Any CPU
		{1DC343D1-92B9-4FB3-8E97-38CE97F84BEA}.Default|Any CPU.Build.0 = Default|Any CPU
		{1DC343D1-92B9-4FB3-8E97-38CE97F84BEA}.Default|Any CPU.Deploy.0 = Default|Any CPU
	EndGlobalSection
	GlobalSection(SolutionProperties) = preSolution
		HideSolutionNode = FALSE
	EndGlobalSection
EndGlobal
