
Microsoft Visual Studio Solution File, Format Version 10.00
# Visual Studio 2008
Project("{F184B08F-C81C-45F6-A57F-5ABD9991F28F}") = "VBADONETDataServiceSL3Client", "VBADONETDataServiceSL3Client\VBADONETDataServiceSL3Client\VBADONETDataServiceSL3Client.vbproj", "{6DCD5EE7-EFF1-4B0B-B0EF-C07F151059AD}"
	ProjectSection(ProjectDependencies) = postProject
		{46B136B9-2F1A-4AEE-8DD6-40D168AD7D4A} = {46B136B9-2F1A-4AEE-8DD6-40D168AD7D4A}
	EndProjectSection
EndProject
Project("{F184B08F-C81C-45F6-A57F-5ABD9991F28F}") = "VBADONETDataServiceSL3Client.Web", "VBADONETDataServiceSL3Client\VBADONETDataServiceSL3Client.Web\VBADONETDataServiceSL3Client.Web.vbproj", "{AD3EFD25-1B3D-4CE8-B0D6-3D8E8CA52E08}"
EndProject
Project("{F184B08F-C81C-45F6-A57F-5ABD9991F28F}") = "VBADONETDataService", "VBADONETDataService\VBADONETDataService.vbproj", "{46B136B9-2F1A-4AEE-8DD6-40D168AD7D4A}"
	ProjectSection(ProjectDependencies) = postProject
		{1DC343D1-92B9-4FB3-8E97-38CE97F84BEA} = {1DC343D1-92B9-4FB3-8E97-38CE97F84BEA}
	EndProjectSection
EndProject
Project("{A9ACE9BB-CECE-4E62-9AA4-C7E7C5BD2124}") = "SQLServer2005DB", "SQLServer2005DB\SQLServer2005DB.dbproj", "{1DC343D1-92B9-4FB3-8E97-38CE97F84BEA}"
EndProject
Global
	GlobalSection(SolutionConfigurationPlatforms) = preSolution
		Debug|Any CPU = Debug|Any CPU
		Default|Any CPU = Default|Any CPU
		Release|Any CPU = Release|Any CPU
	EndGlobalSection
	GlobalSection(ProjectConfigurationPlatforms) = postSolution
		{6DCD5EE7-EFF1-4B0B-B0EF-C07F151059AD}.Debug|Any CPU.ActiveCfg = Debug|Any CPU
		{6DCD5EE7-EFF1-4B0B-B0EF-C07F151059AD}.Debug|Any CPU.Build.0 = Debug|Any CPU
		{6DCD5EE7-EFF1-4B0B-B0EF-C07F151059AD}.Default|Any CPU.ActiveCfg = Debug|Any CPU
		{6DCD5EE7-EFF1-4B0B-B0EF-C07F151059AD}.Default|Any CPU.Build.0 = Debug|Any CPU
		{6DCD5EE7-EFF1-4B0B-B0EF-C07F151059AD}.Release|Any CPU.ActiveCfg = Release|Any CPU
		{6DCD5EE7-EFF1-4B0B-B0EF-C07F151059AD}.Release|Any CPU.Build.0 = Release|Any CPU
		{AD3EFD25-1B3D-4CE8-B0D6-3D8E8CA52E08}.Debug|Any CPU.ActiveCfg = Debug|Any CPU
		{AD3EFD25-1B3D-4CE8-B0D6-3D8E8CA52E08}.Debug|Any CPU.Build.0 = Debug|Any CPU
		{AD3EFD25-1B3D-4CE8-B0D6-3D8E8CA52E08}.Default|Any CPU.ActiveCfg = Debug|Any CPU
		{AD3EFD25-1B3D-4CE8-B0D6-3D8E8CA52E08}.Default|Any CPU.Build.0 = Debug|Any CPU
		{AD3EFD25-1B3D-4CE8-B0D6-3D8E8CA52E08}.Release|Any CPU.ActiveCfg = Release|Any CPU
		{AD3EFD25-1B3D-4CE8-B0D6-3D8E8CA52E08}.Release|Any CPU.Build.0 = Release|Any CPU
		{46B136B9-2F1A-4AEE-8DD6-40D168AD7D4A}.Debug|Any CPU.ActiveCfg = Debug|Any CPU
		{46B136B9-2F1A-4AEE-8DD6-40D168AD7D4A}.Debug|Any CPU.Build.0 = Debug|Any CPU
		{46B136B9-2F1A-4AEE-8DD6-40D168AD7D4A}.Default|Any CPU.ActiveCfg = Debug|Any CPU
		{46B136B9-2F1A-4AEE-8DD6-40D168AD7D4A}.Default|Any CPU.Build.0 = Debug|Any CPU
		{46B136B9-2F1A-4AEE-8DD6-40D168AD7D4A}.Release|Any CPU.ActiveCfg = Release|Any CPU
		{46B136B9-2F1A-4AEE-8DD6-40D168AD7D4A}.Release|Any CPU.Build.0 = Release|Any CPU
		{1DC343D1-92B9-4FB3-8E97-38CE97F84BEA}.Debug|Any CPU.ActiveCfg = Default|Any CPU
		{1DC343D1-92B9-4FB3-8E97-38CE97F84BEA}.Debug|Any CPU.Build.0 = Default|Any CPU
		{1DC343D1-92B9-4FB3-8E97-38CE97F84BEA}.Debug|Any CPU.Deploy.0 = Default|Any CPU
		{1DC343D1-92B9-4FB3-8E97-38CE97F84BEA}.Default|Any CPU.ActiveCfg = Default|Any CPU
		{1DC343D1-92B9-4FB3-8E97-38CE97F84BEA}.Default|Any CPU.Build.0 = Default|Any CPU
		{1DC343D1-92B9-4FB3-8E97-38CE97F84BEA}.Default|Any CPU.Deploy.0 = Default|Any CPU
		{1DC343D1-92B9-4FB3-8E97-38CE97F84BEA}.Release|Any CPU.ActiveCfg = Default|Any CPU
		{1DC343D1-92B9-4FB3-8E97-38CE97F84BEA}.Release|Any CPU.Build.0 = Default|Any CPU
		{1DC343D1-92B9-4FB3-8E97-38CE97F84BEA}.Release|Any CPU.Deploy.0 = Default|Any CPU
	EndGlobalSection
	GlobalSection(SolutionProperties) = preSolution
		HideSolutionNode = FALSE
	EndGlobalSection
EndGlobal
