
Microsoft Visual Studio Solution File, Format Version 10.00
# Visual Studio 2008
Project("{F184B08F-C81C-45F6-A57F-5ABD9991F28F}") = "ServiceBus", "VBAzureServiceBusSLRest\ServiceBus\ServiceBus.vbproj", "{84FF06E8-0213-459B-8CF1-E41210616ED2}"
EndProject
Project("{F184B08F-C81C-45F6-A57F-5ABD9991F28F}") = "Client", "VBAzureServiceBusSLRest\Client\Client.vbproj", "{3DC4141D-3C3A-469A-B212-4F98273EC725}"
EndProject
Project("{F184B08F-C81C-45F6-A57F-5ABD9991F28F}") = "Client.Web", "VBAzureServiceBusSLRest\Client.Web\Client.Web.vbproj", "{62008ECE-577F-46F0-BEF9-86913B77D27D}"
EndProject
Project("{2150E333-8FDC-42A3-9474-1A3956D46DE8}") = "Solution Items", "Solution Items", "{56174071-0D6B-4F69-980D-169CC7A5EBF8}"
	ProjectSection(SolutionItems) = preProject
		VBAzureServiceBusSLRest\ReadMe.htm = VBAzureServiceBusSLRest\ReadMe.htm
	EndProjectSection
EndProject
Global
	GlobalSection(SolutionConfigurationPlatforms) = preSolution
		Debug|Any CPU = Debug|Any CPU
		Release|Any CPU = Release|Any CPU
	EndGlobalSection
	GlobalSection(ProjectConfigurationPlatforms) = postSolution
		{84FF06E8-0213-459B-8CF1-E41210616ED2}.Debug|Any CPU.ActiveCfg = Debug|Any CPU
		{84FF06E8-0213-459B-8CF1-E41210616ED2}.Debug|Any CPU.Build.0 = Debug|Any CPU
		{84FF06E8-0213-459B-8CF1-E41210616ED2}.Release|Any CPU.ActiveCfg = Release|Any CPU
		{84FF06E8-0213-459B-8CF1-E41210616ED2}.Release|Any CPU.Build.0 = Release|Any CPU
		{3DC4141D-3C3A-469A-B212-4F98273EC725}.Debug|Any CPU.ActiveCfg = Debug|Any CPU
		{3DC4141D-3C3A-469A-B212-4F98273EC725}.Debug|Any CPU.Build.0 = Debug|Any CPU
		{3DC4141D-3C3A-469A-B212-4F98273EC725}.Release|Any CPU.ActiveCfg = Release|Any CPU
		{3DC4141D-3C3A-469A-B212-4F98273EC725}.Release|Any CPU.Build.0 = Release|Any CPU
		{62008ECE-577F-46F0-BEF9-86913B77D27D}.Debug|Any CPU.ActiveCfg = Debug|Any CPU
		{62008ECE-577F-46F0-BEF9-86913B77D27D}.Debug|Any CPU.Build.0 = Debug|Any CPU
		{62008ECE-577F-46F0-BEF9-86913B77D27D}.Release|Any CPU.ActiveCfg = Release|Any CPU
		{62008ECE-577F-46F0-BEF9-86913B77D27D}.Release|Any CPU.Build.0 = Release|Any CPU
	EndGlobalSection
	GlobalSection(SolutionProperties) = preSolution
		HideSolutionNode = FALSE
	EndGlobalSection
EndGlobal
