
Microsoft Visual Studio Solution File, Format Version 10.00
# Visual Studio 2008
Project("{F184B08F-C81C-45F6-A57F-5ABD9991F28F}") = "VBIEDownloadManager", "VBIEDownloadManager\VBIEDownloadManager\VBIEDownloadManager.vbproj", "{1EF6E625-9DCF-44D6-8FB1-5CE5ECA2EFE2}"
EndProject
Project("{F184B08F-C81C-45F6-A57F-5ABD9991F28F}") = "VBWebDownloader", "VBWebDownloader\VBWebDownloader.vbproj", "{55EAB61C-3F82-474D-B3AA-12734EC2795D}"
EndProject
Project("{54435603-DBB4-11D2-8724-00A0C9A8B90C}") = "VBIEDownloadManagerSetup(x64)", "VBIEDownloadManager\VBIEDownloadManagerSetup(x64)\VBIEDownloadManagerSetup(x64).vdproj", "{D00AD80E-4E74-4BAE-BFAF-7B776A244AF9}"
EndProject
Project("{54435603-DBB4-11D2-8724-00A0C9A8B90C}") = "VBIEDownloadManagerSetup(x86)", "VBIEDownloadManager\VBIEDownloadManagerSetup(x86)\VBIEDownloadManagerSetup(x86).vdproj", "{D8CD5CEE-19E3-4AA9-973F-EB16A5AB156A}"
EndProject
Global
	GlobalSection(SolutionConfigurationPlatforms) = preSolution
		Debug|Any CPU = Debug|Any CPU
		Debug|x64 = Debug|x64
		Debug|x86 = Debug|x86
		Release|Any CPU = Release|Any CPU
		Release|x64 = Release|x64
		Release|x86 = Release|x86
	EndGlobalSection
	GlobalSection(ProjectConfigurationPlatforms) = postSolution
		{1EF6E625-9DCF-44D6-8FB1-5CE5ECA2EFE2}.Debug|Any CPU.ActiveCfg = Debug|Any CPU
		{1EF6E625-9DCF-44D6-8FB1-5CE5ECA2EFE2}.Debug|Any CPU.Build.0 = Debug|Any CPU
		{1EF6E625-9DCF-44D6-8FB1-5CE5ECA2EFE2}.Debug|x64.ActiveCfg = Debug|x64
		{1EF6E625-9DCF-44D6-8FB1-5CE5ECA2EFE2}.Debug|x64.Build.0 = Debug|x64
		{1EF6E625-9DCF-44D6-8FB1-5CE5ECA2EFE2}.Debug|x86.ActiveCfg = Debug|x86
		{1EF6E625-9DCF-44D6-8FB1-5CE5ECA2EFE2}.Debug|x86.Build.0 = Debug|x86
		{1EF6E625-9DCF-44D6-8FB1-5CE5ECA2EFE2}.Release|Any CPU.ActiveCfg = Release|Any CPU
		{1EF6E625-9DCF-44D6-8FB1-5CE5ECA2EFE2}.Release|Any CPU.Build.0 = Release|Any CPU
		{1EF6E625-9DCF-44D6-8FB1-5CE5ECA2EFE2}.Release|x64.ActiveCfg = Release|x64
		{1EF6E625-9DCF-44D6-8FB1-5CE5ECA2EFE2}.Release|x64.Build.0 = Release|x64
		{1EF6E625-9DCF-44D6-8FB1-5CE5ECA2EFE2}.Release|x86.ActiveCfg = Release|x86
		{1EF6E625-9DCF-44D6-8FB1-5CE5ECA2EFE2}.Release|x86.Build.0 = Release|x86
		{55EAB61C-3F82-474D-B3AA-12734EC2795D}.Debug|Any CPU.ActiveCfg = Debug|Any CPU
		{55EAB61C-3F82-474D-B3AA-12734EC2795D}.Debug|Any CPU.Build.0 = Debug|Any CPU
		{55EAB61C-3F82-474D-B3AA-12734EC2795D}.Debug|x64.ActiveCfg = Debug|x64
		{55EAB61C-3F82-474D-B3AA-12734EC2795D}.Debug|x64.Build.0 = Debug|x64
		{55EAB61C-3F82-474D-B3AA-12734EC2795D}.Debug|x86.ActiveCfg = Debug|x86
		{55EAB61C-3F82-474D-B3AA-12734EC2795D}.Debug|x86.Build.0 = Debug|x86
		{55EAB61C-3F82-474D-B3AA-12734EC2795D}.Release|Any CPU.ActiveCfg = Release|Any CPU
		{55EAB61C-3F82-474D-B3AA-12734EC2795D}.Release|Any CPU.Build.0 = Release|Any CPU
		{55EAB61C-3F82-474D-B3AA-12734EC2795D}.Release|x64.ActiveCfg = Release|x64
		{55EAB61C-3F82-474D-B3AA-12734EC2795D}.Release|x64.Build.0 = Release|x64
		{55EAB61C-3F82-474D-B3AA-12734EC2795D}.Release|x86.ActiveCfg = Release|x86
		{55EAB61C-3F82-474D-B3AA-12734EC2795D}.Release|x86.Build.0 = Release|x86
		{D00AD80E-4E74-4BAE-BFAF-7B776A244AF9}.Debug|Any CPU.ActiveCfg = Debug
		{D00AD80E-4E74-4BAE-BFAF-7B776A244AF9}.Debug|x64.ActiveCfg = Debug
		{D00AD80E-4E74-4BAE-BFAF-7B776A244AF9}.Debug|x64.Build.0 = Debug
		{D00AD80E-4E74-4BAE-BFAF-7B776A244AF9}.Debug|x86.ActiveCfg = Debug
		{D00AD80E-4E74-4BAE-BFAF-7B776A244AF9}.Release|Any CPU.ActiveCfg = Release
		{D00AD80E-4E74-4BAE-BFAF-7B776A244AF9}.Release|x64.ActiveCfg = Release
		{D00AD80E-4E74-4BAE-BFAF-7B776A244AF9}.Release|x86.ActiveCfg = Release
		{D8CD5CEE-19E3-4AA9-973F-EB16A5AB156A}.Debug|Any CPU.ActiveCfg = Debug
		{D8CD5CEE-19E3-4AA9-973F-EB16A5AB156A}.Debug|x64.ActiveCfg = Debug
		{D8CD5CEE-19E3-4AA9-973F-EB16A5AB156A}.Debug|x86.ActiveCfg = Debug
		{D8CD5CEE-19E3-4AA9-973F-EB16A5AB156A}.Debug|x86.Build.0 = Debug
		{D8CD5CEE-19E3-4AA9-973F-EB16A5AB156A}.Release|Any CPU.ActiveCfg = Release
		{D8CD5CEE-19E3-4AA9-973F-EB16A5AB156A}.Release|x64.ActiveCfg = Release
		{D8CD5CEE-19E3-4AA9-973F-EB16A5AB156A}.Release|x86.ActiveCfg = Release
	EndGlobalSection
	GlobalSection(SolutionProperties) = preSolution
		HideSolutionNode = FALSE
	EndGlobalSection
EndGlobal
