
Microsoft Visual Studio Solution File, Format Version 10.00
# Visual Studio 2008
Project("{F184B08F-C81C-45F6-A57F-5ABD9991F28F}") = "VBListFilesInDirectory", "VBListFilesInDirectory\VBListFilesInDirectory.vbproj", "{64FDD01E-98CE-4D42-AE9F-E7662EF3B452}"
EndProject
Global
	GlobalSection(SolutionConfigurationPlatforms) = preSolution
		Debug|Any CPU = Debug|Any CPU
		Release|Any CPU = Release|Any CPU
	EndGlobalSection
	GlobalSection(ProjectConfigurationPlatforms) = postSolution
		{64FDD01E-98CE-4D42-AE9F-E7662EF3B452}.Debug|Any CPU.ActiveCfg = Debug|Any CPU
		{64FDD01E-98CE-4D42-AE9F-E7662EF3B452}.Debug|Any CPU.Build.0 = Debug|Any CPU
		{64FDD01E-98CE-4D42-AE9F-E7662EF3B452}.Release|Any CPU.ActiveCfg = Release|Any CPU
		{64FDD01E-98CE-4D42-AE9F-E7662EF3B452}.Release|Any CPU.Build.0 = Release|Any CPU
	EndGlobalSection
	GlobalSection(SolutionProperties) = preSolution
		HideSolutionNode = FALSE
	EndGlobalSection
EndGlobal
