
Microsoft Visual Studio Solution File, Format Version 10.00
# Visual Studio 2008
Project("{F184B08F-C81C-45F6-A57F-5ABD9991F28F}") = "VBOutlookImportedFormRegion", "VBOutlookImportedFormRegion\VBOutlookImportedFormRegion.vbproj", "{7C46586C-A097-422B-8A5C-E2EA1DFA1604}"
EndProject
Global
	GlobalSection(SolutionConfigurationPlatforms) = preSolution
		Debug|Any CPU = Debug|Any CPU
		Release|Any CPU = Release|Any CPU
	EndGlobalSection
	GlobalSection(ProjectConfigurationPlatforms) = postSolution
		{7C46586C-A097-422B-8A5C-E2EA1DFA1604}.Debug|Any CPU.ActiveCfg = Debug|Any CPU
		{7C46586C-A097-422B-8A5C-E2EA1DFA1604}.Debug|Any CPU.Build.0 = Debug|Any CPU
		{7C46586C-A097-422B-8A5C-E2EA1DFA1604}.Release|Any CPU.ActiveCfg = Release|Any CPU
		{7C46586C-A097-422B-8A5C-E2EA1DFA1604}.Release|Any CPU.Build.0 = Release|Any CPU
	EndGlobalSection
	GlobalSection(SolutionProperties) = preSolution
		HideSolutionNode = FALSE
	EndGlobalSection
EndGlobal
