
Microsoft Visual Studio Solution File, Format Version 10.00
# Visual Studio 2008
Project("{F184B08F-C81C-45F6-A57F-5ABD9991F28F}") = "VBWinFormSingleInstanceApp", "VBWinFormSingleInstanceApp\VBWinFormSingleInstanceApp.vbproj", "{01763A70-75B5-4D08-BB45-956EF45A51DC}"
EndProject
Global
	GlobalSection(SolutionConfigurationPlatforms) = preSolution
		Debug|Any CPU = Debug|Any CPU
		Release|Any CPU = Release|Any CPU
	EndGlobalSection
	GlobalSection(ProjectConfigurationPlatforms) = postSolution
		{01763A70-75B5-4D08-BB45-956EF45A51DC}.Debug|Any CPU.ActiveCfg = Debug|Any CPU
		{01763A70-75B5-4D08-BB45-956EF45A51DC}.Debug|Any CPU.Build.0 = Debug|Any CPU
		{01763A70-75B5-4D08-BB45-956EF45A51DC}.Release|Any CPU.ActiveCfg = Release|Any CPU
		{01763A70-75B5-4D08-BB45-956EF45A51DC}.Release|Any CPU.Build.0 = Release|Any CPU
	EndGlobalSection
	GlobalSection(SolutionProperties) = preSolution
		HideSolutionNode = FALSE
	EndGlobalSection
EndGlobal
