
Microsoft Visual Studio Solution File, Format Version 10.00
# Visual Studio 2008
Project("{F184B08F-C81C-45F6-A57F-5ABD9991F28F}") = "VBWPFCascadeDataGridComboBoxColumns", "VBWPFCascadeDataGridComboBoxColumns\VBWPFCascadeDataGridComboBoxColumns.vbproj", "{824002B9-C122-4CF8-95D0-037925D66735}"
EndProject
Global
	GlobalSection(SolutionConfigurationPlatforms) = preSolution
		Debug|Any CPU = Debug|Any CPU
		Release|Any CPU = Release|Any CPU
	EndGlobalSection
	GlobalSection(ProjectConfigurationPlatforms) = postSolution
		{824002B9-C122-4CF8-95D0-037925D66735}.Debug|Any CPU.ActiveCfg = Debug|Any CPU
		{824002B9-C122-4CF8-95D0-037925D66735}.Debug|Any CPU.Build.0 = Debug|Any CPU
		{824002B9-C122-4CF8-95D0-037925D66735}.Release|Any CPU.ActiveCfg = Release|Any CPU
		{824002B9-C122-4CF8-95D0-037925D66735}.Release|Any CPU.Build.0 = Release|Any CPU
	EndGlobalSection
	GlobalSection(SolutionProperties) = preSolution
		HideSolutionNode = FALSE
	EndGlobalSection
EndGlobal
