
Microsoft Visual Studio Solution File, Format Version 10.00
# Visual Studio 2008
Project("{FAE04EC0-301F-11D3-BF4B-00C04F79EFBC}") = "XamlSL3Text", "XAMLSL3Text\XamlSL3Text\XamlSL3Text.csproj", "{9B865693-C6B5-4B58-89D2-27D2951AE943}"
EndProject
Project("{FAE04EC0-301F-11D3-BF4B-00C04F79EFBC}") = "XamlSL3Text_Web", "XAMLSL3Text\XamlSL3Text_Web\XamlSL3Text_Web.csproj", "{84F87864-3B16-4F0B-9FE9-D2D299E4420B}"
EndProject
Global
	GlobalSection(SolutionConfigurationPlatforms) = preSolution
		Debug|Any CPU = Debug|Any CPU
		Release|Any CPU = Release|Any CPU
	EndGlobalSection
	GlobalSection(ProjectConfigurationPlatforms) = postSolution
		{9B865693-C6B5-4B58-89D2-27D2951AE943}.Debug|Any CPU.ActiveCfg = Debug|Any CPU
		{9B865693-C6B5-4B58-89D2-27D2951AE943}.Debug|Any CPU.Build.0 = Debug|Any CPU
		{9B865693-C6B5-4B58-89D2-27D2951AE943}.Release|Any CPU.ActiveCfg = Release|Any CPU
		{9B865693-C6B5-4B58-89D2-27D2951AE943}.Release|Any CPU.Build.0 = Release|Any CPU
		{84F87864-3B16-4F0B-9FE9-D2D299E4420B}.Debug|Any CPU.ActiveCfg = Debug|Any CPU
		{84F87864-3B16-4F0B-9FE9-D2D299E4420B}.Debug|Any CPU.Build.0 = Debug|Any CPU
		{84F87864-3B16-4F0B-9FE9-D2D299E4420B}.Release|Any CPU.ActiveCfg = Release|Any CPU
		{84F87864-3B16-4F0B-9FE9-D2D299E4420B}.Release|Any CPU.Build.0 = Release|Any CPU
	EndGlobalSection
	GlobalSection(SolutionProperties) = preSolution
		HideSolutionNode = FALSE
	EndGlobalSection
EndGlobal
