
Microsoft Visual Studio Solution File, Format Version 11.00
# Visual Studio 2010
Project("{FAE04EC0-301F-11D3-BF4B-00C04F79EFBC}") = "PropertyPromotionActivity", "PropertyPromotionActivity\PropertyPromotionActivity.csproj", "{90EBF33A-4B1B-451D-BF06-62CAE83A3E37}"
EndProject
Project("{FAE04EC0-301F-11D3-BF4B-00C04F79EFBC}") = "CounterServiceApplication", "CounterServiceApplication\CounterServiceApplication.csproj", "{CA421D3A-7FBA-4681-88FB-E0A499529AC1}"
EndProject
Global
	GlobalSection(SolutionConfigurationPlatforms) = preSolution
		Debug|Any CPU = Debug|Any CPU
		Debug|Mixed Platforms = Debug|Mixed Platforms
		Debug|x86 = Debug|x86
		Release|Any CPU = Release|Any CPU
		Release|Mixed Platforms = Release|Mixed Platforms
		Release|x86 = Release|x86
	EndGlobalSection
	GlobalSection(ProjectConfigurationPlatforms) = postSolution
		{90EBF33A-4B1B-451D-BF06-62CAE83A3E37}.Debug|Any CPU.ActiveCfg = Debug|Any CPU
		{90EBF33A-4B1B-451D-BF06-62CAE83A3E37}.Debug|Any CPU.Build.0 = Debug|Any CPU
		{90EBF33A-4B1B-451D-BF06-62CAE83A3E37}.Debug|Mixed Platforms.ActiveCfg = Debug|Any CPU
		{90EBF33A-4B1B-451D-BF06-62CAE83A3E37}.Debug|Mixed Platforms.Build.0 = Debug|Any CPU
		{90EBF33A-4B1B-451D-BF06-62CAE83A3E37}.Debug|x86.ActiveCfg = Debug|Any CPU
		{90EBF33A-4B1B-451D-BF06-62CAE83A3E37}.Release|Any CPU.ActiveCfg = Release|Any CPU
		{90EBF33A-4B1B-451D-BF06-62CAE83A3E37}.Release|Any CPU.Build.0 = Release|Any CPU
		{90EBF33A-4B1B-451D-BF06-62CAE83A3E37}.Release|Mixed Platforms.ActiveCfg = Release|Any CPU
		{90EBF33A-4B1B-451D-BF06-62CAE83A3E37}.Release|Mixed Platforms.Build.0 = Release|Any CPU
		{90EBF33A-4B1B-451D-BF06-62CAE83A3E37}.Release|x86.ActiveCfg = Release|Any CPU
		{CA421D3A-7FBA-4681-88FB-E0A499529AC1}.Debug|Any CPU.ActiveCfg = Debug|Any CPU
		{CA421D3A-7FBA-4681-88FB-E0A499529AC1}.Debug|Any CPU.Build.0 = Debug|Any CPU
		{CA421D3A-7FBA-4681-88FB-E0A499529AC1}.Debug|Mixed Platforms.ActiveCfg = Debug|Any CPU
		{CA421D3A-7FBA-4681-88FB-E0A499529AC1}.Debug|Mixed Platforms.Build.0 = Debug|Any CPU
		{CA421D3A-7FBA-4681-88FB-E0A499529AC1}.Debug|x86.ActiveCfg = Debug|Any CPU
		{CA421D3A-7FBA-4681-88FB-E0A499529AC1}.Release|Any CPU.ActiveCfg = Release|Any CPU
		{CA421D3A-7FBA-4681-88FB-E0A499529AC1}.Release|Any CPU.Build.0 = Release|Any CPU
		{CA421D3A-7FBA-4681-88FB-E0A499529AC1}.Release|Mixed Platforms.ActiveCfg = Release|Any CPU
		{CA421D3A-7FBA-4681-88FB-E0A499529AC1}.Release|Mixed Platforms.Build.0 = Release|Any CPU
		{CA421D3A-7FBA-4681-88FB-E0A499529AC1}.Release|x86.ActiveCfg = Release|Any CPU
	EndGlobalSection
	GlobalSection(SolutionProperties) = preSolution
		HideSolutionNode = FALSE
	EndGlobalSection
EndGlobal
