
Microsoft Visual Studio Solution File, Format Version 9.00
# Visual Studio 2005
Project("{F184B08F-C81C-45F6-A57F-5ABD9991F28F}") = "Client", "Client\Client.vbproj", "{55E0D7E5-7B6C-47C7-876E-817B6E70C1CC}"
EndProject
Project("{F184B08F-C81C-45F6-A57F-5ABD9991F28F}") = "Service", "Service\Service.vbproj", "{64B86CF6-803E-4E52-9C47-55B0ED53AA45}"
EndProject
Project("{F184B08F-C81C-45F6-A57F-5ABD9991F28F}") = "Order", "Order\Order.vbproj", "{9D438F5F-E57C-45E4-8E96-31B6D9972810}"
EndProject
Global
	GlobalSection(SolutionConfigurationPlatforms) = preSolution
		Debug|Any CPU = Debug|Any CPU
		Release|Any CPU = Release|Any CPU
	EndGlobalSection
	GlobalSection(ProjectConfigurationPlatforms) = postSolution
		{55E0D7E5-7B6C-47C7-876E-817B6E70C1CC}.Debug|Any CPU.ActiveCfg = Debug|Any CPU
		{55E0D7E5-7B6C-47C7-876E-817B6E70C1CC}.Debug|Any CPU.Build.0 = Debug|Any CPU
		{55E0D7E5-7B6C-47C7-876E-817B6E70C1CC}.Release|Any CPU.ActiveCfg = Release|Any CPU
		{55E0D7E5-7B6C-47C7-876E-817B6E70C1CC}.Release|Any CPU.Build.0 = Release|Any CPU
		{64B86CF6-803E-4E52-9C47-55B0ED53AA45}.Debug|Any CPU.ActiveCfg = Debug|Any CPU
		{64B86CF6-803E-4E52-9C47-55B0ED53AA45}.Debug|Any CPU.Build.0 = Debug|Any CPU
		{64B86CF6-803E-4E52-9C47-55B0ED53AA45}.Release|Any CPU.ActiveCfg = Release|Any CPU
		{64B86CF6-803E-4E52-9C47-55B0ED53AA45}.Release|Any CPU.Build.0 = Release|Any CPU
		{9D438F5F-E57C-45E4-8E96-31B6D9972810}.Debug|Any CPU.ActiveCfg = Debug|Any CPU
		{9D438F5F-E57C-45E4-8E96-31B6D9972810}.Debug|Any CPU.Build.0 = Debug|Any CPU
		{9D438F5F-E57C-45E4-8E96-31B6D9972810}.Release|Any CPU.ActiveCfg = Release|Any CPU
		{9D438F5F-E57C-45E4-8E96-31B6D9972810}.Release|Any CPU.Build.0 = Release|Any CPU
	EndGlobalSection
	GlobalSection(SolutionProperties) = preSolution
		HideSolutionNode = FALSE
	EndGlobalSection
EndGlobal
