
Microsoft Visual Studio Solution File, Format Version 10.00
# Visual Studio 2008
Project("{FAE04EC0-301F-11D3-BF4B-00C04F79EFBC}") = "DurableServiceFactory", "DurableServiceFactory\DurableServiceFactory.csproj", "{A914256A-9FB7-48E5-920D-93C82F79FF69}"
EndProject
Global
	GlobalSection(SolutionConfigurationPlatforms) = preSolution
		Debug|Any CPU = Debug|Any CPU
		Release|Any CPU = Release|Any CPU
	EndGlobalSection
	GlobalSection(ProjectConfigurationPlatforms) = postSolution
		{A914256A-9FB7-48E5-920D-93C82F79FF69}.Debug|Any CPU.ActiveCfg = Debug|Any CPU
		{A914256A-9FB7-48E5-920D-93C82F79FF69}.Debug|Any CPU.Build.0 = Debug|Any CPU
		{A914256A-9FB7-48E5-920D-93C82F79FF69}.Release|Any CPU.ActiveCfg = Release|Any CPU
		{A914256A-9FB7-48E5-920D-93C82F79FF69}.Release|Any CPU.Build.0 = Release|Any CPU
	EndGlobalSection
	GlobalSection(SolutionProperties) = preSolution
		HideSolutionNode = FALSE
	EndGlobalSection
EndGlobal
