
Microsoft Visual Studio Solution File, Format Version 9.00
# Visual Studio 2005
Project("{F184B08F-C81C-45F6-A57F-5ABD9991F28F}") = "OrderApplication", "OrderApplication\OrderApplication.vbproj", "{7C0B6C37-631B-4BD5-A90E-4B126C0ECA99}"
EndProject
Project("{F184B08F-C81C-45F6-A57F-5ABD9991F28F}") = "OrderLocalServices", "OrderLocalServices\OrderLocalServices.vbproj", "{3DA38EC3-9629-4985-969A-7382F21AF89D}"
EndProject
Project("{F184B08F-C81C-45F6-A57F-5ABD9991F28F}") = "OrderWorkflows", "OrderWorkflows\OrderWorkflows.vbproj", "{18821AF6-15CF-47BB-AF9D-F1C9BE3ECDAA}"
EndProject
Global
	GlobalSection(SolutionConfigurationPlatforms) = preSolution
		Debug|Any CPU = Debug|Any CPU
		Release|Any CPU = Release|Any CPU
	EndGlobalSection
	GlobalSection(ProjectConfigurationPlatforms) = postSolution
		{3DA38EC3-9629-4985-969A-7382F21AF89D}.Debug|Any CPU.ActiveCfg = Debug|Any CPU
		{3DA38EC3-9629-4985-969A-7382F21AF89D}.Debug|Any CPU.Build.0 = Debug|Any CPU
		{3DA38EC3-9629-4985-969A-7382F21AF89D}.Release|Any CPU.ActiveCfg = Release|Any CPU
		{3DA38EC3-9629-4985-969A-7382F21AF89D}.Release|Any CPU.Build.0 = Release|Any CPU
		{18821AF6-15CF-47BB-AF9D-F1C9BE3ECDAA}.Debug|Any CPU.ActiveCfg = Debug|Any CPU
		{18821AF6-15CF-47BB-AF9D-F1C9BE3ECDAA}.Debug|Any CPU.Build.0 = Debug|Any CPU
		{18821AF6-15CF-47BB-AF9D-F1C9BE3ECDAA}.Release|Any CPU.ActiveCfg = Release|Any CPU
		{18821AF6-15CF-47BB-AF9D-F1C9BE3ECDAA}.Release|Any CPU.Build.0 = Release|Any CPU
		{7C0B6C37-631B-4BD5-A90E-4B126C0ECA99}.Debug|Any CPU.ActiveCfg = Debug|Any CPU
		{7C0B6C37-631B-4BD5-A90E-4B126C0ECA99}.Debug|Any CPU.Build.0 = Debug|Any CPU
		{7C0B6C37-631B-4BD5-A90E-4B126C0ECA99}.Release|Any CPU.ActiveCfg = Release|Any CPU
		{7C0B6C37-631B-4BD5-A90E-4B126C0ECA99}.Release|Any CPU.Build.0 = Release|Any CPU
	EndGlobalSection
	GlobalSection(SolutionProperties) = preSolution
		HideSolutionNode = FALSE
	EndGlobalSection
EndGlobal
