Microsoft Visual Studio Solution File, Format Version 9.00
Project("{FAE04EC0-301F-11D3-BF4B-00C04F79EFBC}") = "InvokeCS", "Invoke\InvokeCS.csproj", "{68CC60F9-5F6C-4819-BD32-BCA206070FA6}"
	ProjectSection(ProjectDependencies) = postProject
		{83D9BB9B-48A4-43CA-9F95-A6D6F453AFAB} = {83D9BB9B-48A4-43CA-9F95-A6D6F453AFAB}
	EndProjectSection
EndProject
Project("{FAE04EC0-301F-11D3-BF4B-00C04F79EFBC}") = "TesterCS", "Invoke\TesterCS.csproj", "{83D9BB9B-48A4-43CA-9F95-A6D6F453AFAB}"
EndProject
Global
	GlobalSection(SolutionConfigurationPlatforms) = preSolution
		Debug|.NET = Debug|.NET
		Release|.NET = Release|.NET
	EndGlobalSection
	GlobalSection(ProjectConfigurationPlatforms) = postSolution
		{68CC60F9-5F6C-4819-BD32-BCA206070FA6}.Debug|.NET.ActiveCfg = Debug|.NET
		{68CC60F9-5F6C-4819-BD32-BCA206070FA6}.Debug|.NET.Build.0 = Debug|.NET
		{68CC60F9-5F6C-4819-BD32-BCA206070FA6}.Release|.NET.ActiveCfg = Release|.NET
		{68CC60F9-5F6C-4819-BD32-BCA206070FA6}.Release|.NET.Build.0 = Release|.NET
		{83D9BB9B-48A4-43CA-9F95-A6D6F453AFAB}.Debug|.NET.ActiveCfg = Debug|.NET
		{83D9BB9B-48A4-43CA-9F95-A6D6F453AFAB}.Debug|.NET.Build.0 = Debug|.NET
		{83D9BB9B-48A4-43CA-9F95-A6D6F453AFAB}.Release|.NET.ActiveCfg = Release|.NET
		{83D9BB9B-48A4-43CA-9F95-A6D6F453AFAB}.Release|.NET.Build.0 = Release|.NET
	EndGlobalSection
	GlobalSection(SolutionProperties) = preSolution
		HideSolutionNode = FALSE
	EndGlobalSection
EndGlobal
