
Microsoft Visual Studio Solution File, Format Version 11.00
# Visual Studio 2010
Project("{FAE04EC0-301F-11D3-BF4B-00C04F79EFBC}") = "HTMLEditorExtender", "CSASPNETAJAXHTMLEditorExtender\HTMLEditorExtender\HTMLEditorExtender.csproj", "{4C084CAC-A5C8-4E8D-B03C-ACDE235841D2}"
EndProject
Project("{E24C65DC-7377-472B-9ABA-BC803B73C61A}") = "TestWebSite", "CSASPNETAJAXHTMLEditorExtender\TestWebSite\", "{F9BC748C-5F13-4F5B-A0E6-EBA3A8AA74FB}"
	ProjectSection(WebsiteProperties) = preProject
		TargetFrameworkMoniker = ".NETFramework,Version%3Dv4.0"
		ProjectReferences = "{4C084CAC-A5C8-4E8D-B03C-ACDE235841D2}|HTMLEditorExtender.dll;"
		Debug.AspNetCompiler.VirtualPath = "/TestWebSite"
		Debug.AspNetCompiler.PhysicalPath = "CSASPNETAJAXHTMLEditorExtender\TestWebSite\"
		Debug.AspNetCompiler.TargetPath = "PrecompiledWeb\TestWebSite\"
		Debug.AspNetCompiler.Updateable = "true"
		Debug.AspNetCompiler.ForceOverwrite = "true"
		Debug.AspNetCompiler.FixedNames = "false"
		Debug.AspNetCompiler.Debug = "True"
		Release.AspNetCompiler.VirtualPath = "/TestWebSite"
		Release.AspNetCompiler.PhysicalPath = "CSASPNETAJAXHTMLEditorExtender\TestWebSite\"
		Release.AspNetCompiler.TargetPath = "PrecompiledWeb\TestWebSite\"
		Release.AspNetCompiler.Updateable = "true"
		Release.AspNetCompiler.ForceOverwrite = "true"
		Release.AspNetCompiler.FixedNames = "false"
		Release.AspNetCompiler.Debug = "False"
		VWDPort = "38400"
	EndProjectSection
EndProject
Global
	GlobalSection(SolutionConfigurationPlatforms) = preSolution
		Debug|Any CPU = Debug|Any CPU
		Release|Any CPU = Release|Any CPU
	EndGlobalSection
	GlobalSection(ProjectConfigurationPlatforms) = postSolution
		{4C084CAC-A5C8-4E8D-B03C-ACDE235841D2}.Debug|Any CPU.ActiveCfg = Debug|Any CPU
		{4C084CAC-A5C8-4E8D-B03C-ACDE235841D2}.Debug|Any CPU.Build.0 = Debug|Any CPU
		{4C084CAC-A5C8-4E8D-B03C-ACDE235841D2}.Release|Any CPU.ActiveCfg = Release|Any CPU
		{4C084CAC-A5C8-4E8D-B03C-ACDE235841D2}.Release|Any CPU.Build.0 = Release|Any CPU
		{F9BC748C-5F13-4F5B-A0E6-EBA3A8AA74FB}.Debug|Any CPU.ActiveCfg = Debug|Any CPU
		{F9BC748C-5F13-4F5B-A0E6-EBA3A8AA74FB}.Debug|Any CPU.Build.0 = Debug|Any CPU
		{F9BC748C-5F13-4F5B-A0E6-EBA3A8AA74FB}.Release|Any CPU.ActiveCfg = Debug|Any CPU
		{F9BC748C-5F13-4F5B-A0E6-EBA3A8AA74FB}.Release|Any CPU.Build.0 = Debug|Any CPU
	EndGlobalSection
	GlobalSection(SolutionProperties) = preSolution
		HideSolutionNode = FALSE
	EndGlobalSection
EndGlobal
