
Microsoft Visual Studio Solution File, Format Version 11.00
# Visual Studio 2010
Project("{CC5FD16D-436D-48AD-A40C-5A424C6E3E79}") = "CloudService", "CSAzureTableStoragePaging\CloudService\CloudService.ccproj", "{B00DDAE5-77A6-44DF-906E-D1348ABB8ACE}"
EndProject
Project("{FAE04EC0-301F-11D3-BF4B-00C04F79EFBC}") = "MvcWebRole", "CSAzureTableStoragePaging\MvcWebRole\MvcWebRole.csproj", "{35CAEF1C-D5D0-460E-9AEC-AD362CD0C8CB}"
EndProject
Project("{2150E333-8FDC-42A3-9474-1A3956D46DE8}") = "Solution Items", "Solution Items", "{10467832-E397-43DA-B8B3-C7E5BB1E46F9}"
	ProjectSection(SolutionItems) = preProject
		CSAzureTableStoragePaging\ReadMe.txt = CSAzureTableStoragePaging\ReadMe.txt
	EndProjectSection
EndProject
Global
	GlobalSection(SolutionConfigurationPlatforms) = preSolution
		Debug|Any CPU = Debug|Any CPU
		Release|Any CPU = Release|Any CPU
	EndGlobalSection
	GlobalSection(ProjectConfigurationPlatforms) = postSolution
		{B00DDAE5-77A6-44DF-906E-D1348ABB8ACE}.Debug|Any CPU.ActiveCfg = Debug|Any CPU
		{B00DDAE5-77A6-44DF-906E-D1348ABB8ACE}.Debug|Any CPU.Build.0 = Debug|Any CPU
		{B00DDAE5-77A6-44DF-906E-D1348ABB8ACE}.Release|Any CPU.ActiveCfg = Release|Any CPU
		{B00DDAE5-77A6-44DF-906E-D1348ABB8ACE}.Release|Any CPU.Build.0 = Release|Any CPU
		{35CAEF1C-D5D0-460E-9AEC-AD362CD0C8CB}.Debug|Any CPU.ActiveCfg = Debug|Any CPU
		{35CAEF1C-D5D0-460E-9AEC-AD362CD0C8CB}.Debug|Any CPU.Build.0 = Debug|Any CPU
		{35CAEF1C-D5D0-460E-9AEC-AD362CD0C8CB}.Release|Any CPU.ActiveCfg = Release|Any CPU
		{35CAEF1C-D5D0-460E-9AEC-AD362CD0C8CB}.Release|Any CPU.Build.0 = Release|Any CPU
	EndGlobalSection
	GlobalSection(SolutionProperties) = preSolution
		HideSolutionNode = FALSE
	EndGlobalSection
EndGlobal
