
Microsoft Visual Studio Solution File, Format Version 11.00
# Visual Studio 2010
Project("{FAE04EC0-301F-11D3-BF4B-00C04F79EFBC}") = "Common", "CSAzureWebRoleBackendProcessing\Common\Common.csproj", "{F3F343C7-CF07-4DD9-8FC4-69AEA92AA3FE}"
EndProject
Project("{FAE04EC0-301F-11D3-BF4B-00C04F79EFBC}") = "Processor", "CSAzureWebRoleBackendProcessing\Processor\Processor.csproj", "{83F53B8D-B5A7-4B2C-AD8B-CB0A13BCECDB}"
EndProject
Project("{CC5FD16D-436D-48AD-A40C-5A424C6E3E79}") = "AzureService", "CSAzureWebRoleBackendProcessing\AzureService\AzureService.ccproj", "{5C7FFFCE-CC7D-4BAE-AAAC-631627ED6094}"
EndProject
Project("{FAE04EC0-301F-11D3-BF4B-00C04F79EFBC}") = "WebRole", "CSAzureWebRoleBackendProcessing\WebRole\WebRole.csproj", "{3B598D2A-B29F-41CB-8A57-F64BB6CF476B}"
EndProject
Project("{2150E333-8FDC-42A3-9474-1A3956D46DE8}") = "Solution Items", "Solution Items", "{4E10AF9D-F6AB-43B4-8227-66A60E2F258C}"
	ProjectSection(SolutionItems) = preProject
		CSAzureWebRoleBackendProcessing\Readme.html = CSAzureWebRoleBackendProcessing\Readme.html
	EndProjectSection
EndProject
Global
	GlobalSection(SolutionConfigurationPlatforms) = preSolution
		Debug|Any CPU = Debug|Any CPU
		Debug|Mixed Platforms = Debug|Mixed Platforms
		Debug|x86 = Debug|x86
		Release|Any CPU = Release|Any CPU
		Release|Mixed Platforms = Release|Mixed Platforms
		Release|x86 = Release|x86
	EndGlobalSection
	GlobalSection(ProjectConfigurationPlatforms) = postSolution
		{F3F343C7-CF07-4DD9-8FC4-69AEA92AA3FE}.Debug|Any CPU.ActiveCfg = Debug|Any CPU
		{F3F343C7-CF07-4DD9-8FC4-69AEA92AA3FE}.Debug|Any CPU.Build.0 = Debug|Any CPU
		{F3F343C7-CF07-4DD9-8FC4-69AEA92AA3FE}.Debug|Mixed Platforms.ActiveCfg = Debug|Any CPU
		{F3F343C7-CF07-4DD9-8FC4-69AEA92AA3FE}.Debug|Mixed Platforms.Build.0 = Debug|Any CPU
		{F3F343C7-CF07-4DD9-8FC4-69AEA92AA3FE}.Debug|x86.ActiveCfg = Debug|Any CPU
		{F3F343C7-CF07-4DD9-8FC4-69AEA92AA3FE}.Release|Any CPU.ActiveCfg = Release|Any CPU
		{F3F343C7-CF07-4DD9-8FC4-69AEA92AA3FE}.Release|Any CPU.Build.0 = Release|Any CPU
		{F3F343C7-CF07-4DD9-8FC4-69AEA92AA3FE}.Release|Mixed Platforms.ActiveCfg = Release|Any CPU
		{F3F343C7-CF07-4DD9-8FC4-69AEA92AA3FE}.Release|Mixed Platforms.Build.0 = Release|Any CPU
		{F3F343C7-CF07-4DD9-8FC4-69AEA92AA3FE}.Release|x86.ActiveCfg = Release|Any CPU
		{83F53B8D-B5A7-4B2C-AD8B-CB0A13BCECDB}.Debug|Any CPU.ActiveCfg = Debug|x86
		{83F53B8D-B5A7-4B2C-AD8B-CB0A13BCECDB}.Debug|Mixed Platforms.ActiveCfg = Debug|x86
		{83F53B8D-B5A7-4B2C-AD8B-CB0A13BCECDB}.Debug|Mixed Platforms.Build.0 = Debug|x86
		{83F53B8D-B5A7-4B2C-AD8B-CB0A13BCECDB}.Debug|x86.ActiveCfg = Debug|x86
		{83F53B8D-B5A7-4B2C-AD8B-CB0A13BCECDB}.Debug|x86.Build.0 = Debug|x86
		{83F53B8D-B5A7-4B2C-AD8B-CB0A13BCECDB}.Release|Any CPU.ActiveCfg = Release|x86
		{83F53B8D-B5A7-4B2C-AD8B-CB0A13BCECDB}.Release|Mixed Platforms.ActiveCfg = Release|x86
		{83F53B8D-B5A7-4B2C-AD8B-CB0A13BCECDB}.Release|Mixed Platforms.Build.0 = Release|x86
		{83F53B8D-B5A7-4B2C-AD8B-CB0A13BCECDB}.Release|x86.ActiveCfg = Release|x86
		{83F53B8D-B5A7-4B2C-AD8B-CB0A13BCECDB}.Release|x86.Build.0 = Release|x86
		{5C7FFFCE-CC7D-4BAE-AAAC-631627ED6094}.Debug|Any CPU.ActiveCfg = Debug|Any CPU
		{5C7FFFCE-CC7D-4BAE-AAAC-631627ED6094}.Debug|Any CPU.Build.0 = Debug|Any CPU
		{5C7FFFCE-CC7D-4BAE-AAAC-631627ED6094}.Debug|Mixed Platforms.ActiveCfg = Debug|Any CPU
		{5C7FFFCE-CC7D-4BAE-AAAC-631627ED6094}.Debug|Mixed Platforms.Build.0 = Debug|Any CPU
		{5C7FFFCE-CC7D-4BAE-AAAC-631627ED6094}.Debug|x86.ActiveCfg = Debug|Any CPU
		{5C7FFFCE-CC7D-4BAE-AAAC-631627ED6094}.Release|Any CPU.ActiveCfg = Release|Any CPU
		{5C7FFFCE-CC7D-4BAE-AAAC-631627ED6094}.Release|Any CPU.Build.0 = Release|Any CPU
		{5C7FFFCE-CC7D-4BAE-AAAC-631627ED6094}.Release|Mixed Platforms.ActiveCfg = Release|Any CPU
		{5C7FFFCE-CC7D-4BAE-AAAC-631627ED6094}.Release|Mixed Platforms.Build.0 = Release|Any CPU
		{5C7FFFCE-CC7D-4BAE-AAAC-631627ED6094}.Release|x86.ActiveCfg = Release|Any CPU
		{3B598D2A-B29F-41CB-8A57-F64BB6CF476B}.Debug|Any CPU.ActiveCfg = Debug|Any CPU
		{3B598D2A-B29F-41CB-8A57-F64BB6CF476B}.Debug|Any CPU.Build.0 = Debug|Any CPU
		{3B598D2A-B29F-41CB-8A57-F64BB6CF476B}.Debug|Mixed Platforms.ActiveCfg = Debug|Any CPU
		{3B598D2A-B29F-41CB-8A57-F64BB6CF476B}.Debug|Mixed Platforms.Build.0 = Debug|Any CPU
		{3B598D2A-B29F-41CB-8A57-F64BB6CF476B}.Debug|x86.ActiveCfg = Debug|Any CPU
		{3B598D2A-B29F-41CB-8A57-F64BB6CF476B}.Release|Any CPU.ActiveCfg = Release|Any CPU
		{3B598D2A-B29F-41CB-8A57-F64BB6CF476B}.Release|Any CPU.Build.0 = Release|Any CPU
		{3B598D2A-B29F-41CB-8A57-F64BB6CF476B}.Release|Mixed Platforms.ActiveCfg = Release|Any CPU
		{3B598D2A-B29F-41CB-8A57-F64BB6CF476B}.Release|Mixed Platforms.Build.0 = Release|Any CPU
		{3B598D2A-B29F-41CB-8A57-F64BB6CF476B}.Release|x86.ActiveCfg = Release|Any CPU
	EndGlobalSection
	GlobalSection(SolutionProperties) = preSolution
		HideSolutionNode = FALSE
	EndGlobalSection
EndGlobal
