
Microsoft Visual Studio Solution File, Format Version 11.00
# Visual Studio 2010
Project("{2150E333-8FDC-42A3-9474-1A3956D46DE8}") = "Solution Items", "Solution Items", "{23D2F444-FFDD-4A3C-8167-3E03B99A2E38}"
	ProjectSection(SolutionItems) = preProject
		CSAzureServiceBusProtocolBridging\Readme.html = CSAzureServiceBusProtocolBridging\Readme.html
	EndProjectSection
EndProject
Project("{FAE04EC0-301F-11D3-BF4B-00C04F79EFBC}") = "Common", "CSAzureServiceBusProtocolBridging\Common\Common.csproj", "{BE692894-4E32-4099-9185-2F193EB2BED8}"
EndProject
Project("{FAE04EC0-301F-11D3-BF4B-00C04F79EFBC}") = "Client", "CSAzureServiceBusProtocolBridging\Client\Client.csproj", "{12BB8B74-DD67-47F1-BAAE-3765F86D1CA3}"
EndProject
Project("{FAE04EC0-301F-11D3-BF4B-00C04F79EFBC}") = "Service", "CSAzureServiceBusProtocolBridging\Service\Service.csproj", "{7654BCD4-E6B6-49E3-B4E9-5D45A1D79164}"
EndProject
Project("{FAE04EC0-301F-11D3-BF4B-00C04F79EFBC}") = "RouterService", "CSAzureServiceBusProtocolBridging\RouterService\RouterService.csproj", "{E77306E6-35BD-4846-82DC-0518F0512F3D}"
EndProject
Global
	GlobalSection(SolutionConfigurationPlatforms) = preSolution
		Debug|Any CPU = Debug|Any CPU
		Debug|Mixed Platforms = Debug|Mixed Platforms
		Debug|x86 = Debug|x86
		Release|Any CPU = Release|Any CPU
		Release|Mixed Platforms = Release|Mixed Platforms
		Release|x86 = Release|x86
	EndGlobalSection
	GlobalSection(ProjectConfigurationPlatforms) = postSolution
		{BE692894-4E32-4099-9185-2F193EB2BED8}.Debug|Any CPU.ActiveCfg = Debug|Any CPU
		{BE692894-4E32-4099-9185-2F193EB2BED8}.Debug|Any CPU.Build.0 = Debug|Any CPU
		{BE692894-4E32-4099-9185-2F193EB2BED8}.Debug|Mixed Platforms.ActiveCfg = Debug|Any CPU
		{BE692894-4E32-4099-9185-2F193EB2BED8}.Debug|Mixed Platforms.Build.0 = Debug|Any CPU
		{BE692894-4E32-4099-9185-2F193EB2BED8}.Debug|x86.ActiveCfg = Debug|Any CPU
		{BE692894-4E32-4099-9185-2F193EB2BED8}.Release|Any CPU.ActiveCfg = Release|Any CPU
		{BE692894-4E32-4099-9185-2F193EB2BED8}.Release|Any CPU.Build.0 = Release|Any CPU
		{BE692894-4E32-4099-9185-2F193EB2BED8}.Release|Mixed Platforms.ActiveCfg = Release|Any CPU
		{BE692894-4E32-4099-9185-2F193EB2BED8}.Release|Mixed Platforms.Build.0 = Release|Any CPU
		{BE692894-4E32-4099-9185-2F193EB2BED8}.Release|x86.ActiveCfg = Release|Any CPU
		{12BB8B74-DD67-47F1-BAAE-3765F86D1CA3}.Debug|Any CPU.ActiveCfg = Debug|x86
		{12BB8B74-DD67-47F1-BAAE-3765F86D1CA3}.Debug|Mixed Platforms.ActiveCfg = Debug|x86
		{12BB8B74-DD67-47F1-BAAE-3765F86D1CA3}.Debug|Mixed Platforms.Build.0 = Debug|x86
		{12BB8B74-DD67-47F1-BAAE-3765F86D1CA3}.Debug|x86.ActiveCfg = Debug|x86
		{12BB8B74-DD67-47F1-BAAE-3765F86D1CA3}.Debug|x86.Build.0 = Debug|x86
		{12BB8B74-DD67-47F1-BAAE-3765F86D1CA3}.Release|Any CPU.ActiveCfg = Release|x86
		{12BB8B74-DD67-47F1-BAAE-3765F86D1CA3}.Release|Mixed Platforms.ActiveCfg = Release|x86
		{12BB8B74-DD67-47F1-BAAE-3765F86D1CA3}.Release|Mixed Platforms.Build.0 = Release|x86
		{12BB8B74-DD67-47F1-BAAE-3765F86D1CA3}.Release|x86.ActiveCfg = Release|x86
		{12BB8B74-DD67-47F1-BAAE-3765F86D1CA3}.Release|x86.Build.0 = Release|x86
		{7654BCD4-E6B6-49E3-B4E9-5D45A1D79164}.Debug|Any CPU.ActiveCfg = Debug|x86
		{7654BCD4-E6B6-49E3-B4E9-5D45A1D79164}.Debug|Mixed Platforms.ActiveCfg = Debug|x86
		{7654BCD4-E6B6-49E3-B4E9-5D45A1D79164}.Debug|Mixed Platforms.Build.0 = Debug|x86
		{7654BCD4-E6B6-49E3-B4E9-5D45A1D79164}.Debug|x86.ActiveCfg = Debug|x86
		{7654BCD4-E6B6-49E3-B4E9-5D45A1D79164}.Debug|x86.Build.0 = Debug|x86
		{7654BCD4-E6B6-49E3-B4E9-5D45A1D79164}.Release|Any CPU.ActiveCfg = Release|x86
		{7654BCD4-E6B6-49E3-B4E9-5D45A1D79164}.Release|Mixed Platforms.ActiveCfg = Release|x86
		{7654BCD4-E6B6-49E3-B4E9-5D45A1D79164}.Release|Mixed Platforms.Build.0 = Release|x86
		{7654BCD4-E6B6-49E3-B4E9-5D45A1D79164}.Release|x86.ActiveCfg = Release|x86
		{7654BCD4-E6B6-49E3-B4E9-5D45A1D79164}.Release|x86.Build.0 = Release|x86
		{E77306E6-35BD-4846-82DC-0518F0512F3D}.Debug|Any CPU.ActiveCfg = Debug|x86
		{E77306E6-35BD-4846-82DC-0518F0512F3D}.Debug|Mixed Platforms.ActiveCfg = Debug|x86
		{E77306E6-35BD-4846-82DC-0518F0512F3D}.Debug|Mixed Platforms.Build.0 = Debug|x86
		{E77306E6-35BD-4846-82DC-0518F0512F3D}.Debug|x86.ActiveCfg = Debug|x86
		{E77306E6-35BD-4846-82DC-0518F0512F3D}.Debug|x86.Build.0 = Debug|x86
		{E77306E6-35BD-4846-82DC-0518F0512F3D}.Release|Any CPU.ActiveCfg = Release|x86
		{E77306E6-35BD-4846-82DC-0518F0512F3D}.Release|Mixed Platforms.ActiveCfg = Release|x86
		{E77306E6-35BD-4846-82DC-0518F0512F3D}.Release|Mixed Platforms.Build.0 = Release|x86
		{E77306E6-35BD-4846-82DC-0518F0512F3D}.Release|x86.ActiveCfg = Release|x86
		{E77306E6-35BD-4846-82DC-0518F0512F3D}.Release|x86.Build.0 = Release|x86
	EndGlobalSection
	GlobalSection(SolutionProperties) = preSolution
		HideSolutionNode = FALSE
	EndGlobalSection
EndGlobal
