
Microsoft Visual Studio Solution File, Format Version 11.00
# Visual Studio 2010
Project("{FAE04EC0-301F-11D3-BF4B-00C04F79EFBC}") = "CSCheckEXEType", "CSCheckEXEType\CSCheckEXEType.csproj", "{33E36E36-4874-46E4-A256-261C7E6CB5A3}"
EndProject
Global
	GlobalSection(SolutionConfigurationPlatforms) = preSolution
		Debug|Any CPU = Debug|Any CPU
		Debug|x64 = Debug|x64
		Debug|x86 = Debug|x86
		Release|Any CPU = Release|Any CPU
		Release|x64 = Release|x64
		Release|x86 = Release|x86
	EndGlobalSection
	GlobalSection(ProjectConfigurationPlatforms) = postSolution
		{33E36E36-4874-46E4-A256-261C7E6CB5A3}.Debug|Any CPU.ActiveCfg = Debug|Any CPU
		{33E36E36-4874-46E4-A256-261C7E6CB5A3}.Debug|Any CPU.Build.0 = Debug|Any CPU
		{33E36E36-4874-46E4-A256-261C7E6CB5A3}.Debug|x64.ActiveCfg = Debug|x64
		{33E36E36-4874-46E4-A256-261C7E6CB5A3}.Debug|x64.Build.0 = Debug|x64
		{33E36E36-4874-46E4-A256-261C7E6CB5A3}.Debug|x86.ActiveCfg = Debug|x86
		{33E36E36-4874-46E4-A256-261C7E6CB5A3}.Debug|x86.Build.0 = Debug|x86
		{33E36E36-4874-46E4-A256-261C7E6CB5A3}.Release|Any CPU.ActiveCfg = Release|Any CPU
		{33E36E36-4874-46E4-A256-261C7E6CB5A3}.Release|Any CPU.Build.0 = Release|Any CPU
		{33E36E36-4874-46E4-A256-261C7E6CB5A3}.Release|x64.ActiveCfg = Release|x64
		{33E36E36-4874-46E4-A256-261C7E6CB5A3}.Release|x64.Build.0 = Release|x64
		{33E36E36-4874-46E4-A256-261C7E6CB5A3}.Release|x86.ActiveCfg = Release|x86
		{33E36E36-4874-46E4-A256-261C7E6CB5A3}.Release|x86.Build.0 = Release|x86
	EndGlobalSection
	GlobalSection(SolutionProperties) = preSolution
		HideSolutionNode = FALSE
	EndGlobalSection
EndGlobal
