
Microsoft Visual Studio Solution File, Format Version 11.00
# Visual Studio 2010
Project("{FAE04EC0-301F-11D3-BF4B-00C04F79EFBC}") = "CSSL4SessionCookie", "CSSL4SessionCookie\CSSL4SessionCookie\CSSL4SessionCookie.csproj", "{B3082EC2-1342-40E7-BB5B-EF0938A291F5}"
EndProject
Project("{FAE04EC0-301F-11D3-BF4B-00C04F79EFBC}") = "CSSL4SessionCookie.Web", "CSSL4SessionCookie\CSSL4SessionCookie.Web\CSSL4SessionCookie.Web.csproj", "{FCFA9700-9821-45A4-9636-B5BEEEB7DFE8}"
EndProject
Global
	GlobalSection(SolutionConfigurationPlatforms) = preSolution
		Debug|Any CPU = Debug|Any CPU
		Release|Any CPU = Release|Any CPU
	EndGlobalSection
	GlobalSection(ProjectConfigurationPlatforms) = postSolution
		{B3082EC2-1342-40E7-BB5B-EF0938A291F5}.Debug|Any CPU.ActiveCfg = Debug|Any CPU
		{B3082EC2-1342-40E7-BB5B-EF0938A291F5}.Debug|Any CPU.Build.0 = Debug|Any CPU
		{B3082EC2-1342-40E7-BB5B-EF0938A291F5}.Release|Any CPU.ActiveCfg = Release|Any CPU
		{B3082EC2-1342-40E7-BB5B-EF0938A291F5}.Release|Any CPU.Build.0 = Release|Any CPU
		{FCFA9700-9821-45A4-9636-B5BEEEB7DFE8}.Debug|Any CPU.ActiveCfg = Debug|Any CPU
		{FCFA9700-9821-45A4-9636-B5BEEEB7DFE8}.Debug|Any CPU.Build.0 = Debug|Any CPU
		{FCFA9700-9821-45A4-9636-B5BEEEB7DFE8}.Release|Any CPU.ActiveCfg = Release|Any CPU
		{FCFA9700-9821-45A4-9636-B5BEEEB7DFE8}.Release|Any CPU.Build.0 = Release|Any CPU
	EndGlobalSection
	GlobalSection(SolutionProperties) = preSolution
		HideSolutionNode = FALSE
	EndGlobalSection
EndGlobal
