
Microsoft Visual Studio Solution File, Format Version 11.00
# Visual Studio 2010
Project("{FAE04EC0-301F-11D3-BF4B-00C04F79EFBC}") = "CSSL4FileDragDrop", "CSSL4FileDragDrop\CSSL4FileDragDrop.csproj", "{B05BD2D3-0B1E-462C-8DE5-8C73E1431998}"
EndProject
Global
	GlobalSection(SolutionConfigurationPlatforms) = preSolution
		Debug|Any CPU = Debug|Any CPU
		Release|Any CPU = Release|Any CPU
	EndGlobalSection
	GlobalSection(ProjectConfigurationPlatforms) = postSolution
		{B05BD2D3-0B1E-462C-8DE5-8C73E1431998}.Debug|Any CPU.ActiveCfg = Debug|Any CPU
		{B05BD2D3-0B1E-462C-8DE5-8C73E1431998}.Debug|Any CPU.Build.0 = Debug|Any CPU
		{B05BD2D3-0B1E-462C-8DE5-8C73E1431998}.Release|Any CPU.ActiveCfg = Release|Any CPU
		{B05BD2D3-0B1E-462C-8DE5-8C73E1431998}.Release|Any CPU.Build.0 = Release|Any CPU
	EndGlobalSection
	GlobalSection(SolutionProperties) = preSolution
		HideSolutionNode = FALSE
	EndGlobalSection
EndGlobal
