
Microsoft Visual Studio Solution File, Format Version 11.00
# Visual Studio 2010
Project("{FAE04EC0-301F-11D3-BF4B-00C04F79EFBC}") = "CSSL4MEF", "CSSL4MEF\CSSL4MEF\CSSL4MEF.csproj", "{9933ECA8-DEB9-42DE-9485-46021533D967}"
EndProject
Project("{FAE04EC0-301F-11D3-BF4B-00C04F79EFBC}") = "CSSL4MEF.Web", "CSSL4MEF\CSSL4MEF.Web\CSSL4MEF.Web.csproj", "{4805CEBC-945F-4188-B67A-0B29D878D8EC}"
EndProject
Project("{FAE04EC0-301F-11D3-BF4B-00C04F79EFBC}") = "ConfigControl.Extension", "CSSL4MEF\ConfigControl.Extension\ConfigControl.Extension.csproj", "{5F809FDE-C38A-4326-A872-2ABBCB689EF3}"
EndProject
Project("{FAE04EC0-301F-11D3-BF4B-00C04F79EFBC}") = "ConfigControl.Contract", "CSSL4MEF\ConfigControl.Contract\ConfigControl.Contract.csproj", "{E5C09446-38CF-4E6F-B0BC-7F2FC5C7AFF5}"
EndProject
Project("{2150E333-8FDC-42A3-9474-1A3956D46DE8}") = "Solution Items", "Solution Items", "{EB683AEE-FCA5-4C7B-B6F0-2BF7B429BE6A}"
	ProjectSection(SolutionItems) = preProject
		CSSL4MEF\ReadMe.txt = CSSL4MEF\ReadMe.txt
	EndProjectSection
EndProject
Global
	GlobalSection(SolutionConfigurationPlatforms) = preSolution
		Debug|Any CPU = Debug|Any CPU
		Release|Any CPU = Release|Any CPU
	EndGlobalSection
	GlobalSection(ProjectConfigurationPlatforms) = postSolution
		{9933ECA8-DEB9-42DE-9485-46021533D967}.Debug|Any CPU.ActiveCfg = Debug|Any CPU
		{9933ECA8-DEB9-42DE-9485-46021533D967}.Debug|Any CPU.Build.0 = Debug|Any CPU
		{9933ECA8-DEB9-42DE-9485-46021533D967}.Release|Any CPU.ActiveCfg = Release|Any CPU
		{9933ECA8-DEB9-42DE-9485-46021533D967}.Release|Any CPU.Build.0 = Release|Any CPU
		{4805CEBC-945F-4188-B67A-0B29D878D8EC}.Debug|Any CPU.ActiveCfg = Debug|Any CPU
		{4805CEBC-945F-4188-B67A-0B29D878D8EC}.Debug|Any CPU.Build.0 = Debug|Any CPU
		{4805CEBC-945F-4188-B67A-0B29D878D8EC}.Release|Any CPU.ActiveCfg = Release|Any CPU
		{4805CEBC-945F-4188-B67A-0B29D878D8EC}.Release|Any CPU.Build.0 = Release|Any CPU
		{5F809FDE-C38A-4326-A872-2ABBCB689EF3}.Debug|Any CPU.ActiveCfg = Debug|Any CPU
		{5F809FDE-C38A-4326-A872-2ABBCB689EF3}.Debug|Any CPU.Build.0 = Debug|Any CPU
		{5F809FDE-C38A-4326-A872-2ABBCB689EF3}.Release|Any CPU.ActiveCfg = Release|Any CPU
		{5F809FDE-C38A-4326-A872-2ABBCB689EF3}.Release|Any CPU.Build.0 = Release|Any CPU
		{E5C09446-38CF-4E6F-B0BC-7F2FC5C7AFF5}.Debug|Any CPU.ActiveCfg = Debug|Any CPU
		{E5C09446-38CF-4E6F-B0BC-7F2FC5C7AFF5}.Debug|Any CPU.Build.0 = Debug|Any CPU
		{E5C09446-38CF-4E6F-B0BC-7F2FC5C7AFF5}.Release|Any CPU.ActiveCfg = Release|Any CPU
		{E5C09446-38CF-4E6F-B0BC-7F2FC5C7AFF5}.Release|Any CPU.Build.0 = Release|Any CPU
	EndGlobalSection
	GlobalSection(SolutionProperties) = preSolution
		HideSolutionNode = FALSE
	EndGlobalSection
EndGlobal
