
Microsoft Visual Studio Solution File, Format Version 11.00
# Visual Studio 2010
Project("{CC5FD16D-436D-48AD-A40C-5A424C6E3E79}") = "CSSqlAzurePartitioning", "CSSqlAzurePartitioning\CSSqlAzurePartitioning\CSSqlAzurePartitioning.ccproj", "{996D3CEE-3BF2-42D8-A9E1-D82F87650932}"
EndProject
Project("{FAE04EC0-301F-11D3-BF4B-00C04F79EFBC}") = "WebRole1", "CSSqlAzurePartitioning\WebRole1\WebRole1.csproj", "{CCD8AB21-A8C3-413E-BA87-4397D5F3D1F4}"
EndProject
Project("{2150E333-8FDC-42A3-9474-1A3956D46DE8}") = "Solution Items", "Solution Items", "{43B4531A-6D1A-4419-A4FB-F8197CD6035B}"
	ProjectSection(SolutionItems) = preProject
		CSSqlAzurePartitioning\ReadMe.txt = CSSqlAzurePartitioning\ReadMe.txt
	EndProjectSection
EndProject
Global
	GlobalSection(SolutionConfigurationPlatforms) = preSolution
		Debug|Any CPU = Debug|Any CPU
		Release|Any CPU = Release|Any CPU
	EndGlobalSection
	GlobalSection(ProjectConfigurationPlatforms) = postSolution
		{996D3CEE-3BF2-42D8-A9E1-D82F87650932}.Debug|Any CPU.ActiveCfg = Debug|Any CPU
		{996D3CEE-3BF2-42D8-A9E1-D82F87650932}.Debug|Any CPU.Build.0 = Debug|Any CPU
		{996D3CEE-3BF2-42D8-A9E1-D82F87650932}.Release|Any CPU.ActiveCfg = Release|Any CPU
		{996D3CEE-3BF2-42D8-A9E1-D82F87650932}.Release|Any CPU.Build.0 = Release|Any CPU
		{CCD8AB21-A8C3-413E-BA87-4397D5F3D1F4}.Debug|Any CPU.ActiveCfg = Debug|Any CPU
		{CCD8AB21-A8C3-413E-BA87-4397D5F3D1F4}.Debug|Any CPU.Build.0 = Debug|Any CPU
		{CCD8AB21-A8C3-413E-BA87-4397D5F3D1F4}.Release|Any CPU.ActiveCfg = Release|Any CPU
		{CCD8AB21-A8C3-413E-BA87-4397D5F3D1F4}.Release|Any CPU.Build.0 = Release|Any CPU
	EndGlobalSection
	GlobalSection(SolutionProperties) = preSolution
		HideSolutionNode = FALSE
	EndGlobalSection
EndGlobal
