
Microsoft Visual Studio Solution File, Format Version 11.00
# Visual Studio 2010
Project("{FAE04EC0-301F-11D3-BF4B-00C04F79EFBC}") = "CSVSXProjectSubType", "CSVSXProjectSubType\CSVSXProjectSubType\CSVSXProjectSubType.csproj", "{FB977240-C60D-4011-ABB5-946DA067AA76}"
EndProject
Project("{FAE04EC0-301F-11D3-BF4B-00C04F79EFBC}") = "CSVSXProjectSubTypeTemplate", "CSVSXProjectSubType\CSVSXProjectSubTypeTemplate\CSVSXProjectSubTypeTemplate.csproj", "{2ED01E84-A08E-439C-A70F-CB60A000D8CD}"
EndProject
Project("{FAE04EC0-301F-11D3-BF4B-00C04F79EFBC}") = "CSVSXProjectSubTypeVSIX", "CSVSXProjectSubType\CSVSXProjectSubTypeVSIX\CSVSXProjectSubTypeVSIX.csproj", "{E74B7DDC-E162-405A-9AE7-0A910805A728}"
EndProject
Global
	GlobalSection(SolutionConfigurationPlatforms) = preSolution
		Debug|Any CPU = Debug|Any CPU
		Release|Any CPU = Release|Any CPU
	EndGlobalSection
	GlobalSection(ProjectConfigurationPlatforms) = postSolution
		{FB977240-C60D-4011-ABB5-946DA067AA76}.Debug|Any CPU.ActiveCfg = Debug|Any CPU
		{FB977240-C60D-4011-ABB5-946DA067AA76}.Debug|Any CPU.Build.0 = Debug|Any CPU
		{FB977240-C60D-4011-ABB5-946DA067AA76}.Release|Any CPU.ActiveCfg = Release|Any CPU
		{FB977240-C60D-4011-ABB5-946DA067AA76}.Release|Any CPU.Build.0 = Release|Any CPU
		{2ED01E84-A08E-439C-A70F-CB60A000D8CD}.Debug|Any CPU.ActiveCfg = Debug|Any CPU
		{2ED01E84-A08E-439C-A70F-CB60A000D8CD}.Debug|Any CPU.Build.0 = Debug|Any CPU
		{2ED01E84-A08E-439C-A70F-CB60A000D8CD}.Release|Any CPU.ActiveCfg = Release|Any CPU
		{2ED01E84-A08E-439C-A70F-CB60A000D8CD}.Release|Any CPU.Build.0 = Release|Any CPU
		{E74B7DDC-E162-405A-9AE7-0A910805A728}.Debug|Any CPU.ActiveCfg = Debug|Any CPU
		{E74B7DDC-E162-405A-9AE7-0A910805A728}.Debug|Any CPU.Build.0 = Debug|Any CPU
		{E74B7DDC-E162-405A-9AE7-0A910805A728}.Release|Any CPU.ActiveCfg = Release|Any CPU
		{E74B7DDC-E162-405A-9AE7-0A910805A728}.Release|Any CPU.Build.0 = Release|Any CPU
	EndGlobalSection
	GlobalSection(SolutionProperties) = preSolution
		HideSolutionNode = FALSE
	EndGlobalSection
EndGlobal
