
Microsoft Visual Studio Solution File, Format Version 11.00
# Visual Studio 2010
Project("{FAE04EC0-301F-11D3-BF4B-00C04F79EFBC}") = "JSVirtualKeyboard", "JSVirtualKeyboard\JSVirtualKeyboard.csproj", "{0DF24065-8CDE-4C0C-BDB7-B4C72EB2F23D}"
EndProject
Global
	GlobalSection(SolutionConfigurationPlatforms) = preSolution
		Debug|Any CPU = Debug|Any CPU
		Release|Any CPU = Release|Any CPU
	EndGlobalSection
	GlobalSection(ProjectConfigurationPlatforms) = postSolution
		{0DF24065-8CDE-4C0C-BDB7-B4C72EB2F23D}.Debug|Any CPU.ActiveCfg = Debug|Any CPU
		{0DF24065-8CDE-4C0C-BDB7-B4C72EB2F23D}.Debug|Any CPU.Build.0 = Debug|Any CPU
		{0DF24065-8CDE-4C0C-BDB7-B4C72EB2F23D}.Release|Any CPU.ActiveCfg = Release|Any CPU
		{0DF24065-8CDE-4C0C-BDB7-B4C72EB2F23D}.Release|Any CPU.Build.0 = Release|Any CPU
	EndGlobalSection
	GlobalSection(SolutionProperties) = preSolution
		HideSolutionNode = FALSE
	EndGlobalSection
EndGlobal
