
Microsoft Visual Studio Solution File, Format Version 11.00
# Visual Studio 2010
Project("{F184B08F-C81C-45F6-A57F-5ABD9991F28F}") = "VBASPNETSerializeJsonString", "VBASPNETSerializeJsonString\VBASPNETSerializeJsonString.vbproj", "{5C97D4C0-C102-40BE-84B1-39C68CC0814F}"
EndProject
Global
	GlobalSection(SolutionConfigurationPlatforms) = preSolution
		Debug|Any CPU = Debug|Any CPU
		Release|Any CPU = Release|Any CPU
	EndGlobalSection
	GlobalSection(ProjectConfigurationPlatforms) = postSolution
		{5C97D4C0-C102-40BE-84B1-39C68CC0814F}.Debug|Any CPU.ActiveCfg = Debug|Any CPU
		{5C97D4C0-C102-40BE-84B1-39C68CC0814F}.Debug|Any CPU.Build.0 = Debug|Any CPU
		{5C97D4C0-C102-40BE-84B1-39C68CC0814F}.Release|Any CPU.ActiveCfg = Release|Any CPU
		{5C97D4C0-C102-40BE-84B1-39C68CC0814F}.Release|Any CPU.Build.0 = Release|Any CPU
	EndGlobalSection
	GlobalSection(SolutionProperties) = preSolution
		HideSolutionNode = FALSE
	EndGlobalSection
EndGlobal
