
Microsoft Visual Studio Solution File, Format Version 11.00
# Visual Studio 2010
Project("{E24C65DC-7377-472B-9ABA-BC803B73C61A}") = "WSFileUploadStatus", "VBASPNETFileUploadStatus\WSFileUploadStatus\", "{BB306F13-ED0A-4998-AEE3-5811C98C6BC7}"
	ProjectSection(WebsiteProperties) = preProject
		TargetFrameworkMoniker = ".NETFramework,Version%3Dv4.0"
		ProjectReferences = "{FEB96B6C-1219-445D-B626-0776B8617AC7}|FileUploadStatus.dll;"
		Debug.AspNetCompiler.VirtualPath = "VBASPNETFileUploadStatus/WSFileUploadStatus"
		Debug.AspNetCompiler.PhysicalPath = VBASPNETFileUploadStatus\"WSFileUploadStatus\"
		Debug.AspNetCompiler.TargetPath = "VBASPNETFileUploadStatus\WSFileUploadStatus_Published\"
		Debug.AspNetCompiler.Updateable = "true"
		Debug.AspNetCompiler.ForceOverwrite = "true"
		Debug.AspNetCompiler.FixedNames = "false"
		Debug.AspNetCompiler.Debug = "True"
		Release.AspNetCompiler.VirtualPath = "VBASPNETFileUploadStatus/WSFileUploadStatus"
		Release.AspNetCompiler.PhysicalPath = "VBASPNETFileUploadStatus\WSFileUploadStatus\"
		Release.AspNetCompiler.TargetPath = "VBASPNETFileUploadStatus\WSFileUploadStatus_Published\"
		Release.AspNetCompiler.Updateable = "true"
		Release.AspNetCompiler.ForceOverwrite = "true"
		Release.AspNetCompiler.FixedNames = "false"
		Release.AspNetCompiler.Debug = "False"
		VWDPort = "13430"
	EndProjectSection
EndProject
Project("{F184B08F-C81C-45F6-A57F-5ABD9991F28F}") = "FileUploadStatus", "VBASPNETFileUploadStatus\FileUploadStatus\FileUploadStatus.vbproj", "{FEB96B6C-1219-445D-B626-0776B8617AC7}"
EndProject
Global
	GlobalSection(SolutionConfigurationPlatforms) = preSolution
		Debug|Any CPU = Debug|Any CPU
		Release|Any CPU = Release|Any CPU
	EndGlobalSection
	GlobalSection(ProjectConfigurationPlatforms) = postSolution
		{BB306F13-ED0A-4998-AEE3-5811C98C6BC7}.Debug|Any CPU.ActiveCfg = Debug|Any CPU
		{BB306F13-ED0A-4998-AEE3-5811C98C6BC7}.Debug|Any CPU.Build.0 = Debug|Any CPU
		{BB306F13-ED0A-4998-AEE3-5811C98C6BC7}.Release|Any CPU.ActiveCfg = Debug|Any CPU
		{BB306F13-ED0A-4998-AEE3-5811C98C6BC7}.Release|Any CPU.Build.0 = Debug|Any CPU
		{FEB96B6C-1219-445D-B626-0776B8617AC7}.Debug|Any CPU.ActiveCfg = Debug|Any CPU
		{FEB96B6C-1219-445D-B626-0776B8617AC7}.Debug|Any CPU.Build.0 = Debug|Any CPU
		{FEB96B6C-1219-445D-B626-0776B8617AC7}.Release|Any CPU.ActiveCfg = Release|Any CPU
		{FEB96B6C-1219-445D-B626-0776B8617AC7}.Release|Any CPU.Build.0 = Release|Any CPU
	EndGlobalSection
	GlobalSection(SolutionProperties) = preSolution
		HideSolutionNode = FALSE
	EndGlobalSection
EndGlobal
