
Microsoft Visual Studio Solution File, Format Version 11.00
# Visual Studio 2010
Project("{F184B08F-C81C-45F6-A57F-5ABD9991F28F}") = "VBASPNETEmailAddressValidator", "VBASPNETEmailAddressValidator\VBASPNETEmailAddressValidator.vbproj", "{01B6729B-C699-4C3C-9CEB-F39A740A2DF6}"
EndProject
Global
	GlobalSection(SolutionConfigurationPlatforms) = preSolution
		Debug|Any CPU = Debug|Any CPU
		Release|Any CPU = Release|Any CPU
	EndGlobalSection
	GlobalSection(ProjectConfigurationPlatforms) = postSolution
		{01B6729B-C699-4C3C-9CEB-F39A740A2DF6}.Debug|Any CPU.ActiveCfg = Debug|Any CPU
		{01B6729B-C699-4C3C-9CEB-F39A740A2DF6}.Debug|Any CPU.Build.0 = Debug|Any CPU
		{01B6729B-C699-4C3C-9CEB-F39A740A2DF6}.Release|Any CPU.ActiveCfg = Release|Any CPU
		{01B6729B-C699-4C3C-9CEB-F39A740A2DF6}.Release|Any CPU.Build.0 = Release|Any CPU
	EndGlobalSection
	GlobalSection(SolutionProperties) = preSolution
		HideSolutionNode = FALSE
	EndGlobalSection
EndGlobal
