
Microsoft Visual Studio Solution File, Format Version 11.00
# Visual Studio 2010
Project("{F184B08F-C81C-45F6-A57F-5ABD9991F28F}") = "Client", "VBAzureWorkflowService4\Client\Client.vbproj", "{44550894-E9E8-421C-B1C4-02617F906E0E}"
EndProject
Project("{CC5FD16D-436D-48AD-A40C-5A424C6E3E79}") = "VBAZWorkflowService4", "VBAzureWorkflowService4\VBAZWorkflowService4\VBAZWorkflowService4.ccproj", "{D389EFD5-A6B1-49C4-9D26-F5ABB82371A9}"
EndProject
Project("{F184B08F-C81C-45F6-A57F-5ABD9991F28F}") = "WorkflowServiceWebRole", "VBAzureWorkflowService4\WorkflowServiceWebRole\WorkflowServiceWebRole.vbproj", "{94C8942B-39B8-4BFB-8BED-B328BA636FB3}"
EndProject
Project("{2150E333-8FDC-42A3-9474-1A3956D46DE8}") = "Solution Items", "Solution Items", "{CAF01FE8-642B-4286-ABA0-A935725D8F7F}"
	ProjectSection(SolutionItems) = preProject
		VBAzureWorkflowService4\ReadMe.htm = VBAzureWorkflowService4\ReadMe.htm
	EndProjectSection
EndProject
Global
	GlobalSection(SolutionConfigurationPlatforms) = preSolution
		Debug|Any CPU = Debug|Any CPU
		Debug|Mixed Platforms = Debug|Mixed Platforms
		Debug|x86 = Debug|x86
		Release|Any CPU = Release|Any CPU
		Release|Mixed Platforms = Release|Mixed Platforms
		Release|x86 = Release|x86
	EndGlobalSection
	GlobalSection(ProjectConfigurationPlatforms) = postSolution
		{44550894-E9E8-421C-B1C4-02617F906E0E}.Debug|Any CPU.ActiveCfg = Debug|x86
		{44550894-E9E8-421C-B1C4-02617F906E0E}.Debug|Mixed Platforms.ActiveCfg = Debug|x86
		{44550894-E9E8-421C-B1C4-02617F906E0E}.Debug|Mixed Platforms.Build.0 = Debug|x86
		{44550894-E9E8-421C-B1C4-02617F906E0E}.Debug|x86.ActiveCfg = Debug|x86
		{44550894-E9E8-421C-B1C4-02617F906E0E}.Debug|x86.Build.0 = Debug|x86
		{44550894-E9E8-421C-B1C4-02617F906E0E}.Release|Any CPU.ActiveCfg = Release|x86
		{44550894-E9E8-421C-B1C4-02617F906E0E}.Release|Mixed Platforms.ActiveCfg = Release|x86
		{44550894-E9E8-421C-B1C4-02617F906E0E}.Release|Mixed Platforms.Build.0 = Release|x86
		{44550894-E9E8-421C-B1C4-02617F906E0E}.Release|x86.ActiveCfg = Release|x86
		{44550894-E9E8-421C-B1C4-02617F906E0E}.Release|x86.Build.0 = Release|x86
		{D389EFD5-A6B1-49C4-9D26-F5ABB82371A9}.Debug|Any CPU.ActiveCfg = Debug|Any CPU
		{D389EFD5-A6B1-49C4-9D26-F5ABB82371A9}.Debug|Any CPU.Build.0 = Debug|Any CPU
		{D389EFD5-A6B1-49C4-9D26-F5ABB82371A9}.Debug|Mixed Platforms.ActiveCfg = Debug|Any CPU
		{D389EFD5-A6B1-49C4-9D26-F5ABB82371A9}.Debug|Mixed Platforms.Build.0 = Debug|Any CPU
		{D389EFD5-A6B1-49C4-9D26-F5ABB82371A9}.Debug|x86.ActiveCfg = Debug|Any CPU
		{D389EFD5-A6B1-49C4-9D26-F5ABB82371A9}.Release|Any CPU.ActiveCfg = Release|Any CPU
		{D389EFD5-A6B1-49C4-9D26-F5ABB82371A9}.Release|Any CPU.Build.0 = Release|Any CPU
		{D389EFD5-A6B1-49C4-9D26-F5ABB82371A9}.Release|Mixed Platforms.ActiveCfg = Release|Any CPU
		{D389EFD5-A6B1-49C4-9D26-F5ABB82371A9}.Release|Mixed Platforms.Build.0 = Release|Any CPU
		{D389EFD5-A6B1-49C4-9D26-F5ABB82371A9}.Release|x86.ActiveCfg = Release|Any CPU
		{94C8942B-39B8-4BFB-8BED-B328BA636FB3}.Debug|Any CPU.ActiveCfg = Debug|Any CPU
		{94C8942B-39B8-4BFB-8BED-B328BA636FB3}.Debug|Any CPU.Build.0 = Debug|Any CPU
		{94C8942B-39B8-4BFB-8BED-B328BA636FB3}.Debug|Mixed Platforms.ActiveCfg = Debug|Any CPU
		{94C8942B-39B8-4BFB-8BED-B328BA636FB3}.Debug|Mixed Platforms.Build.0 = Debug|Any CPU
		{94C8942B-39B8-4BFB-8BED-B328BA636FB3}.Debug|x86.ActiveCfg = Debug|Any CPU
		{94C8942B-39B8-4BFB-8BED-B328BA636FB3}.Release|Any CPU.ActiveCfg = Release|Any CPU
		{94C8942B-39B8-4BFB-8BED-B328BA636FB3}.Release|Any CPU.Build.0 = Release|Any CPU
		{94C8942B-39B8-4BFB-8BED-B328BA636FB3}.Release|Mixed Platforms.ActiveCfg = Release|Any CPU
		{94C8942B-39B8-4BFB-8BED-B328BA636FB3}.Release|Mixed Platforms.Build.0 = Release|Any CPU
		{94C8942B-39B8-4BFB-8BED-B328BA636FB3}.Release|x86.ActiveCfg = Release|Any CPU
	EndGlobalSection
	GlobalSection(SolutionProperties) = preSolution
		HideSolutionNode = FALSE
	EndGlobalSection
EndGlobal
