
Microsoft Visual Studio Solution File, Format Version 11.00
# Visual Studio 2010
Project("{F184B08F-C81C-45F6-A57F-5ABD9991F28F}") = "WCFContract", "VBAzureWCFServices\WCFContract\WCFContract.vbproj", "{878A31B2-2F99-4A32-9555-7235CAE536E2}"
EndProject
Project("{F184B08F-C81C-45F6-A57F-5ABD9991F28F}") = "WCFServiceWebRole1", "VBAzureWCFServices\WCFServiceWebRole1\WCFServiceWebRole1.vbproj", "{ED5412AD-F74F-4C46-8B29-0D47FEBEBE3E}"
EndProject
Project("{CC5FD16D-436D-48AD-A40C-5A424C6E3E79}") = "VBAzureWCFServices", "VBAzureWCFServices\VBAzureWCFServices\VBAzureWCFServices.ccproj", "{C86A2528-DAC9-415C-9386-C19043B61FF2}"
EndProject
Project("{F184B08F-C81C-45F6-A57F-5ABD9991F28F}") = "WorkerRole1", "VBAzureWCFServices\WorkerRole1\WorkerRole1.vbproj", "{31450476-35F8-4318-85EE-4F07B0AE25BC}"
EndProject
Project("{2150E333-8FDC-42A3-9474-1A3956D46DE8}") = "Solution Items", "Solution Items", "{E150212E-B074-46D8-AC31-ED74FC551C02}"
	ProjectSection(SolutionItems) = preProject
		VBAzureWCFServices\ReadMe.txt = VBAzureWCFServices\ReadMe.txt
	EndProjectSection
EndProject
Project("{2150E333-8FDC-42A3-9474-1A3956D46DE8}") = "TestClient", "TestClient", "{2258883C-29D5-44C6-8B91-3774D054F563}"
EndProject
Project("{F184B08F-C81C-45F6-A57F-5ABD9991F28F}") = "VBAzureWCFServicesTestClient", "VBAzureWCFServices\VBAzureWCFServicesTestClient\VBAzureWCFServicesTestClient\VBAzureWCFServicesTestClient.vbproj", "{4B525306-5C8D-4400-B5B8-22C0F136EC69}"
EndProject
Project("{F184B08F-C81C-45F6-A57F-5ABD9991F28F}") = "WCFContract", "VBAzureWCFServices\VBAzureWCFServicesTestClient\WCFContract\WCFContract.vbproj", "{8F30E861-4D73-4725-9980-2AD42259EFA2}"
EndProject
Global
	GlobalSection(SolutionConfigurationPlatforms) = preSolution
		Debug|Any CPU = Debug|Any CPU
		Debug|Mixed Platforms = Debug|Mixed Platforms
		Debug|x86 = Debug|x86
		Release|Any CPU = Release|Any CPU
		Release|Mixed Platforms = Release|Mixed Platforms
		Release|x86 = Release|x86
	EndGlobalSection
	GlobalSection(ProjectConfigurationPlatforms) = postSolution
		{878A31B2-2F99-4A32-9555-7235CAE536E2}.Debug|Any CPU.ActiveCfg = Debug|Any CPU
		{878A31B2-2F99-4A32-9555-7235CAE536E2}.Debug|Any CPU.Build.0 = Debug|Any CPU
		{878A31B2-2F99-4A32-9555-7235CAE536E2}.Debug|Mixed Platforms.ActiveCfg = Debug|Any CPU
		{878A31B2-2F99-4A32-9555-7235CAE536E2}.Debug|Mixed Platforms.Build.0 = Debug|Any CPU
		{878A31B2-2F99-4A32-9555-7235CAE536E2}.Debug|x86.ActiveCfg = Debug|Any CPU
		{878A31B2-2F99-4A32-9555-7235CAE536E2}.Release|Any CPU.ActiveCfg = Release|Any CPU
		{878A31B2-2F99-4A32-9555-7235CAE536E2}.Release|Any CPU.Build.0 = Release|Any CPU
		{878A31B2-2F99-4A32-9555-7235CAE536E2}.Release|Mixed Platforms.ActiveCfg = Release|Any CPU
		{878A31B2-2F99-4A32-9555-7235CAE536E2}.Release|Mixed Platforms.Build.0 = Release|Any CPU
		{878A31B2-2F99-4A32-9555-7235CAE536E2}.Release|x86.ActiveCfg = Release|Any CPU
		{ED5412AD-F74F-4C46-8B29-0D47FEBEBE3E}.Debug|Any CPU.ActiveCfg = Debug|Any CPU
		{ED5412AD-F74F-4C46-8B29-0D47FEBEBE3E}.Debug|Any CPU.Build.0 = Debug|Any CPU
		{ED5412AD-F74F-4C46-8B29-0D47FEBEBE3E}.Debug|Mixed Platforms.ActiveCfg = Debug|Any CPU
		{ED5412AD-F74F-4C46-8B29-0D47FEBEBE3E}.Debug|Mixed Platforms.Build.0 = Debug|Any CPU
		{ED5412AD-F74F-4C46-8B29-0D47FEBEBE3E}.Debug|x86.ActiveCfg = Debug|Any CPU
		{ED5412AD-F74F-4C46-8B29-0D47FEBEBE3E}.Release|Any CPU.ActiveCfg = Release|Any CPU
		{ED5412AD-F74F-4C46-8B29-0D47FEBEBE3E}.Release|Any CPU.Build.0 = Release|Any CPU
		{ED5412AD-F74F-4C46-8B29-0D47FEBEBE3E}.Release|Mixed Platforms.ActiveCfg = Release|Any CPU
		{ED5412AD-F74F-4C46-8B29-0D47FEBEBE3E}.Release|Mixed Platforms.Build.0 = Release|Any CPU
		{ED5412AD-F74F-4C46-8B29-0D47FEBEBE3E}.Release|x86.ActiveCfg = Release|Any CPU
		{C86A2528-DAC9-415C-9386-C19043B61FF2}.Debug|Any CPU.ActiveCfg = Debug|Any CPU
		{C86A2528-DAC9-415C-9386-C19043B61FF2}.Debug|Any CPU.Build.0 = Debug|Any CPU
		{C86A2528-DAC9-415C-9386-C19043B61FF2}.Debug|Mixed Platforms.ActiveCfg = Debug|Any CPU
		{C86A2528-DAC9-415C-9386-C19043B61FF2}.Debug|Mixed Platforms.Build.0 = Debug|Any CPU
		{C86A2528-DAC9-415C-9386-C19043B61FF2}.Debug|x86.ActiveCfg = Debug|Any CPU
		{C86A2528-DAC9-415C-9386-C19043B61FF2}.Release|Any CPU.ActiveCfg = Release|Any CPU
		{C86A2528-DAC9-415C-9386-C19043B61FF2}.Release|Any CPU.Build.0 = Release|Any CPU
		{C86A2528-DAC9-415C-9386-C19043B61FF2}.Release|Mixed Platforms.ActiveCfg = Release|Any CPU
		{C86A2528-DAC9-415C-9386-C19043B61FF2}.Release|Mixed Platforms.Build.0 = Release|Any CPU
		{C86A2528-DAC9-415C-9386-C19043B61FF2}.Release|x86.ActiveCfg = Release|Any CPU
		{31450476-35F8-4318-85EE-4F07B0AE25BC}.Debug|Any CPU.ActiveCfg = Debug|Any CPU
		{31450476-35F8-4318-85EE-4F07B0AE25BC}.Debug|Any CPU.Build.0 = Debug|Any CPU
		{31450476-35F8-4318-85EE-4F07B0AE25BC}.Debug|Mixed Platforms.ActiveCfg = Debug|Any CPU
		{31450476-35F8-4318-85EE-4F07B0AE25BC}.Debug|Mixed Platforms.Build.0 = Debug|Any CPU
		{31450476-35F8-4318-85EE-4F07B0AE25BC}.Debug|x86.ActiveCfg = Debug|Any CPU
		{31450476-35F8-4318-85EE-4F07B0AE25BC}.Release|Any CPU.ActiveCfg = Release|Any CPU
		{31450476-35F8-4318-85EE-4F07B0AE25BC}.Release|Any CPU.Build.0 = Release|Any CPU
		{31450476-35F8-4318-85EE-4F07B0AE25BC}.Release|Mixed Platforms.ActiveCfg = Release|Any CPU
		{31450476-35F8-4318-85EE-4F07B0AE25BC}.Release|Mixed Platforms.Build.0 = Release|Any CPU
		{31450476-35F8-4318-85EE-4F07B0AE25BC}.Release|x86.ActiveCfg = Release|Any CPU
		{4B525306-5C8D-4400-B5B8-22C0F136EC69}.Debug|Any CPU.ActiveCfg = Debug|x86
		{4B525306-5C8D-4400-B5B8-22C0F136EC69}.Debug|Mixed Platforms.ActiveCfg = Debug|x86
		{4B525306-5C8D-4400-B5B8-22C0F136EC69}.Debug|Mixed Platforms.Build.0 = Debug|x86
		{4B525306-5C8D-4400-B5B8-22C0F136EC69}.Debug|x86.ActiveCfg = Debug|x86
		{4B525306-5C8D-4400-B5B8-22C0F136EC69}.Debug|x86.Build.0 = Debug|x86
		{4B525306-5C8D-4400-B5B8-22C0F136EC69}.Release|Any CPU.ActiveCfg = Release|x86
		{4B525306-5C8D-4400-B5B8-22C0F136EC69}.Release|Mixed Platforms.ActiveCfg = Release|x86
		{4B525306-5C8D-4400-B5B8-22C0F136EC69}.Release|Mixed Platforms.Build.0 = Release|x86
		{4B525306-5C8D-4400-B5B8-22C0F136EC69}.Release|x86.ActiveCfg = Release|x86
		{4B525306-5C8D-4400-B5B8-22C0F136EC69}.Release|x86.Build.0 = Release|x86
		{8F30E861-4D73-4725-9980-2AD42259EFA2}.Debug|Any CPU.ActiveCfg = Debug|Any CPU
		{8F30E861-4D73-4725-9980-2AD42259EFA2}.Debug|Any CPU.Build.0 = Debug|Any CPU
		{8F30E861-4D73-4725-9980-2AD42259EFA2}.Debug|Mixed Platforms.ActiveCfg = Debug|Any CPU
		{8F30E861-4D73-4725-9980-2AD42259EFA2}.Debug|Mixed Platforms.Build.0 = Debug|Any CPU
		{8F30E861-4D73-4725-9980-2AD42259EFA2}.Debug|x86.ActiveCfg = Debug|Any CPU
		{8F30E861-4D73-4725-9980-2AD42259EFA2}.Release|Any CPU.ActiveCfg = Release|Any CPU
		{8F30E861-4D73-4725-9980-2AD42259EFA2}.Release|Any CPU.Build.0 = Release|Any CPU
		{8F30E861-4D73-4725-9980-2AD42259EFA2}.Release|Mixed Platforms.ActiveCfg = Release|Any CPU
		{8F30E861-4D73-4725-9980-2AD42259EFA2}.Release|Mixed Platforms.Build.0 = Release|Any CPU
		{8F30E861-4D73-4725-9980-2AD42259EFA2}.Release|x86.ActiveCfg = Release|Any CPU
	EndGlobalSection
	GlobalSection(SolutionProperties) = preSolution
		HideSolutionNode = FALSE
	EndGlobalSection
	GlobalSection(NestedProjects) = preSolution
		{4B525306-5C8D-4400-B5B8-22C0F136EC69} = {2258883C-29D5-44C6-8B91-3774D054F563}
		{8F30E861-4D73-4725-9980-2AD42259EFA2} = {2258883C-29D5-44C6-8B91-3774D054F563}
	EndGlobalSection
EndGlobal
