
Microsoft Visual Studio Solution File, Format Version 11.00
# Visual Studio 2010
Project("{F184B08F-C81C-45F6-A57F-5ABD9991F28F}") = "VBAzureManagementAPI", "VBAzureManagementAPI\VBAzureManagementAPI.vbproj", "{ED31A9BE-5674-4F11-AF74-F91871B2CA6D}"
EndProject
Global
	GlobalSection(SolutionConfigurationPlatforms) = preSolution
		Debug|x86 = Debug|x86
		Release|x86 = Release|x86
	EndGlobalSection
	GlobalSection(ProjectConfigurationPlatforms) = postSolution
		{ED31A9BE-5674-4F11-AF74-F91871B2CA6D}.Debug|x86.ActiveCfg = Debug|x86
		{ED31A9BE-5674-4F11-AF74-F91871B2CA6D}.Debug|x86.Build.0 = Debug|x86
		{ED31A9BE-5674-4F11-AF74-F91871B2CA6D}.Release|x86.ActiveCfg = Release|x86
		{ED31A9BE-5674-4F11-AF74-F91871B2CA6D}.Release|x86.Build.0 = Release|x86
	EndGlobalSection
	GlobalSection(SolutionProperties) = preSolution
		HideSolutionNode = FALSE
	EndGlobalSection
EndGlobal
