
Microsoft Visual Studio Solution File, Format Version 11.00
# Visual Studio 2010
Project("{F184B08F-C81C-45F6-A57F-5ABD9991F28F}") = "VBCheckEXEType", "VBCheckEXEType\VBCheckEXEType.vbproj", "{008C3D43-CC38-469E-8C9E-4CBABF08A00F}"
EndProject
Global
	GlobalSection(SolutionConfigurationPlatforms) = preSolution
		Debug|Any CPU = Debug|Any CPU
		Debug|x64 = Debug|x64
		Debug|x86 = Debug|x86
		Release|Any CPU = Release|Any CPU
		Release|x64 = Release|x64
		Release|x86 = Release|x86
	EndGlobalSection
	GlobalSection(ProjectConfigurationPlatforms) = postSolution
		{008C3D43-CC38-469E-8C9E-4CBABF08A00F}.Debug|Any CPU.ActiveCfg = Debug|Any CPU
		{008C3D43-CC38-469E-8C9E-4CBABF08A00F}.Debug|Any CPU.Build.0 = Debug|Any CPU
		{008C3D43-CC38-469E-8C9E-4CBABF08A00F}.Debug|x64.ActiveCfg = Debug|x64
		{008C3D43-CC38-469E-8C9E-4CBABF08A00F}.Debug|x64.Build.0 = Debug|x64
		{008C3D43-CC38-469E-8C9E-4CBABF08A00F}.Debug|x86.ActiveCfg = Debug|x86
		{008C3D43-CC38-469E-8C9E-4CBABF08A00F}.Debug|x86.Build.0 = Debug|x86
		{008C3D43-CC38-469E-8C9E-4CBABF08A00F}.Release|Any CPU.ActiveCfg = Release|Any CPU
		{008C3D43-CC38-469E-8C9E-4CBABF08A00F}.Release|Any CPU.Build.0 = Release|Any CPU
		{008C3D43-CC38-469E-8C9E-4CBABF08A00F}.Release|x64.ActiveCfg = Release|x64
		{008C3D43-CC38-469E-8C9E-4CBABF08A00F}.Release|x64.Build.0 = Release|x64
		{008C3D43-CC38-469E-8C9E-4CBABF08A00F}.Release|x86.ActiveCfg = Release|x86
		{008C3D43-CC38-469E-8C9E-4CBABF08A00F}.Release|x86.Build.0 = Release|x86
	EndGlobalSection
	GlobalSection(SolutionProperties) = preSolution
		HideSolutionNode = FALSE
	EndGlobalSection
EndGlobal
