
Microsoft Visual Studio Solution File, Format Version 11.00
# Visual Studio 2010
Project("{F184B08F-C81C-45F6-A57F-5ABD9991F28F}") = "VBEFForeignKeyAssociation", "VBEFForeignKeyAssociation\VBEFForeignKeyAssociation.vbproj", "{67B25359-F07B-44C1-8F94-1C6B3D1839E0}"
EndProject
Global
	GlobalSection(SolutionConfigurationPlatforms) = preSolution
		Debug|x86 = Debug|x86
		Release|x86 = Release|x86
	EndGlobalSection
	GlobalSection(ProjectConfigurationPlatforms) = postSolution
		{67B25359-F07B-44C1-8F94-1C6B3D1839E0}.Debug|x86.ActiveCfg = Debug|x86
		{67B25359-F07B-44C1-8F94-1C6B3D1839E0}.Debug|x86.Build.0 = Debug|x86
		{67B25359-F07B-44C1-8F94-1C6B3D1839E0}.Release|x86.ActiveCfg = Release|x86
		{67B25359-F07B-44C1-8F94-1C6B3D1839E0}.Release|x86.Build.0 = Release|x86
	EndGlobalSection
	GlobalSection(SolutionProperties) = preSolution
		HideSolutionNode = FALSE
	EndGlobalSection
EndGlobal
