
Microsoft Visual Studio Solution File, Format Version 11.00
# Visual Studio 2010
Project("{F184B08F-C81C-45F6-A57F-5ABD9991F28F}") = "VBPlatformDetector", "VBPlatformDetector\VBPlatformDetector.vbproj", "{F9A6F803-4101-4954-B373-AAC1FDE57F1B}"
EndProject
Global
	GlobalSection(SolutionConfigurationPlatforms) = preSolution
		Debug|x86 = Debug|x86
		Release|x86 = Release|x86
	EndGlobalSection
	GlobalSection(ProjectConfigurationPlatforms) = postSolution
		{F9A6F803-4101-4954-B373-AAC1FDE57F1B}.Debug|x86.ActiveCfg = Debug|x86
		{F9A6F803-4101-4954-B373-AAC1FDE57F1B}.Debug|x86.Build.0 = Debug|x86
		{F9A6F803-4101-4954-B373-AAC1FDE57F1B}.Release|x86.ActiveCfg = Release|x86
		{F9A6F803-4101-4954-B373-AAC1FDE57F1B}.Release|x86.Build.0 = Release|x86
	EndGlobalSection
	GlobalSection(SolutionProperties) = preSolution
		HideSolutionNode = FALSE
	EndGlobalSection
EndGlobal
