Microsoft Visual Studio Solution File, Format Version 7.00
Project("{FAE04EC0-301F-11D3-BF4B-00C04F79EFBC}") = "MaskedEditSample", "MaskedEditSample\MaskedEditSample.csproj", "{704B2A60-54AC-4285-9D13-89292EF7BCF6}"
EndProject
Project("{FAE04EC0-301F-11D3-BF4B-00C04F79EFBC}") = "MaskedEditTextBoxControl", "MaskedEditTextBoxControl\MaskedEditTextBoxControl.csproj", "{26D4777A-AAB8-4162-A563-AF834D7A2A10}"
EndProject
Global
	GlobalSection(SolutionConfiguration) = preSolution
		ConfigName.0 = Debug
		ConfigName.1 = Release
	EndGlobalSection
	GlobalSection(ProjectDependencies) = postSolution
	EndGlobalSection
	GlobalSection(ProjectConfiguration) = postSolution
		{704B2A60-54AC-4285-9D13-89292EF7BCF6}.Debug.ActiveCfg = Debug|.NET
		{704B2A60-54AC-4285-9D13-89292EF7BCF6}.Debug.Build.0 = Debug|.NET
		{704B2A60-54AC-4285-9D13-89292EF7BCF6}.Release.ActiveCfg = Release|.NET
		{704B2A60-54AC-4285-9D13-89292EF7BCF6}.Release.Build.0 = Release|.NET
		{26D4777A-AAB8-4162-A563-AF834D7A2A10}.Debug.ActiveCfg = Debug|.NET
		{26D4777A-AAB8-4162-A563-AF834D7A2A10}.Debug.Build.0 = Debug|.NET
		{26D4777A-AAB8-4162-A563-AF834D7A2A10}.Release.ActiveCfg = Release|.NET
		{26D4777A-AAB8-4162-A563-AF834D7A2A10}.Release.Build.0 = Release|.NET
	EndGlobalSection
	GlobalSection(ExtensibilityGlobals) = postSolution
	EndGlobalSection
	GlobalSection(ExtensibilityAddIns) = postSolution
	EndGlobalSection
EndGlobal
