
Microsoft Visual Studio Solution File, Format Version 9.00
# Visual Studio 2005
Project("{FAE04EC0-301F-11D3-BF4B-00C04F79EFBC}") = "WebServiceInvoke", "WebServiceInvoke\WebServiceInvoke.csproj", "{10E51077-D1E9-442F-91D0-108B3ACD41FD}"
EndProject
Project("{FAE04EC0-301F-11D3-BF4B-00C04F79EFBC}") = "WebServicePublish", "WebServicePublish\WebServicePublish.csproj", "{DD4DB5EB-C2DD-436D-8C34-194A1BD05E98}"
EndProject
Project("{E24C65DC-7377-472B-9ABA-BC803B73C61A}") = "C:\...\WebServicePublish_WebService\", "WebServicePublish_WebService\", "{F16F968B-05D0-4C55-8425-0AEBB7A5E333}"
	ProjectSection(WebsiteProperties) = preProject
		ProjectReferences = "{DD4DB5EB-C2DD-436D-8C34-194A1BD05E98}|WebServicePublish.dll;"
		Debug.AspNetCompiler.VirtualPath = "/WebServicePublish_WebService"
		Debug.AspNetCompiler.PhysicalPath = "WebServicePublish_WebService\"
		Debug.AspNetCompiler.TargetPath = "PrecompiledWeb\WebServicePublish_WebService\"
		Debug.AspNetCompiler.Updateable = "true"
		Debug.AspNetCompiler.ForceOverwrite = "true"
		Debug.AspNetCompiler.FixedNames = "false"
		Debug.AspNetCompiler.Debug = "True"
		Release.AspNetCompiler.VirtualPath = "/WebServicePublish_WebService"
		Release.AspNetCompiler.PhysicalPath = "WebServicePublish_WebService\"
		Release.AspNetCompiler.TargetPath = "PrecompiledWeb\WebServicePublish_WebService\"
		Release.AspNetCompiler.Updateable = "true"
		Release.AspNetCompiler.ForceOverwrite = "true"
		Release.AspNetCompiler.FixedNames = "false"
		Release.AspNetCompiler.Debug = "False"
		VWDPort = "6407"
		DefaultWebSiteLanguage = "Visual C#"
	EndProjectSection
EndProject
Global
	GlobalSection(SolutionConfigurationPlatforms) = preSolution
		Debug|.NET = Debug|.NET
		Debug|Any CPU = Debug|Any CPU
		Debug|Mixed Platforms = Debug|Mixed Platforms
		Release|.NET = Release|.NET
		Release|Any CPU = Release|Any CPU
		Release|Mixed Platforms = Release|Mixed Platforms
	EndGlobalSection
	GlobalSection(ProjectConfigurationPlatforms) = postSolution
		{10E51077-D1E9-442F-91D0-108B3ACD41FD}.Debug|.NET.ActiveCfg = Debug|Any CPU
		{10E51077-D1E9-442F-91D0-108B3ACD41FD}.Debug|Any CPU.ActiveCfg = Debug|Any CPU
		{10E51077-D1E9-442F-91D0-108B3ACD41FD}.Debug|Any CPU.Build.0 = Debug|Any CPU
		{10E51077-D1E9-442F-91D0-108B3ACD41FD}.Debug|Mixed Platforms.ActiveCfg = Debug|Any CPU
		{10E51077-D1E9-442F-91D0-108B3ACD41FD}.Debug|Mixed Platforms.Build.0 = Debug|Any CPU
		{10E51077-D1E9-442F-91D0-108B3ACD41FD}.Release|.NET.ActiveCfg = Release|Any CPU
		{10E51077-D1E9-442F-91D0-108B3ACD41FD}.Release|Any CPU.ActiveCfg = Release|Any CPU
		{10E51077-D1E9-442F-91D0-108B3ACD41FD}.Release|Any CPU.Build.0 = Release|Any CPU
		{10E51077-D1E9-442F-91D0-108B3ACD41FD}.Release|Mixed Platforms.ActiveCfg = Release|Any CPU
		{10E51077-D1E9-442F-91D0-108B3ACD41FD}.Release|Mixed Platforms.Build.0 = Release|Any CPU
		{DD4DB5EB-C2DD-436D-8C34-194A1BD05E98}.Debug|.NET.ActiveCfg = Debug|Any CPU
		{DD4DB5EB-C2DD-436D-8C34-194A1BD05E98}.Debug|Any CPU.ActiveCfg = Debug|Any CPU
		{DD4DB5EB-C2DD-436D-8C34-194A1BD05E98}.Debug|Any CPU.Build.0 = Debug|Any CPU
		{DD4DB5EB-C2DD-436D-8C34-194A1BD05E98}.Debug|Mixed Platforms.ActiveCfg = Debug|Any CPU
		{DD4DB5EB-C2DD-436D-8C34-194A1BD05E98}.Debug|Mixed Platforms.Build.0 = Debug|Any CPU
		{DD4DB5EB-C2DD-436D-8C34-194A1BD05E98}.Release|.NET.ActiveCfg = Release|Any CPU
		{DD4DB5EB-C2DD-436D-8C34-194A1BD05E98}.Release|Any CPU.ActiveCfg = Release|Any CPU
		{DD4DB5EB-C2DD-436D-8C34-194A1BD05E98}.Release|Any CPU.Build.0 = Release|Any CPU
		{DD4DB5EB-C2DD-436D-8C34-194A1BD05E98}.Release|Mixed Platforms.ActiveCfg = Release|Any CPU
		{DD4DB5EB-C2DD-436D-8C34-194A1BD05E98}.Release|Mixed Platforms.Build.0 = Release|Any CPU
		{F16F968B-05D0-4C55-8425-0AEBB7A5E333}.Debug|.NET.ActiveCfg = Debug|.NET
		{F16F968B-05D0-4C55-8425-0AEBB7A5E333}.Debug|.NET.Build.0 = Debug|.NET
		{F16F968B-05D0-4C55-8425-0AEBB7A5E333}.Debug|Any CPU.ActiveCfg = Debug|.NET
		{F16F968B-05D0-4C55-8425-0AEBB7A5E333}.Debug|Mixed Platforms.ActiveCfg = Debug|.NET
		{F16F968B-05D0-4C55-8425-0AEBB7A5E333}.Debug|Mixed Platforms.Build.0 = Debug|.NET
		{F16F968B-05D0-4C55-8425-0AEBB7A5E333}.Release|.NET.ActiveCfg = Debug|.NET
		{F16F968B-05D0-4C55-8425-0AEBB7A5E333}.Release|.NET.Build.0 = Debug|.NET
		{F16F968B-05D0-4C55-8425-0AEBB7A5E333}.Release|Any CPU.ActiveCfg = Debug|.NET
		{F16F968B-05D0-4C55-8425-0AEBB7A5E333}.Release|Mixed Platforms.ActiveCfg = Debug|.NET
		{F16F968B-05D0-4C55-8425-0AEBB7A5E333}.Release|Mixed Platforms.Build.0 = Debug|.NET
	EndGlobalSection
	GlobalSection(SolutionProperties) = preSolution
		HideSolutionNode = FALSE
	EndGlobalSection
EndGlobal
