Microsoft Visual Studio Solution File, Format Version 9.00
Project("{F184B08F-C81C-45F6-A57F-5ABD9991F28F}") = "MsgBox", "MsgBox\MsgBox.vbproj", "{3B86325F-1972-481C-ABAD-7C8F57D5B434}"
EndProject
Global
	GlobalSection(SolutionConfigurationPlatforms) = preSolution
		Debug|.NET = Debug|.NET
		Release|.NET = Release|.NET
	EndGlobalSection
	GlobalSection(ProjectConfigurationPlatforms) = postSolution
		{3B86325F-1972-481C-ABAD-7C8F57D5B434}.Debug|.NET.ActiveCfg = Debug|.NET
		{3B86325F-1972-481C-ABAD-7C8F57D5B434}.Debug|.NET.Build.0 = Debug|.NET
		{3B86325F-1972-481C-ABAD-7C8F57D5B434}.Release|.NET.ActiveCfg = Release|.NET
		{3B86325F-1972-481C-ABAD-7C8F57D5B434}.Release|.NET.Build.0 = Release|.NET
	EndGlobalSection
	GlobalSection(SolutionProperties) = preSolution
		HideSolutionNode = FALSE
	EndGlobalSection
EndGlobal
