
Microsoft Visual Studio Solution File, Format Version 11.00
# Visual Studio 10
Project("{FAE04EC0-301F-11D3-BF4B-00C04F79EFBC}") = "Workflow", "Workflow\Workflow.csproj", "{2339250B-2E69-411D-BB55-32A3BA0D3A9C}"
EndProject
Global
	GlobalSection(SolutionConfigurationPlatforms) = preSolution
		Debug|Any CPU = Debug|Any CPU
		Release|Any CPU = Release|Any CPU
	EndGlobalSection
	GlobalSection(ProjectConfigurationPlatforms) = postSolution
		{2339250B-2E69-411D-BB55-32A3BA0D3A9C}.Debug|Any CPU.ActiveCfg = Debug|Any CPU
		{2339250B-2E69-411D-BB55-32A3BA0D3A9C}.Debug|Any CPU.Build.0 = Debug|Any CPU
		{2339250B-2E69-411D-BB55-32A3BA0D3A9C}.Release|Any CPU.ActiveCfg = Release|Any CPU
		{2339250B-2E69-411D-BB55-32A3BA0D3A9C}.Release|Any CPU.Build.0 = Release|Any CPU
	EndGlobalSection
	GlobalSection(SolutionProperties) = preSolution
		HideSolutionNode = FALSE
	EndGlobalSection
EndGlobal
