
Microsoft Visual Studio Solution File, Format Version 9.00
# Visual Studio 2005
Project("{FAE04EC0-301F-11D3-BF4B-00C04F79EFBC}") = "CorrelatedLocalService", "CorrelatedLocalService\CorrelatedLocalService.csproj", "{79958DDF-2BA8-4B22-80A3-3D66F9C99C6F}"
EndProject
Project("{FAE04EC0-301F-11D3-BF4B-00C04F79EFBC}") = "TaskService", "TaskService\TaskService.csproj", "{403257BE-E103-4711-B47F-70275EC6DF2F}"
EndProject
Project("{FAE04EC0-301F-11D3-BF4B-00C04F79EFBC}") = "TaskActivities", "TaskActivities\TaskActivities.csproj", "{17569DC0-D551-4BEA-8315-D410818A247B}"
EndProject
Global
	GlobalSection(SolutionConfigurationPlatforms) = preSolution
		Debug|Any CPU = Debug|Any CPU
		Release|Any CPU = Release|Any CPU
	EndGlobalSection
	GlobalSection(ProjectConfigurationPlatforms) = postSolution
		{79958DDF-2BA8-4B22-80A3-3D66F9C99C6F}.Debug|Any CPU.ActiveCfg = Debug|Any CPU
		{79958DDF-2BA8-4B22-80A3-3D66F9C99C6F}.Debug|Any CPU.Build.0 = Debug|Any CPU
		{79958DDF-2BA8-4B22-80A3-3D66F9C99C6F}.Release|Any CPU.ActiveCfg = Release|Any CPU
		{79958DDF-2BA8-4B22-80A3-3D66F9C99C6F}.Release|Any CPU.Build.0 = Release|Any CPU
		{403257BE-E103-4711-B47F-70275EC6DF2F}.Debug|Any CPU.ActiveCfg = Debug|Any CPU
		{403257BE-E103-4711-B47F-70275EC6DF2F}.Debug|Any CPU.Build.0 = Debug|Any CPU
		{403257BE-E103-4711-B47F-70275EC6DF2F}.Release|Any CPU.ActiveCfg = Release|Any CPU
		{403257BE-E103-4711-B47F-70275EC6DF2F}.Release|Any CPU.Build.0 = Release|Any CPU
		{17569DC0-D551-4BEA-8315-D410818A247B}.Debug|Any CPU.ActiveCfg = Debug|Any CPU
		{17569DC0-D551-4BEA-8315-D410818A247B}.Debug|Any CPU.Build.0 = Debug|Any CPU
		{17569DC0-D551-4BEA-8315-D410818A247B}.Release|Any CPU.ActiveCfg = Release|Any CPU
		{17569DC0-D551-4BEA-8315-D410818A247B}.Release|Any CPU.Build.0 = Release|Any CPU
	EndGlobalSection
	GlobalSection(SolutionProperties) = preSolution
		HideSolutionNode = FALSE
	EndGlobalSection
EndGlobal
