Microsoft Visual Studio Solution File, Format Version 9.00
# Visual Studio 2005
Project("{FAE04EC0-301F-11D3-BF4B-00C04F79EFBC}") = "Game", "Game\Game.csproj", "{D0F59F9E-199C-485B-8F3B-B64D555BE0EC}"
EndProject
Project("{FAE04EC0-301F-11D3-BF4B-00C04F79EFBC}") = "Graphics", "Graphics\Graphics.csproj", "{852AEEF3-C26C-4EED-ACC2-3D3F5D9FDC65}"
EndProject
Project("{FAE04EC0-301F-11D3-BF4B-00C04F79EFBC}") = "Input", "Input\Input.csproj", "{C1DE461E-F60C-40D4-9CD9-34FE908368E3}"
EndProject
Project("{FAE04EC0-301F-11D3-BF4B-00C04F79EFBC}") = "Timer", "Timer\Timer.csproj", "{B6FD2F50-22E9-411C-AC58-7E80127BFB18}"
EndProject
Global
	GlobalSection(SolutionConfigurationPlatforms) = preSolution
		Debug|Any CPU = Debug|Any CPU
		Release|Any CPU = Release|Any CPU
	EndGlobalSection
	GlobalSection(ProjectConfigurationPlatforms) = postSolution
		{D0F59F9E-199C-485B-8F3B-B64D555BE0EC}.Debug|Any CPU.ActiveCfg = Debug|Any CPU
		{D0F59F9E-199C-485B-8F3B-B64D555BE0EC}.Debug|Any CPU.Build.0 = Debug|Any CPU
		{D0F59F9E-199C-485B-8F3B-B64D555BE0EC}.Debug|Any CPU.Deploy.0 = Debug|Any CPU
		{D0F59F9E-199C-485B-8F3B-B64D555BE0EC}.Release|Any CPU.ActiveCfg = Release|Any CPU
		{D0F59F9E-199C-485B-8F3B-B64D555BE0EC}.Release|Any CPU.Build.0 = Release|Any CPU
		{D0F59F9E-199C-485B-8F3B-B64D555BE0EC}.Release|Any CPU.Deploy.0 = Release|Any CPU
		{852AEEF3-C26C-4EED-ACC2-3D3F5D9FDC65}.Debug|Any CPU.ActiveCfg = Debug|Any CPU
		{852AEEF3-C26C-4EED-ACC2-3D3F5D9FDC65}.Debug|Any CPU.Build.0 = Debug|Any CPU
		{852AEEF3-C26C-4EED-ACC2-3D3F5D9FDC65}.Debug|Any CPU.Deploy.0 = Debug|Any CPU
		{852AEEF3-C26C-4EED-ACC2-3D3F5D9FDC65}.Release|Any CPU.ActiveCfg = Release|Any CPU
		{852AEEF3-C26C-4EED-ACC2-3D3F5D9FDC65}.Release|Any CPU.Build.0 = Release|Any CPU
		{852AEEF3-C26C-4EED-ACC2-3D3F5D9FDC65}.Release|Any CPU.Deploy.0 = Release|Any CPU
		{C1DE461E-F60C-40D4-9CD9-34FE908368E3}.Debug|Any CPU.ActiveCfg = Debug|Any CPU
		{C1DE461E-F60C-40D4-9CD9-34FE908368E3}.Debug|Any CPU.Build.0 = Debug|Any CPU
		{C1DE461E-F60C-40D4-9CD9-34FE908368E3}.Debug|Any CPU.Deploy.0 = Debug|Any CPU
		{C1DE461E-F60C-40D4-9CD9-34FE908368E3}.Release|Any CPU.ActiveCfg = Release|Any CPU
		{C1DE461E-F60C-40D4-9CD9-34FE908368E3}.Release|Any CPU.Build.0 = Release|Any CPU
		{C1DE461E-F60C-40D4-9CD9-34FE908368E3}.Release|Any CPU.Deploy.0 = Release|Any CPU
		{D28ABDCA-4918-49C0-AB79-FD8C2EA2702F}.Debug|Any CPU.ActiveCfg = Debug|Any CPU
		{D28ABDCA-4918-49C0-AB79-FD8C2EA2702F}.Debug|Any CPU.Build.0 = Debug|Any CPU
		{D28ABDCA-4918-49C0-AB79-FD8C2EA2702F}.Debug|Any CPU.Deploy.0 = Debug|Any CPU
		{D28ABDCA-4918-49C0-AB79-FD8C2EA2702F}.Release|Any CPU.ActiveCfg = Release|Any CPU
		{D28ABDCA-4918-49C0-AB79-FD8C2EA2702F}.Release|Any CPU.Build.0 = Release|Any CPU
		{D28ABDCA-4918-49C0-AB79-FD8C2EA2702F}.Release|Any CPU.Deploy.0 = Release|Any CPU
		{B6FD2F50-22E9-411C-AC58-7E80127BFB18}.Debug|Any CPU.ActiveCfg = Debug|Any CPU
		{B6FD2F50-22E9-411C-AC58-7E80127BFB18}.Debug|Any CPU.Build.0 = Debug|Any CPU
		{B6FD2F50-22E9-411C-AC58-7E80127BFB18}.Debug|Any CPU.Deploy.0 = Debug|Any CPU
		{B6FD2F50-22E9-411C-AC58-7E80127BFB18}.Release|Any CPU.ActiveCfg = Release|Any CPU
		{B6FD2F50-22E9-411C-AC58-7E80127BFB18}.Release|Any CPU.Build.0 = Release|Any CPU
		{B6FD2F50-22E9-411C-AC58-7E80127BFB18}.Release|Any CPU.Deploy.0 = Release|Any CPU
	EndGlobalSection
	GlobalSection(SolutionProperties) = preSolution
		HideSolutionNode = FALSE
	EndGlobalSection
EndGlobal
