
Microsoft Visual Studio Solution File, Format Version 9.00
# Visual Studio 2005
Project("{FAE04EC0-301F-11D3-BF4B-00C04F79EFBC}") = "DebuggerViews", "DebuggerViewsCS\DebuggerViews.csproj", "{1150ED6C-9199-4B2F-94C6-882F9EDAE209}"
EndProject
Global
	GlobalSection(SolutionConfigurationPlatforms) = preSolution
		Debug|Any CPU = Debug|Any CPU
		Release|Any CPU = Release|Any CPU
	EndGlobalSection
	GlobalSection(ProjectConfigurationPlatforms) = postSolution
		{1150ED6C-9199-4B2F-94C6-882F9EDAE209}.Debug|Any CPU.ActiveCfg = Debug|Any CPU
		{1150ED6C-9199-4B2F-94C6-882F9EDAE209}.Debug|Any CPU.Build.0 = Debug|Any CPU
		{1150ED6C-9199-4B2F-94C6-882F9EDAE209}.Release|Any CPU.ActiveCfg = Release|Any CPU
		{1150ED6C-9199-4B2F-94C6-882F9EDAE209}.Release|Any CPU.Build.0 = Release|Any CPU
	EndGlobalSection
	GlobalSection(SolutionProperties) = preSolution
		HideSolutionNode = FALSE
	EndGlobalSection
EndGlobal
