Microsoft Visual Studio Solution File, Format Version 9.00
Project("{FAE04EC0-301F-11D3-BF4B-00C04F79EFBC}") = "Mailer", "Mailer\Mailer.csproj", "{2E5C1077-1EA4-42A4-B4AA-8D247FFF9A66}"
EndProject
Global
	GlobalSection(SolutionConfigurationPlatforms) = preSolution
		Debug|Any CPU = Debug|Any CPU
		Release|Any CPU = Release|Any CPU
	EndGlobalSection
	GlobalSection(ProjectConfigurationPlatforms) = postSolution
		{2E5C1077-1EA4-42A4-B4AA-8D247FFF9A66}.Debug|Any CPU.ActiveCfg = Debug|Any CPU
		{2E5C1077-1EA4-42A4-B4AA-8D247FFF9A66}.Debug|Any CPU.Build.0 = Debug|Any CPU
		{2E5C1077-1EA4-42A4-B4AA-8D247FFF9A66}.Release|Any CPU.ActiveCfg = Release|Any CPU
		{2E5C1077-1EA4-42A4-B4AA-8D247FFF9A66}.Release|Any CPU.Build.0 = Release|Any CPU
	EndGlobalSection
	GlobalSection(SolutionProperties) = preSolution
		HideSolutionNode = FALSE
	EndGlobalSection
EndGlobal
