
Microsoft Visual Studio Solution File, Format Version 10.00
# Visual Studio 2008
Project("{F184B08F-C81C-45F6-A57F-5ABD9991F28F}") = "Service", "Service\Service.vbproj", "{2C55F18B-40F9-4CD4-B465-822AE2FFE53B}"
EndProject
Global
	GlobalSection(SolutionConfigurationPlatforms) = preSolution
		Debug|Any CPU = Debug|Any CPU
		Release|Any CPU = Release|Any CPU
	EndGlobalSection
	GlobalSection(ProjectConfigurationPlatforms) = postSolution
		{2C55F18B-40F9-4CD4-B465-822AE2FFE53B}.Debug|Any CPU.ActiveCfg = Debug|Any CPU
		{2C55F18B-40F9-4CD4-B465-822AE2FFE53B}.Debug|Any CPU.Build.0 = Debug|Any CPU
		{2C55F18B-40F9-4CD4-B465-822AE2FFE53B}.Release|Any CPU.ActiveCfg = Release|Any CPU
		{2C55F18B-40F9-4CD4-B465-822AE2FFE53B}.Release|Any CPU.Build.0 = Release|Any CPU
	EndGlobalSection
	GlobalSection(SolutionProperties) = preSolution
		HideSolutionNode = FALSE
	EndGlobalSection
EndGlobal
