
Microsoft Visual Studio Solution File, Format Version 9.00
# Visual Studio 2005
Project("{F184B08F-C81C-45F6-A57F-5ABD9991F28F}") = "client", "client\client.vbproj", "{481A705D-4657-42EF-B78F-F033A70C4B39}"
EndProject
Project("{F184B08F-C81C-45F6-A57F-5ABD9991F28F}") = "service", "service\service.vbproj", "{9A1F8F9C-19D9-44EB-9B18-EC51AE54903E}"
EndProject
Global
	GlobalSection(SolutionConfigurationPlatforms) = preSolution
		Debug|Any CPU = Debug|Any CPU
		Release|Any CPU = Release|Any CPU
	EndGlobalSection
	GlobalSection(ProjectConfigurationPlatforms) = postSolution
		{481A705D-4657-42EF-B78F-F033A70C4B39}.Debug|Any CPU.ActiveCfg = Debug|Any CPU
		{481A705D-4657-42EF-B78F-F033A70C4B39}.Debug|Any CPU.Build.0 = Debug|Any CPU
		{481A705D-4657-42EF-B78F-F033A70C4B39}.Release|Any CPU.ActiveCfg = Release|Any CPU
		{481A705D-4657-42EF-B78F-F033A70C4B39}.Release|Any CPU.Build.0 = Release|Any CPU
		{9A1F8F9C-19D9-44EB-9B18-EC51AE54903E}.Debug|Any CPU.ActiveCfg = Debug|Any CPU
		{9A1F8F9C-19D9-44EB-9B18-EC51AE54903E}.Debug|Any CPU.Build.0 = Debug|Any CPU
		{9A1F8F9C-19D9-44EB-9B18-EC51AE54903E}.Release|Any CPU.ActiveCfg = Release|Any CPU
		{9A1F8F9C-19D9-44EB-9B18-EC51AE54903E}.Release|Any CPU.Build.0 = Release|Any CPU
	EndGlobalSection
	GlobalSection(SolutionProperties) = preSolution
		HideSolutionNode = FALSE
	EndGlobalSection
EndGlobal
