Microsoft Visual Studio Solution File, Format Version 7.00
Project("{FAE04EC0-301F-11D3-BF4B-00C04F79EFBC}") = "CasSample", "CasSample.csproj", "{01DFD236-ACBF-4E05-8BE9-1770BB0615FF}"
EndProject
Global
	GlobalSection(SolutionConfiguration) = preSolution
		ConfigName.0 = Debug
		ConfigName.1 = Release
	EndGlobalSection
	GlobalSection(ProjectDependencies) = postSolution
	EndGlobalSection
	GlobalSection(ProjectConfiguration) = postSolution
		{01DFD236-ACBF-4E05-8BE9-1770BB0615FF}.Debug.ActiveCfg = Debug|.NET
		{01DFD236-ACBF-4E05-8BE9-1770BB0615FF}.Debug.Build.0 = Debug|.NET
		{01DFD236-ACBF-4E05-8BE9-1770BB0615FF}.Release.ActiveCfg = Release|.NET
		{01DFD236-ACBF-4E05-8BE9-1770BB0615FF}.Release.Build.0 = Release|.NET
	EndGlobalSection
	GlobalSection(ExtensibilityGlobals) = postSolution
	EndGlobalSection
	GlobalSection(ExtensibilityAddIns) = postSolution
	EndGlobalSection
EndGlobal
