
Microsoft Visual Studio Solution File, Format Version 9.00
# Visual Studio 2005
Project("{FAE04EC0-301F-11D3-BF4B-00C04F79EFBC}") = "OrderApplication", "OrderApplication\OrderApplication.csproj", "{2D1716A4-F4B9-4294-8CCC-D740C26FDB5E}"
EndProject
Project("{FAE04EC0-301F-11D3-BF4B-00C04F79EFBC}") = "OrderLocalServices", "OrderLocalServices\OrderLocalServices.csproj", "{2ED590AA-131F-4412-A628-C4BC7D29CB16}"
EndProject
Project("{FAE04EC0-301F-11D3-BF4B-00C04F79EFBC}") = "OrderWorkflows", "OrderWorkflows\OrderWorkflows.csproj", "{8D3F3C63-6F6D-45C1-B12C-1DB84DB76547}"
EndProject
Global
	GlobalSection(SolutionConfigurationPlatforms) = preSolution
		Debug - Common Bin|Any CPU = Debug - Common Bin|Any CPU
		Debug|Any CPU = Debug|Any CPU
		Release|Any CPU = Release|Any CPU
	EndGlobalSection
	GlobalSection(ProjectConfigurationPlatforms) = postSolution
		{2ED590AA-131F-4412-A628-C4BC7D29CB16}.Debug - Common Bin|Any CPU.ActiveCfg = Debug - Common Bin|Any CPU
		{2ED590AA-131F-4412-A628-C4BC7D29CB16}.Debug - Common Bin|Any CPU.Build.0 = Debug - Common Bin|Any CPU
		{2ED590AA-131F-4412-A628-C4BC7D29CB16}.Debug|Any CPU.ActiveCfg = Debug|Any CPU
		{2ED590AA-131F-4412-A628-C4BC7D29CB16}.Debug|Any CPU.Build.0 = Debug|Any CPU
		{2ED590AA-131F-4412-A628-C4BC7D29CB16}.Release|Any CPU.ActiveCfg = Release|Any CPU
		{2ED590AA-131F-4412-A628-C4BC7D29CB16}.Release|Any CPU.Build.0 = Release|Any CPU
		{8D3F3C63-6F6D-45C1-B12C-1DB84DB76547}.Debug - Common Bin|Any CPU.ActiveCfg = Debug - Common Bin|Any CPU
		{8D3F3C63-6F6D-45C1-B12C-1DB84DB76547}.Debug - Common Bin|Any CPU.Build.0 = Debug - Common Bin|Any CPU
		{8D3F3C63-6F6D-45C1-B12C-1DB84DB76547}.Debug|Any CPU.ActiveCfg = Debug|Any CPU
		{8D3F3C63-6F6D-45C1-B12C-1DB84DB76547}.Debug|Any CPU.Build.0 = Debug|Any CPU
		{8D3F3C63-6F6D-45C1-B12C-1DB84DB76547}.Release|Any CPU.ActiveCfg = Release|Any CPU
		{8D3F3C63-6F6D-45C1-B12C-1DB84DB76547}.Release|Any CPU.Build.0 = Release|Any CPU
		{2D1716A4-F4B9-4294-8CCC-D740C26FDB5E}.Debug - Common Bin|Any CPU.ActiveCfg = Debug - Common Bin|Any CPU
		{2D1716A4-F4B9-4294-8CCC-D740C26FDB5E}.Debug - Common Bin|Any CPU.Build.0 = Debug - Common Bin|Any CPU
		{2D1716A4-F4B9-4294-8CCC-D740C26FDB5E}.Debug|Any CPU.ActiveCfg = Debug|Any CPU
		{2D1716A4-F4B9-4294-8CCC-D740C26FDB5E}.Debug|Any CPU.Build.0 = Debug|Any CPU
		{2D1716A4-F4B9-4294-8CCC-D740C26FDB5E}.Release|Any CPU.ActiveCfg = Release|Any CPU
		{2D1716A4-F4B9-4294-8CCC-D740C26FDB5E}.Release|Any CPU.Build.0 = Release|Any CPU
	EndGlobalSection
	GlobalSection(SolutionProperties) = preSolution
		HideSolutionNode = FALSE
	EndGlobalSection
EndGlobal
