Microsoft Visual Studio Solution File, Format Version 7.00
Project("{FAE04EC0-301F-11D3-BF4B-00C04F79EFBC}") = "StringSubstring", "StringSubstring.csproj", "{3047583C-7154-4C1F-A6E0-2EB51B9424D9}"
EndProject
Global
	GlobalSection(SolutionConfiguration) = preSolution
		ConfigName.0 = Debug
		ConfigName.1 = Release
	EndGlobalSection
	GlobalSection(ProjectDependencies) = postSolution
	EndGlobalSection
	GlobalSection(ProjectConfiguration) = postSolution
		{3047583C-7154-4C1F-A6E0-2EB51B9424D9}.Debug.ActiveCfg = Debug|.NET
		{3047583C-7154-4C1F-A6E0-2EB51B9424D9}.Debug.Build.0 = Debug|.NET
		{3047583C-7154-4C1F-A6E0-2EB51B9424D9}.Release.ActiveCfg = Release|.NET
		{3047583C-7154-4C1F-A6E0-2EB51B9424D9}.Release.Build.0 = Release|.NET
	EndGlobalSection
	GlobalSection(ExtensibilityGlobals) = postSolution
	EndGlobalSection
	GlobalSection(ExtensibilityAddIns) = postSolution
	EndGlobalSection
EndGlobal
