
Microsoft Visual Studio Solution File, Format Version 9.00
# Visual Studio 2005
Project("{FAE04EC0-301F-11D3-BF4B-00C04F79EFBC}") = "WorkflowDesignerReHosting", "WorkflowDesignerReHosting\WorkflowDesignerReHosting.csproj", "{9F26A188-C25B-413D-A93D-37F050033B7D}"
EndProject
Global
	GlobalSection(SolutionConfigurationPlatforms) = preSolution
		Debug|Any CPU = Debug|Any CPU
		Release|Any CPU = Release|Any CPU
	EndGlobalSection
	GlobalSection(ProjectConfigurationPlatforms) = postSolution
		{9F26A188-C25B-413D-A93D-37F050033B7D}.Debug|Any CPU.ActiveCfg = Debug|Any CPU
		{9F26A188-C25B-413D-A93D-37F050033B7D}.Debug|Any CPU.Build.0 = Debug|Any CPU
		{9F26A188-C25B-413D-A93D-37F050033B7D}.Release|Any CPU.ActiveCfg = Release|Any CPU
		{9F26A188-C25B-413D-A93D-37F050033B7D}.Release|Any CPU.Build.0 = Release|Any CPU
	EndGlobalSection
	GlobalSection(SolutionProperties) = preSolution
		HideSolutionNode = FALSE
	EndGlobalSection
EndGlobal
