Microsoft Visual Studio Solution File, Format Version 9.00
Project("{FAE04EC0-301F-11D3-BF4B-00C04F79EFBC}") = "PublicKeyCS", "PublicKeyCryptography\PublicKeyCS.csproj", "{44C10A82-0411-4D6F-A86D-B493261D3C0C}"
EndProject
Project("{2150E333-8FDC-42A3-9474-1A3956D46DE8}") = "Solution Items", "Solution Items", "{DFC2FCCF-D3F4-40FE-B879-3A87B22F1AD9}"
	ProjectSection(SolutionItems) = postProject
		..\Readme.htm = ..\Readme.htm
	EndProjectSection
EndProject
Global
	GlobalSection(SolutionConfigurationPlatforms) = preSolution
		Debug|.NET = Debug|.NET
		Release|.NET = Release|.NET
	EndGlobalSection
	GlobalSection(ProjectConfigurationPlatforms) = postSolution
		{44C10A82-0411-4D6F-A86D-B493261D3C0C}.Debug|.NET.ActiveCfg = Debug|.NET
		{44C10A82-0411-4D6F-A86D-B493261D3C0C}.Debug|.NET.Build.0 = Debug|.NET
		{44C10A82-0411-4D6F-A86D-B493261D3C0C}.Release|.NET.ActiveCfg = Release|.NET
		{44C10A82-0411-4D6F-A86D-B493261D3C0C}.Release|.NET.Build.0 = Release|.NET
	EndGlobalSection
	GlobalSection(SolutionProperties) = preSolution
		HideSolutionNode = FALSE
	EndGlobalSection
EndGlobal
